# Generated by conda-lock.
# platform: linux-64
# input_hash: 8a6c4dd216afbbf86fc03e0b589a382ca1ea01ab894ed4c1b595a3a1066327fe
@EXPLICIT
https://conda.anaconda.org/conda-forge/linux-64/_libgcc_mutex-0.1-conda_forge.tar.bz2#d7c89558ba9fa0495403155b64376d81
https://conda.anaconda.org/conda-forge/linux-64/libstdcxx-ng-11.1.0-h56837e0_8.tar.bz2#930957b6bff66cfd539ada080c5ca3e8
https://conda.anaconda.org/conda-forge/linux-64/libgomp-11.1.0-hc902ee8_8.tar.bz2#f2dd961d1ae80d9d81b3d5068807f11b
https://conda.anaconda.org/conda-forge/linux-64/_openmp_mutex-4.5-1_gnu.tar.bz2#561e277319a41d4f24f5c05a9ef63c04
https://conda.anaconda.org/conda-forge/linux-64/libgcc-ng-11.1.0-hc902ee8_8.tar.bz2#da6221956ce8582d8e71acc16dfe4c3e
https://conda.anaconda.org/conda-forge/linux-64/cudatoolkit-11.0.3-h15472ef_8.tar.bz2#afed8db569f6974fdcd5e9f362985bf2
https://conda.anaconda.org/conda-forge/linux-64/cudnn-8.0.5.39-ha5ca753_1.tar.bz2#8a89f290d4175f8f11c5ddba81fd16d6
