# Generated by conda-lock.
# platform: linux-64
# input_hash: 8a6c4dd216afbbf86fc03e0b589a382ca1ea01ab894ed4c1b595a3a1066327fe

channels:
  - conda-forge
dependencies:
  - _libgcc_mutex=0.1=conda_forge
  - libstdcxx-ng=11.1.0=h56837e0_8
  - libgomp=11.1.0=hc902ee8_8
  - _openmp_mutex=4.5=1_gnu
  - libgcc-ng=11.1.0=hc902ee8_8
  - cudatoolkit=11.0.3=h15472ef_8
  - cudnn=8.0.5.39=ha5ca753_1
