# Generated by conda-lock.
# platform: linux-64
# input_hash: 808732ae3e97a83923e4ea45884bad20e6b2569b55f5c4f1385d1f4c1566d78e

channels:
  - conda-forge
  - defaults
dependencies:
  - _libgcc_mutex=0.1=conda_forge
  - _openmp_mutex=4.5=1_gnu
  - libgcc-ng=11.2.0=h1d223b6_11
  - libgomp=11.2.0=h1d223b6_11
  - libzlib=1.2.11=h36c2ea0_1013
  - zlib=1.2.11=h36c2ea0_1013
  - pip:
