# platform: win-64
@EXPLICIT
https://conda.anaconda.org/conda-forge/win-64/ca-certificates-2019.9.11-hecc5488_0.tar.bz2
https://repo.anaconda.com/pkgs/main/win-64/intel-openmp-2019.4-245.conda
https://repo.anaconda.com/pkgs/main/win-64/vs2015_runtime-14.16.27012-hf0eaf9b_0.conda
https://repo.anaconda.com/pkgs/main/win-64/mkl-2019.4-245.conda
https://repo.anaconda.com/pkgs/main/win-64/vc-14.1-h0510ff6_4.conda
https://conda.anaconda.org/conda-forge/win-64/bzip2-1.0.8-hfa6e2cd_1.tar.bz2
https://conda.anaconda.org/conda-forge/win-64/expat-2.2.5-habb2df7_1003.tar.bz2
https://repo.anaconda.com/pkgs/main/win-64/geos-3.7.1-h33f27b4_0.conda
https://repo.anaconda.com/pkgs/main/win-64/icu-58.2-ha66f8fd_1.conda
https://conda.anaconda.org/conda-forge/win-64/jpeg-9c-hfa6e2cd_1001.tar.bz2
https://conda.anaconda.org/conda-forge/win-64/libblas-3.8.0-12_mkl.tar.bz2
https://conda.anaconda.org/conda-forge/win-64/libiconv-1.15-hfa6e2cd_1005.tar.bz2
https://conda.anaconda.org/conda-forge/win-64/lz4-c-1.8.3-he025d50_1001.tar.bz2
https://conda.anaconda.org/conda-forge/win-64/openssl-1.1.1c-hfa6e2cd_0.tar.bz2
https://repo.anaconda.com/pkgs/main/win-64/pcre-8.43-ha925a31_0.conda
https://conda.anaconda.org/conda-forge/win-64/proj4-5.2.0-h6538335_1006.tar.bz2
https://conda.anaconda.org/conda-forge/win-64/sqlite-3.29.0-hfa6e2cd_1.tar.bz2
https://conda.anaconda.org/conda-forge/win-64/tk-8.6.9-hfa6e2cd_1003.tar.bz2
https://conda.anaconda.org/conda-forge/win-64/xerces-c-3.2.2-h6538335_1004.tar.bz2
https://conda.anaconda.org/conda-forge/win-64/xz-5.2.4-h2fa13f4_1001.tar.bz2
https://conda.anaconda.org/conda-forge/win-64/zlib-1.2.11-h2fa13f4_1006.tar.bz2
https://conda.anaconda.org/conda-forge/win-64/boost-cpp-1.70.0-h6a4c333_2.tar.bz2
https://conda.anaconda.org/conda-forge/win-64/freexl-1.0.5-hd288d7e_1002.tar.bz2
https://conda.anaconda.org/conda-forge/win-64/hdf4-4.2.13-hf8e6fe8_1002.tar.bz2
https://conda.anaconda.org/conda-forge/win-64/hdf5-1.10.4-nompi_hcc15c50_1106.tar.bz2
https://conda.anaconda.org/conda-forge/win-64/krb5-1.16.3-hdd46e55_1001.tar.bz2
https://conda.anaconda.org/conda-forge/win-64/libcblas-3.8.0-12_mkl.tar.bz2
https://conda.anaconda.org/conda-forge/win-64/liblapack-3.8.0-12_mkl.tar.bz2
https://conda.anaconda.org/conda-forge/win-64/libpng-1.6.37-h7602738_0.tar.bz2
https://conda.anaconda.org/conda-forge/win-64/libssh2-1.8.2-h642c060_2.tar.bz2
https://conda.anaconda.org/conda-forge/win-64/libxml2-2.9.9-h9ce36c8_5.tar.bz2
https://conda.anaconda.org/conda-forge/win-64/python-3.7.3-h510b542_1.tar.bz2
https://conda.anaconda.org/conda-forge/win-64/zstd-1.4.0-hd8a0e53_0.tar.bz2
https://repo.anaconda.com/pkgs/main/win-64/certifi-2019.6.16-py37_1.conda
https://conda.anaconda.org/conda-forge/win-64/kealib-1.4.10-heacb130_1003.tar.bz2
https://conda.anaconda.org/conda-forge/win-64/libcurl-7.65.3-h4496350_0.tar.bz2
https://conda.anaconda.org/conda-forge/win-64/libkml-1.3.0-h4ece8bf_1010.tar.bz2
https://conda.anaconda.org/conda-forge/win-64/libpq-11.5-hb0bdaea_1.tar.bz2
https://conda.anaconda.org/conda-forge/win-64/libspatialite-4.3.0a-h6a0152f_1026.tar.bz2
https://conda.anaconda.org/conda-forge/win-64/libtiff-4.0.10-h6512ee2_1003.tar.bz2
https://conda.anaconda.org/conda-forge/win-64/numpy-1.15.4-py37h8078771_1002.tar.bz2
https://conda.anaconda.org/conda-forge/win-64/wincertstore-0.2-py37_1002.tar.bz2
https://conda.anaconda.org/conda-forge/win-64/curl-7.65.3-h4496350_0.tar.bz2
https://conda.anaconda.org/conda-forge/win-64/setuptools-41.2.0-py37_0.tar.bz2
https://conda.anaconda.org/conda-forge/win-64/libnetcdf-4.6.2-h396784b_1001.tar.bz2
https://conda.anaconda.org/conda-forge/win-64/wheel-0.33.6-py37_0.tar.bz2
https://repo.anaconda.com/pkgs/main/win-64/libgdal-2.3.3-h10f50ba_0.conda
https://conda.anaconda.org/conda-forge/win-64/pip-19.2.3-py37_0.tar.bz2
https://repo.anaconda.com/pkgs/main/win-64/gdal-2.3.3-py37hdf43c64_0.conda
