# Generated by conda-lock.
# platform: linux-64
# input_hash: 3785fe554e946f6fcbd195fa2ce80493621fe6798c631d2e00b8df3f7c3c2282

channels:
  - conda-forge
  - defaults
dependencies:
  - _libgcc_mutex=0.1=conda_forge
  - libgomp=11.1.0=hc902ee8_8
  - _openmp_mutex=4.5=1_gnu
  - libgcc-ng=11.1.0=hc902ee8_8
  - zlib=1.2.11=h516909a_1010
