# platform: linux-64
# env_hash: 6a0d8458b1cd816f4421137dd03e9981afb7f6b9a9e8a8dafb0822009269417a
@EXPLICIT
https://conda.anaconda.org/conda-forge/linux-64/_libgcc_mutex-0.1-conda_forge.tar.bz2#d7c89558ba9fa0495403155b64376d81
https://conda.anaconda.org/conda-forge/linux-64/ca-certificates-2020.12.5-ha878542_0.tar.bz2#7eb5d4ffeee663caa1635cd67071bc1b
https://conda.anaconda.org/conda-forge/linux-64/ld_impl_linux-64-2.35.1-hea4e1c9_2.tar.bz2#83610dba766a186bdc7a116053b782a4
https://conda.anaconda.org/conda-forge/linux-64/libstdcxx-ng-9.3.0-h6de172a_18.tar.bz2#2f03cd1e5c966d4af5822c7ae089ab03
https://conda.anaconda.org/conda-forge/linux-64/libgomp-9.3.0-h2828fa1_18.tar.bz2#fc7a2a7e6a741c8afdd764715ac7039d
https://conda.anaconda.org/conda-forge/linux-64/_openmp_mutex-4.5-1_gnu.tar.bz2#561e277319a41d4f24f5c05a9ef63c04
https://conda.anaconda.org/conda-forge/linux-64/libgcc-ng-9.3.0-h2828fa1_18.tar.bz2#5a9490c49a3505a6d19bda012cde6ad3
https://conda.anaconda.org/conda-forge/linux-64/libffi-3.3-h58526e2_2.tar.bz2#665369991d8dd290ac5ee92fce3e6bf5
https://conda.anaconda.org/conda-forge/linux-64/libsodium-1.0.18-h516909a_1.tar.bz2#e1ca1a4b82f7b51b29318f80cebae84a
https://conda.anaconda.org/conda-forge/linux-64/libuuid-2.32.1-h14c3975_1000.tar.bz2#39c6326f6ee5297632c47db6520546fe
https://conda.anaconda.org/conda-forge/linux-64/ncurses-6.2-h58526e2_4.tar.bz2#509f2a21c4a09214cd737a480dfd80c9
https://conda.anaconda.org/conda-forge/linux-64/openssl-1.1.1k-h7f98852_0.tar.bz2#07fae2cb088379c8441e0f3ffa1f4025
https://conda.anaconda.org/conda-forge/linux-64/xz-5.2.5-h516909a_1.tar.bz2#33f601066901f3e1a85af3522a8113f9
https://conda.anaconda.org/conda-forge/linux-64/zlib-1.2.11-h516909a_1010.tar.bz2#339cc5584e6d26bc73a875ba900028c3
https://conda.anaconda.org/conda-forge/linux-64/readline-8.0-he28a2e2_2.tar.bz2#4d0ae8d473f863696088f76800ef9d38
https://conda.anaconda.org/conda-forge/linux-64/tk-8.6.10-hed695b0_1.tar.bz2#7ef837cd455bd0f19f49b8b62d4cb568
https://conda.anaconda.org/conda-forge/linux-64/zeromq-4.3.4-h9c3ff4c_0.tar.bz2#9105c7da67ebfb39ff08e2a8ea72bb71
https://conda.anaconda.org/conda-forge/linux-64/sqlite-3.35.4-h74cdb3f_0.tar.bz2#bc1c6047464060ba82a71448292be9c3
https://conda.anaconda.org/conda-forge/linux-64/xeus-1.0.1-h7d0c39e_2.tar.bz2#165b8c32644d8d2037bc27a9ecc62b29
https://conda.anaconda.org/conda-forge/linux-64/python-3.8.8-hffdb5ce_0_cpython.tar.bz2#da5f00968a732f5da324fff565909a05
https://conda.anaconda.org/conda-forge/noarch/backcall-0.2.0-pyh9f0ad1d_0.tar.bz2#6006a6d08a3fa99268a2681c7fb55213
https://conda.anaconda.org/conda-forge/noarch/backports-1.0-py_2.tar.bz2#0da16b293affa6ac31812376f8eb79dd
https://conda.anaconda.org/conda-forge/noarch/decorator-5.0.6-pyhd8ed1ab_0.tar.bz2#39630f8daa82fec8133e83ca043db78a
https://conda.anaconda.org/conda-forge/noarch/ipython_genutils-0.2.0-py_1.tar.bz2#5071c982548b3a20caf70462f04f5287
https://conda.anaconda.org/conda-forge/noarch/nest-asyncio-1.5.1-pyhd8ed1ab_0.tar.bz2#47a51a5b8f9cc41004c8d7bd88b62447
https://conda.anaconda.org/conda-forge/noarch/parso-0.8.2-pyhd8ed1ab_0.tar.bz2#fb40b157bd62b457a1cc82527b63f0b0
https://conda.anaconda.org/conda-forge/noarch/ptyprocess-0.7.0-pyhd3deb0d_0.tar.bz2#359eeb6536da0e687af562ed265ec263
https://conda.anaconda.org/conda-forge/linux-64/python_abi-3.8-1_cp38.tar.bz2#8d05152d6fb3012b27a0e6fbcc14bea1
https://conda.anaconda.org/conda-forge/noarch/six-1.15.0-pyh9f0ad1d_0.tar.bz2#1eec421f0f1f39e579e44e4a5ce646a2
https://conda.anaconda.org/conda-forge/linux-64/certifi-2020.12.5-py38h578d9bd_1.tar.bz2#be470d89b0678991fd4ba67d4a35bc80
https://conda.anaconda.org/conda-forge/linux-64/debugpy-1.2.1-py38h709712a_1.tar.bz2#f3b6b5fb7a5b8d5fdb05f5807a4fa928
https://conda.anaconda.org/conda-forge/linux-64/jedi-0.18.0-py38h578d9bd_2.tar.bz2#6911600fda608a76bcb58e562457c696
https://conda.anaconda.org/conda-forge/linux-64/pexpect-4.8.0-py38h32f6830_1.tar.bz2#da53534fe197ed435275df2c59043083
https://conda.anaconda.org/conda-forge/linux-64/pickleshare-0.7.5-py38h32f6830_1002.tar.bz2#7488e0d321c607bbe87ae6555cbc0f18
https://conda.anaconda.org/conda-forge/noarch/python-dateutil-2.8.1-py_0.tar.bz2#0d0150ed9c2d25817f5324108d3f7571
https://conda.anaconda.org/conda-forge/linux-64/pyzmq-22.0.3-py38h2035c66_1.tar.bz2#cb624b5ab0fee319a6b97a94850130e5
https://conda.anaconda.org/conda-forge/linux-64/tornado-6.1-py38h497a2fe_1.tar.bz2#e772c8383768280af283e814e2126663
https://conda.anaconda.org/conda-forge/noarch/traitlets-5.0.5-py_0.tar.bz2#99618ee9ab1323e40f231acdab92fe60
https://conda.anaconda.org/conda-forge/linux-64/jupyter_core-4.7.1-py38h578d9bd_0.tar.bz2#3a30e19c8b7b5673fe98d92979757561
https://conda.anaconda.org/conda-forge/linux-64/setuptools-49.6.0-py38h578d9bd_3.tar.bz2#59c561cd1be0db9cf1c83f7d7cc74f4d
https://conda.anaconda.org/conda-forge/noarch/backports.functools_lru_cache-1.6.3-pyhd8ed1ab_0.tar.bz2#8eefe69ecfa022831387fa0d13126864
https://conda.anaconda.org/conda-forge/noarch/jupyter_client-6.2.0-pyhd8ed1ab_0.tar.bz2#e731e5443bf9d52d1a66efb2c362227b
https://conda.anaconda.org/conda-forge/noarch/pygments-2.8.1-pyhd8ed1ab_0.tar.bz2#196e0cff141677f430fc06eb0d0ad94d
https://conda.anaconda.org/conda-forge/noarch/wcwidth-0.2.5-pyh9f0ad1d_2.tar.bz2#5266fcd697043c59621fda522b3d78ee
https://conda.anaconda.org/conda-forge/noarch/prompt-toolkit-3.0.18-pyha770c72_0.tar.bz2#aa44d0f71016061e83df1126764acdb7
https://conda.anaconda.org/conda-forge/linux-64/ipython-7.22.0-py38hd0cf306_0.tar.bz2#2c0efbd100b9a0b26983f7dff4f9009d
https://conda.anaconda.org/conda-forge/noarch/ipdb-0.13.4-pyhd3deb0d_0.tar.bz2#b6e9e536a43b76c5341fe061177d65c4
https://conda.anaconda.org/conda-forge/linux-64/ipykernel-5.5.3-py38hd0cf306_0.tar.bz2#3468db5ccd3e3bf53f21fc262d18cc6e
https://conda.anaconda.org/conda-forge/linux-64/xeus-python-0.12.3-py38h56bed4f_0.tar.bz2#3495d0329f3cfeb07a04e97b1a50ba2f
