# platform: win-64
# env_hash: e20f71199d040f761c93856bbcb0f49055429d82cce83ee3f157bc5567982329
@EXPLICIT
https://conda.anaconda.org/conda-forge/win-64/ca-certificates-2020.4.5.1-hecc5488_0.tar.bz2#7afb177406ca1009b6f0d7cf958ed2c1
https://repo.anaconda.com/pkgs/main/win-64/intel-openmp-2020.0-166.conda#40678a401abbd390c2b4f0f2279a1281
https://conda.anaconda.org/msys2/win-64/msys2-conda-epoch-20160418-1.tar.bz2#6eaef3074f65f715ed1ca6b8a08be3aa
https://conda.anaconda.org/conda-forge/noarch/poppler-data-0.4.9-1.tar.bz2#1fef1ac4c55eec7cde779d89c8d20cc6
https://conda.anaconda.org/conda-forge/win-64/vs2015_runtime-14.16.27012-h30e32a0_2.tar.bz2#37a0bcc72c5e97f5602dca37eb3f8314
https://conda.anaconda.org/msys2/win-64/m2w64-expat-2.1.1-2.tar.bz2#a7fa1fcf5bafebd49b6997fd792969ed
https://conda.anaconda.org/msys2/win-64/m2w64-gmp-6.1.0-2.tar.bz2#fec04371463ec68eb8f5752a22c5b030
https://conda.anaconda.org/msys2/win-64/m2w64-libiconv-1.14-6.tar.bz2#2f98e65f0804a54bf8666fb6354769f0
https://conda.anaconda.org/msys2/win-64/m2w64-libwinpthread-git-5.0.0.4634.697f757-2.tar.bz2#67e61e700eb27424979778fae9293f13
https://repo.anaconda.com/pkgs/main/win-64/mkl-2020.0-166.conda#69f9640a34e5cb0bcb0dff51a8f827b5
https://conda.anaconda.org/conda-forge/win-64/vc-14.1-h869be7e_1.tar.bz2#4fae57303daa91367eca263374e4a638
https://conda.anaconda.org/conda-forge/win-64/bzip2-1.0.8-hfa6e2cd_2.tar.bz2#d461647fb32e3690b5f6be186e2a7045
https://conda.anaconda.org/conda-forge/win-64/cfitsio-3.470-he774522_5.tar.bz2#f5d404a50eeecc739ef54f675c4224bf
https://conda.anaconda.org/conda-forge/win-64/expat-2.2.9-he025d50_2.tar.bz2#0b8e99b375249584e84785de1bc77166
https://conda.anaconda.org/conda-forge/win-64/geos-3.8.1-he025d50_0.tar.bz2#2e93176c8b3da14a025ee503892c5703
https://conda.anaconda.org/conda-forge/win-64/icu-64.2-he025d50_1.tar.bz2#31de833d7c98101ac23b7e271cb758b8
https://conda.anaconda.org/conda-forge/win-64/jpeg-9d-he774522_0.tar.bz2#093a3f2034d3002ee017859e388cc8a1
https://conda.anaconda.org/conda-forge/win-64/libblas-3.8.0-15_mkl.tar.bz2#6512f4e78f01520c14fe9ccbdb3d47be
https://conda.anaconda.org/conda-forge/win-64/libiconv-1.15-hfa6e2cd_1006.tar.bz2#38f0370e8e5583695addd60861fdc5f7
https://conda.anaconda.org/conda-forge/win-64/libwebp-base-1.1.0-hfa6e2cd_3.tar.bz2#91810b971d2eb86c3327ed3dc16774fc
https://conda.anaconda.org/conda-forge/win-64/lz4-c-1.9.2-h62dcd97_1.tar.bz2#34da3951d2a73161861d323bbf558c03
https://conda.anaconda.org/msys2/win-64/m2w64-gcc-libs-core-5.3.0-7.tar.bz2#276d396bfe8d958f71173b7134f739fa
https://conda.anaconda.org/conda-forge/win-64/openssl-1.1.1g-he774522_0.tar.bz2#9aa08f1745a427eaec9ff454896cd9af
https://conda.anaconda.org/conda-forge/win-64/pcre-8.44-h6538335_0.tar.bz2#50f36723e438a17dfe98f7d6aa6aaea2
https://conda.anaconda.org/conda-forge/win-64/sqlite-3.30.1-hfa6e2cd_0.tar.bz2#e43d4229b476986384afa87c629171a7
https://conda.anaconda.org/conda-forge/win-64/tbb-2020.1-he980bc4_0.tar.bz2#fbe4f682940e4c7c27754660a9145656
https://conda.anaconda.org/conda-forge/win-64/tk-8.6.10-hfa6e2cd_0.tar.bz2#48e5690f81247c79aba2eb0228d791b4
https://conda.anaconda.org/conda-forge/win-64/xerces-c-3.2.2-h6538335_1004.tar.bz2#bf78933a9453cbeaba24717fda944d12
https://conda.anaconda.org/conda-forge/win-64/xz-5.2.5-h2fa13f4_0.tar.bz2#71354126cff122de017113008ff92674
https://conda.anaconda.org/conda-forge/win-64/zlib-1.2.11-h2fa13f4_1006.tar.bz2#2fa915c77ff33dd7048e984123f0b619
https://conda.anaconda.org/conda-forge/win-64/freexl-1.0.5-hd288d7e_1002.tar.bz2#c9e11cdc26ef446d4452be0a01d44080
https://conda.anaconda.org/conda-forge/win-64/hdf4-4.2.13-hf8e6fe8_1003.tar.bz2#d7e44a89534ff850b2f23bb8245caedc
https://conda.anaconda.org/conda-forge/win-64/hdf5-1.10.6-nompi_ha405e13_100.tar.bz2#536fe2c6a95471e2dabd2a8e685c575f
https://conda.anaconda.org/conda-forge/win-64/krb5-1.17.1-hdd46e55_0.tar.bz2#0015b0841dacd758cf153e41eee0c329
https://conda.anaconda.org/conda-forge/win-64/libcblas-3.8.0-15_mkl.tar.bz2#0d2c0a6caa4834060e95f2047c0701da
https://conda.anaconda.org/conda-forge/win-64/liblapack-3.8.0-15_mkl.tar.bz2#787fd4aa85fec30f06d41aad74e43dc3
https://conda.anaconda.org/conda-forge/win-64/libpng-1.6.37-hfe6a214_1.tar.bz2#b3885fb2338bc6f40e1078bfa5cdacd0
https://conda.anaconda.org/conda-forge/win-64/libssh2-1.9.0-h3235a2c_2.tar.bz2#0a8eda634fc278502478aa3e62df875d
https://conda.anaconda.org/conda-forge/win-64/libxml2-2.9.10-h5d81f1c_1.tar.bz2#77be7c1984ed11d2db98559e98a50e64
https://conda.anaconda.org/msys2/win-64/m2w64-gcc-libgfortran-5.3.0-6.tar.bz2#de1b7f7c8221028f6bbe103df4c53bed
https://conda.anaconda.org/conda-forge/win-64/python-3.7.6-cpython_h60c2a47_6.tar.bz2#34a7c7f1277eb2df8b0c6fbd4d37aca7
https://conda.anaconda.org/conda-forge/win-64/zstd-1.4.4-h9f78265_3.tar.bz2#23f751428d60fb446e6c9750cde3a091
https://conda.anaconda.org/conda-forge/win-64/boost-cpp-1.72.0-h2ba7cf6_1.tar.bz2#466399b5bbee2854e5dd63648504dca5
https://conda.anaconda.org/conda-forge/win-64/freetype-2.10.2-hd328e21_0.tar.bz2#eed84d2b6fa30df3e788a7e86ff3ffd1
https://conda.anaconda.org/conda-forge/win-64/kealib-1.4.13-h3b59ab9_1.tar.bz2#4fdb8feffe13ada78a14ba0843d254d6
https://conda.anaconda.org/conda-forge/win-64/libcurl-7.69.1-h1dcc11c_0.tar.bz2#035ce06131464202cb52c6d4e95ef268
https://conda.anaconda.org/conda-forge/win-64/libpq-12.2-hd9aa61d_1.tar.bz2#c8ecd960c5120c7d9d65f78a6366e941
https://conda.anaconda.org/conda-forge/win-64/libtiff-4.1.0-h885aae3_6.tar.bz2#b037e19a8d702630ad49bf2effe386c9
https://conda.anaconda.org/msys2/win-64/m2w64-gcc-libs-5.3.0-7.tar.bz2#0b9caac6747002340b057a222af705b2
https://conda.anaconda.org/conda-forge/win-64/python_abi-3.7-1_cp37m.tar.bz2#bb3afff19e4ba0165a5f645aa8704717
https://conda.anaconda.org/conda-forge/win-64/curl-7.69.1-h1dcc11c_0.tar.bz2#234633106b1536f4c689c92daa702a8e
https://conda.anaconda.org/conda-forge/win-64/libffi-3.2.1-h6538335_1007.tar.bz2#2809cb00eb69685a6a5c9a24529c8d0a
https://conda.anaconda.org/conda-forge/win-64/libkml-1.3.0-h7e985d0_1011.tar.bz2#3a10f4c2b85044b0b3b81957ba553451
https://conda.anaconda.org/msys2/win-64/m2w64-gettext-0.19.7-2.tar.bz2#b95ab13c643fddcebfef39d8363f3e95
https://conda.anaconda.org/conda-forge/win-64/numpy-1.18.4-py37hae9e721_0.tar.bz2#8db9492529a1d0af708f16b4cb67a3ee
https://conda.anaconda.org/conda-forge/win-64/openjpeg-2.3.1-h57dd2e7_3.tar.bz2#71b95c899b10b8d9b1d08196f2fed5d5
https://conda.anaconda.org/conda-forge/win-64/postgresql-12.2-he14cc48_1.tar.bz2#61026323a02c8ece30112fbe77ccd828
https://conda.anaconda.org/conda-forge/win-64/proj-7.0.0-haa36216_3.tar.bz2#fae72013a305cf195466e9731b45ef2f
https://conda.anaconda.org/conda-forge/win-64/geotiff-1.6.0-hcadc5cd_0.tar.bz2#2e2d82436fb162548cfdbb91d5442857
https://conda.anaconda.org/conda-forge/win-64/gettext-0.19.8.1-hb01d8f6_1002.tar.bz2#a9bb3953dc774b0fd2a8a445711acaa3
https://conda.anaconda.org/conda-forge/win-64/libnetcdf-4.7.4-nompi_h256d12c_104.tar.bz2#a501533812c6cb30ca7fa9c270442714
https://conda.anaconda.org/conda-forge/win-64/libspatialite-4.3.0a-h51df0ed_1038.tar.bz2#44ac5c67fb8752d915997af607cf93b3
https://conda.anaconda.org/msys2/win-64/m2w64-xz-5.2.2-2.tar.bz2#bc00ad049b9a76a11ba1dbed9b1e4989
https://conda.anaconda.org/conda-forge/win-64/tiledb-2.0.3-h0b90766_0.tar.bz2#9d647f023e713677aad04c4689e21cb7
https://conda.anaconda.org/conda-forge/win-64/glib-2.64.3-he4de6d7_0.tar.bz2#1bdeada47d7819bda92729078ceeef18
https://conda.anaconda.org/conda-forge/win-64/poppler-0.89.0-h0cd1227_0.tar.bz2#4c337b14ba4354d3211a8d3701b98dc7
https://conda.anaconda.org/conda-forge/win-64/libgdal-3.1.0-hbc6966c_3.tar.bz2#8a11b8d17d090d34a6058758d6213352
https://conda.anaconda.org/conda-forge/win-64/gdal-3.1.0-py37hd44be9e_3.tar.bz2#c4514ff14a95373cca6e61e7ca8bfbc3
