# platform: osx-64
# env_hash: dabdb5a852d583938209d416003faeca4fc7025ad74c38cf73aefa983f371452
@EXPLICIT
https://conda.anaconda.org/conda-forge/osx-64/bzip2-1.0.8-h0b31af3_2.tar.bz2#334a550602fd614e0d3eed806c007e55
https://conda.anaconda.org/conda-forge/osx-64/ca-certificates-2020.4.5.1-hecc5488_0.tar.bz2#136338f20b53cb3d72b0cf030b19a0ad
https://conda.anaconda.org/conda-forge/osx-64/freexl-1.0.5-h1de35cc_1002.tar.bz2#855cedfa93b434c7bc21963cb08ea61b
https://conda.anaconda.org/conda-forge/osx-64/giflib-5.2.1-h0b31af3_2.tar.bz2#07c463a81d43cd600e22cdf2482e6ffc
https://conda.anaconda.org/conda-forge/osx-64/jpeg-9d-h0b31af3_0.tar.bz2#0b52142a252948fc97483547a288e1d8
https://conda.anaconda.org/conda-forge/osx-64/json-c-0.13.1-h575e443_1002.tar.bz2#79d224748da1805ae297b21fbb83b1e0
https://conda.anaconda.org/conda-forge/osx-64/libcxx-10.0.0-h1af66ff_2.tar.bz2#ddf36e4ed97819d6dab1ad27365f0a52
https://conda.anaconda.org/conda-forge/osx-64/libiconv-1.15-h0b31af3_1006.tar.bz2#523911900c91d32697f4cb463a86e19d
https://conda.anaconda.org/conda-forge/osx-64/libwebp-base-1.1.0-h0b31af3_3.tar.bz2#1ebb8a84b32629ae159fe2af2e3011ea
https://conda.anaconda.org/conda-forge/osx-64/llvm-openmp-10.0.0-h28b9765_0.tar.bz2#d3651946546e53ad8a44133f400037b9
https://conda.anaconda.org/conda-forge/osx-64/pixman-0.38.0-h01d97ff_1003.tar.bz2#db285954d969a73e3adc622d0db30605
https://conda.anaconda.org/conda-forge/noarch/poppler-data-0.4.9-1.tar.bz2#1fef1ac4c55eec7cde779d89c8d20cc6
https://conda.anaconda.org/conda-forge/osx-64/tzcode-2020a-h0b31af3_0.tar.bz2#379224e7800822214a0aa20a656507bb
https://conda.anaconda.org/conda-forge/osx-64/xz-5.2.5-h0b31af3_0.tar.bz2#dbff925a92658054b45b3a14606cb27a
https://conda.anaconda.org/conda-forge/osx-64/zlib-1.2.11-h0b31af3_1006.tar.bz2#d329eb98038a6be5827714fe15d1631f
https://conda.anaconda.org/conda-forge/osx-64/expat-2.2.9-h4a8c4bd_2.tar.bz2#ffd27f0a461c040e36681bb913844c5a
https://conda.anaconda.org/conda-forge/osx-64/geos-3.8.1-h4a8c4bd_0.tar.bz2#b0590b5a8d2d488d469ab4cb343606ac
https://conda.anaconda.org/conda-forge/osx-64/hdf4-4.2.13-h84186c3_1003.tar.bz2#c853dc1f6491ab6a523c6127b959bd07
https://conda.anaconda.org/conda-forge/osx-64/icu-64.2-h6de7cb9_1.tar.bz2#98593e7221241d8e19fee197ac105b4d
https://conda.anaconda.org/conda-forge/osx-64/libffi-3.2.1-h4a8c4bd_1007.tar.bz2#66a30f81610a85541d97148694defbe3
https://conda.anaconda.org/conda-forge/osx-64/libgfortran-4.0.0-2.tar.bz2#c22c451e64f8f5a6644b2f02febac8a6
https://conda.anaconda.org/conda-forge/osx-64/libpng-1.6.37-hbbe82c9_1.tar.bz2#840aba1473fb8e1b7cc41918b5c0fb65
https://conda.anaconda.org/conda-forge/osx-64/lz4-c-1.9.2-h4a8c4bd_1.tar.bz2#6faa3da457fcc86cd13c88305886aaab
https://conda.anaconda.org/conda-forge/osx-64/ncurses-6.1-h0a44026_1002.tar.bz2#ae7e7c80e52fc72adc0113369a4ebc62
https://conda.anaconda.org/conda-forge/osx-64/openssl-1.1.1g-h0b31af3_0.tar.bz2#35329383a160f98e70ecc6f4567fedb6
https://conda.anaconda.org/conda-forge/osx-64/pcre-8.44-h4a8c4bd_0.tar.bz2#28b0557e6ef0eb62f3162ddf678ea493
https://conda.anaconda.org/conda-forge/osx-64/tbb-2019.9-ha1b3eb9_1.tar.bz2#15273afe7a3dec4669fe01917d6550e4
https://conda.anaconda.org/conda-forge/osx-64/tk-8.6.10-hbbe82c9_0.tar.bz2#8e94f0c9d24201d33a7fb6868d821a1b
https://conda.anaconda.org/conda-forge/osx-64/boost-cpp-1.72.0-hdf9ef73_0.tar.bz2#13807feb4ee2c1db5326ba4670aa7869
https://conda.anaconda.org/conda-forge/osx-64/freetype-2.10.2-h8da9a1a_0.tar.bz2#17f160c42d580a14d96e9676f94b0c15
https://conda.anaconda.org/conda-forge/osx-64/gettext-0.19.8.1-h46ab8bc_1002.tar.bz2#c7517739152f7ba685351817f6ed9da8
https://conda.anaconda.org/conda-forge/osx-64/hdf5-1.10.6-nompi_h3e39495_100.tar.bz2#919a3976455813aab1ddd7ee2a810fcf
https://conda.anaconda.org/conda-forge/osx-64/libedit-3.1.20191231-hed1e85f_0.tar.bz2#f1459a274a88e3549097663fe5ebd80d
https://conda.anaconda.org/conda-forge/osx-64/libopenblas-0.3.9-h3d69b6c_0.tar.bz2#9bda2500486675ff0b01e5a7174503cc
https://conda.anaconda.org/conda-forge/osx-64/libssh2-1.9.0-h39bdce6_2.tar.bz2#459cebef67cd02cd8fb170490e16d547
https://conda.anaconda.org/conda-forge/osx-64/libxml2-2.9.10-h53d96d6_0.tar.bz2#18dab8184a9255bf6fcd55c69f94f3b1
https://conda.anaconda.org/conda-forge/osx-64/readline-8.0-hcfe32e1_0.tar.bz2#32f0844d490cd7f08e824ce78c57b094
https://conda.anaconda.org/conda-forge/osx-64/xerces-c-3.2.2-h8f8adb3_1004.tar.bz2#1d96c384bdb2c5b1b55d6fb7115e5d09
https://conda.anaconda.org/conda-forge/osx-64/zstd-1.4.4-h4b3e974_3.tar.bz2#3161d7967d5e3d801350537f8f3427b4
https://conda.anaconda.org/conda-forge/osx-64/fontconfig-2.13.1-h6b1039f_1001.tar.bz2#cd872761f6892c6bee82724856b304b2
https://conda.anaconda.org/conda-forge/osx-64/kealib-1.4.13-h40102fb_1.tar.bz2#26c21d11119e7d39e32a5ac261face07
https://conda.anaconda.org/conda-forge/osx-64/krb5-1.17.1-h1752a42_0.tar.bz2#222430b4a57079e1320fd5bffbccce1b
https://conda.anaconda.org/conda-forge/osx-64/libblas-3.8.0-16_openblas.tar.bz2#7cc4e0c3ce1807021f9aea240aa80830
https://conda.anaconda.org/conda-forge/osx-64/libkml-1.3.0-h169b8f9_1011.tar.bz2#b3b1be631a80c095aa21ec40faabbb09
https://conda.anaconda.org/conda-forge/osx-64/libtiff-4.1.0-h2ae36a8_6.tar.bz2#37552f9d87ae31dcf99a593684cf8cfb
https://conda.anaconda.org/conda-forge/osx-64/sqlite-3.30.1-h93121df_0.tar.bz2#d459792d69c33c9b051121f9cc1e6da6
https://conda.anaconda.org/conda-forge/osx-64/libcblas-3.8.0-16_openblas.tar.bz2#011d0ccf02f63b47e6759b9b69c2f1b1
https://conda.anaconda.org/conda-forge/osx-64/libcurl-7.69.1-hc0b9707_0.tar.bz2#b41308e2a6e2c39b122b0767658279d2
https://conda.anaconda.org/conda-forge/osx-64/liblapack-3.8.0-16_openblas.tar.bz2#c40c1621faa21db4472e8b58bf2dd372
https://conda.anaconda.org/conda-forge/osx-64/libpq-12.2-h489d428_1.tar.bz2#5067134a01494efae37732425928e592
https://conda.anaconda.org/conda-forge/osx-64/openjpeg-2.3.1-h254dc36_3.tar.bz2#9139449bf03973ef4554bbbb664b29d4
https://conda.anaconda.org/conda-forge/osx-64/python-3.7.6-cpython_h1fd5dd1_6.tar.bz2#5f4af8a29e049adb926ed375c3df4de7
https://conda.anaconda.org/conda-forge/osx-64/cfitsio-3.470-hddc9c06_5.tar.bz2#4685c2b053a864d2ca1fcfa8dba99cb9
https://conda.anaconda.org/conda-forge/osx-64/curl-7.69.1-h2d98d24_0.tar.bz2#4ef0cf86c8795d187942683c89764be1
https://conda.anaconda.org/conda-forge/osx-64/glib-2.64.3-h577aef8_0.tar.bz2#ad7d88ceecbdcf57e1423f69ff0ac6f4
https://conda.anaconda.org/conda-forge/osx-64/postgresql-12.2-h62ab893_1.tar.bz2#3be134e4616c363d86fe129168bbc57b
https://conda.anaconda.org/conda-forge/osx-64/proj-7.0.0-hbce2d5c_4.tar.bz2#060d78773790e52f4698c94f73ad0436
https://conda.anaconda.org/conda-forge/osx-64/python_abi-3.7-1_cp37m.tar.bz2#d2cb192f8948ea603927a71f015574dd
https://conda.anaconda.org/conda-forge/osx-64/cairo-1.16.0-hec6a9b0_1003.tar.bz2#bb05311d729dea72ab03599e7cc4fa27
https://conda.anaconda.org/conda-forge/osx-64/geotiff-1.6.0-hd8796ba_0.tar.bz2#eb7e2d0ffc50035c1be371ae2a1611d7
https://conda.anaconda.org/conda-forge/osx-64/libdap4-3.20.6-h8c15375_0.tar.bz2#53297308c6491f43c9ae6939e7c49fcd
https://conda.anaconda.org/conda-forge/osx-64/libnetcdf-4.7.4-nompi_ha11d67f_104.tar.bz2#4fce94f379767e8381a6a2a25edc2ca7
https://conda.anaconda.org/conda-forge/osx-64/libspatialite-4.3.0a-h658e6c1_1038.tar.bz2#a9340526bd60f5bd706e27ad3e8f642d
https://conda.anaconda.org/conda-forge/osx-64/numpy-1.18.4-py37h7687784_0.tar.bz2#9109e8c94071a4a6496e0a73c15ff2e6
https://conda.anaconda.org/conda-forge/osx-64/tiledb-2.0.3-h84aa2a7_0.tar.bz2#60112fe7468347ec469dacaf22f23618
https://conda.anaconda.org/conda-forge/osx-64/poppler-0.89.0-h3232a60_0.tar.bz2#8c9e5ea55f27fc37f23b2e3331d3623d
https://conda.anaconda.org/conda-forge/osx-64/libgdal-3.1.0-he0622db_3.tar.bz2#c4f0abea255f74c25ba4cd21c9732495
https://conda.anaconda.org/conda-forge/osx-64/gdal-3.1.0-py37h08e9697_3.tar.bz2#24f732c9600788beb10c0bdd8702366e
