# platform: osx-64
@EXPLICIT
https://conda.anaconda.org/conda-forge/osx-64/bzip2-1.0.8-h01d97ff_1.tar.bz2
https://conda.anaconda.org/conda-forge/osx-64/ca-certificates-2019.9.11-hecc5488_0.tar.bz2
https://conda.anaconda.org/conda-forge/osx-64/freexl-1.0.5-h1de35cc_1002.tar.bz2
https://conda.anaconda.org/conda-forge/osx-64/giflib-5.1.7-h01d97ff_1.tar.bz2
https://conda.anaconda.org/conda-forge/osx-64/jpeg-9c-h1de35cc_1001.tar.bz2
https://conda.anaconda.org/conda-forge/osx-64/json-c-0.13.1-h1de35cc_1001.tar.bz2
https://conda.anaconda.org/conda-forge/osx-64/libcxxabi-8.0.1-0.tar.bz2
https://conda.anaconda.org/conda-forge/osx-64/libiconv-1.15-h01d97ff_1005.tar.bz2
https://conda.anaconda.org/conda-forge/osx-64/pixman-0.38.0-h01d97ff_1003.tar.bz2
https://conda.anaconda.org/conda-forge/noarch/poppler-data-0.4.9-1.tar.bz2
https://conda.anaconda.org/conda-forge/osx-64/tbb-2018.0.5-h2d50403_0.tar.bz2
https://conda.anaconda.org/conda-forge/osx-64/tzcode-2019a-h01d97ff_1002.tar.bz2
https://conda.anaconda.org/conda-forge/osx-64/xz-5.2.4-h1de35cc_1001.tar.bz2
https://conda.anaconda.org/conda-forge/osx-64/zlib-1.2.11-h01d97ff_1006.tar.bz2
https://conda.anaconda.org/conda-forge/osx-64/libcxx-8.0.1-0.tar.bz2
https://conda.anaconda.org/conda-forge/osx-64/libpng-1.6.37-h2573ce8_0.tar.bz2
https://conda.anaconda.org/conda-forge/osx-64/openssl-1.1.1c-h01d97ff_0.tar.bz2
https://conda.anaconda.org/conda-forge/osx-64/tk-8.6.9-h2573ce8_1003.tar.bz2
https://conda.anaconda.org/conda-forge/osx-64/expat-2.2.5-h6de7cb9_1003.tar.bz2
https://conda.anaconda.org/conda-forge/osx-64/freetype-2.10.0-h24853df_1.tar.bz2
https://conda.anaconda.org/conda-forge/osx-64/geos-3.7.2-h6de7cb9_2.tar.bz2
https://conda.anaconda.org/conda-forge/osx-64/hdf4-4.2.13-hf3c6af0_1002.tar.bz2
https://conda.anaconda.org/conda-forge/osx-64/icu-64.2-h6de7cb9_1.tar.bz2
https://conda.anaconda.org/conda-forge/osx-64/libffi-3.2.1-h6de7cb9_1006.tar.bz2
https://conda.anaconda.org/conda-forge/osx-64/libssh2-1.8.2-hcdc9a53_2.tar.bz2
https://conda.anaconda.org/conda-forge/osx-64/llvm-openmp-8.0.1-h770b8ee_0.tar.bz2
https://conda.anaconda.org/conda-forge/osx-64/lz4-c-1.8.3-h6de7cb9_1001.tar.bz2
https://conda.anaconda.org/conda-forge/osx-64/ncurses-6.1-h0a44026_1002.tar.bz2
https://conda.anaconda.org/conda-forge/osx-64/pcre-8.41-h0a44026_1003.tar.bz2
https://conda.anaconda.org/conda-forge/osx-64/boost-cpp-1.70.0-h75728bb_2.tar.bz2
https://conda.anaconda.org/conda-forge/osx-64/gettext-0.19.8.1-h46ab8bc_1002.tar.bz2
https://conda.anaconda.org/conda-forge/osx-64/libedit-3.1.20170329-hcfe32e1_1001.tar.bz2
https://conda.anaconda.org/conda-forge/osx-64/libgfortran-4.0.0-2.tar.bz2
https://conda.anaconda.org/conda-forge/osx-64/libxml2-2.9.9-h12c6b28_5.tar.bz2
https://conda.anaconda.org/conda-forge/osx-64/readline-8.0-hcfe32e1_0.tar.bz2
https://conda.anaconda.org/conda-forge/osx-64/xerces-c-3.2.2-hbda6038_1004.tar.bz2
https://conda.anaconda.org/conda-forge/osx-64/zstd-1.4.0-ha9f0a20_0.tar.bz2
https://conda.anaconda.org/conda-forge/osx-64/fontconfig-2.13.1-h6b1039f_1001.tar.bz2
https://conda.anaconda.org/conda-forge/osx-64/glib-2.58.3-h9d45998_1002.tar.bz2
https://conda.anaconda.org/conda-forge/osx-64/hdf5-1.10.5-nompi_h15a436c_1103.tar.bz2
https://conda.anaconda.org/conda-forge/osx-64/krb5-1.16.3-hcfa6398_1001.tar.bz2
https://conda.anaconda.org/conda-forge/osx-64/libkml-1.3.0-hed7d534_1010.tar.bz2
https://conda.anaconda.org/conda-forge/osx-64/libopenblas-0.3.7-h4bb4525_1.tar.bz2
https://conda.anaconda.org/conda-forge/osx-64/libtiff-4.0.10-hd08fb8f_1003.tar.bz2
https://conda.anaconda.org/conda-forge/osx-64/sqlite-3.29.0-hb7d70f7_1.tar.bz2
https://conda.anaconda.org/conda-forge/osx-64/cairo-1.16.0-he1c11cd_1002.tar.bz2
https://conda.anaconda.org/conda-forge/osx-64/kealib-1.4.10-h6659575_1005.tar.bz2
https://conda.anaconda.org/conda-forge/osx-64/libblas-3.8.0-12_openblas.tar.bz2
https://conda.anaconda.org/conda-forge/osx-64/libcurl-7.65.3-h16faf7d_0.tar.bz2
https://conda.anaconda.org/conda-forge/osx-64/libpq-11.5-h756f0eb_1.tar.bz2
https://conda.anaconda.org/conda-forge/osx-64/openjpeg-2.3.1-hdc36067_1.tar.bz2
https://conda.anaconda.org/conda-forge/osx-64/proj4-6.1.1-hca663eb_1.tar.bz2
https://conda.anaconda.org/conda-forge/osx-64/python-3.7.3-h93065d6_1.tar.bz2
https://conda.anaconda.org/conda-forge/osx-64/certifi-2019.9.11-py37_0.tar.bz2
https://conda.anaconda.org/conda-forge/osx-64/cfitsio-3.470-h84d2f63_2.tar.bz2
https://conda.anaconda.org/conda-forge/osx-64/curl-7.65.3-h22ea746_0.tar.bz2
https://conda.anaconda.org/conda-forge/osx-64/geotiff-1.5.1-h2bcb450_3.tar.bz2
https://conda.anaconda.org/conda-forge/osx-64/libcblas-3.8.0-12_openblas.tar.bz2
https://conda.anaconda.org/conda-forge/osx-64/liblapack-3.8.0-12_openblas.tar.bz2
https://conda.anaconda.org/conda-forge/osx-64/libspatialite-4.3.0a-hd0a3780_1030.tar.bz2
https://conda.anaconda.org/conda-forge/osx-64/postgresql-11.5-h25afefd_1.tar.bz2
https://conda.anaconda.org/conda-forge/osx-64/libdap4-3.20.4-habf5908_0.tar.bz2
https://conda.anaconda.org/conda-forge/osx-64/libnetcdf-4.6.2-h1a02027_1003.tar.bz2
https://conda.anaconda.org/conda-forge/osx-64/numpy-1.17.2-py37h6b0580a_0.tar.bz2
https://conda.anaconda.org/conda-forge/osx-64/poppler-0.67.0-hd5eb092_7.tar.bz2
https://conda.anaconda.org/conda-forge/osx-64/setuptools-41.2.0-py37_0.tar.bz2
https://conda.anaconda.org/conda-forge/osx-64/tiledb-1.6.2-h4f44bfb_1.tar.bz2
https://conda.anaconda.org/conda-forge/osx-64/libgdal-3.0.1-h61e1f9c_8.tar.bz2
https://conda.anaconda.org/conda-forge/osx-64/wheel-0.33.6-py37_0.tar.bz2
https://conda.anaconda.org/conda-forge/osx-64/gdal-3.0.1-py37h4b80d33_8.tar.bz2
https://conda.anaconda.org/conda-forge/osx-64/pip-19.2.3-py37_0.tar.bz2
