# This lock file was generated by conda-lock (https://github.com/conda/conda-lock). DO NOT EDIT!
#
# A "lock file" contains a concrete list of package versions (with checksums) to be installed. Unlike
# e.g. `conda env create`, the resulting environment will not change as new package versions become
# available, unless you explicitly update the lock file.
#
# Install this environment as "YOURENV" with:
#     conda-lock install -n YOURENV --file conda-lock.yml
# To update a single package to the latest version compatible with the version constraints in the source:
#     conda-lock lock  --lockfile conda-lock.yml --update PACKAGE
# To re-solve the entire environment, e.g. after changing a version constraint in the source file:
#     conda-lock -f environment-preupdate.yml --lockfile conda-lock.yml
version: 1
metadata:
  content_hash:
    linux-64: 74b9b82333bad461da874bac86ac55f9ac26d57510234e36571d0a0f43fb9c2d
    osx-64: 3374c9a110308beb184dfdf37a58250fecb0b6e79ef06a55858a955ba7668ad9
  channels:
  - url: conda-forge
    used_env_vars: []
  platforms:
  - linux-64
  - osx-64
  sources:
  - environment-preupdate.yml
package:
- name: zlib
  version: 1.2.8
  manager: conda
  platform: linux-64
  dependencies: {}
  url: https://conda.anaconda.org/conda-forge/linux-64/zlib-1.2.8-3.tar.bz2
  hash:
    md5: 6b3dbbf50432b3e2a271b5e46877bcfc
    sha256: 85fcb6906b8686fe6341db89b4e6fc2631ad69ee6eab2f4823bfd64ae0b20ac8
  category: main
  optional: false
- name: zlib
  version: 1.2.8
  manager: conda
  platform: osx-64
  dependencies: {}
  url: https://conda.anaconda.org/conda-forge/osx-64/zlib-1.2.8-3.tar.bz2
  hash:
    md5: 03b6fcc7a5e1a471e74049665e1c06b0
    sha256: d175728c3972c4baf2bdbdd9d7580ba3349b8861e7150d41034319496f99a804
  category: main
  optional: false
