# platform: linux-64
@EXPLICIT
https://conda.anaconda.org/conda-forge/linux-64/_libgcc_mutex-0.1-conda_forge.tar.bz2#d7c89558ba9fa0495403155b64376d81
https://conda.anaconda.org/conda-forge/linux-64/libgomp-9.2.0-h24d8f2e_2.tar.bz2#7c6154111414b737f850a5d02b9c9380
https://conda.anaconda.org/conda-forge/linux-64/_openmp_mutex-4.5-0_gnu.tar.bz2#3053d142226093f417abe884f2ab6620
https://conda.anaconda.org/conda-forge/linux-64/libgcc-ng-9.2.0-h24d8f2e_2.tar.bz2#51817a9a1e6064d0a065a93c2f4986f5
https://conda.anaconda.org/conda-forge/linux-64/zlib-1.2.11-h516909a_1006.tar.bz2#eb59ca0a6123517e35bae003be4b4bfe
