# Generated by conda-lock.
# platform: win-64
# input_hash: 636bb03dd62b2e0b13bbca4372887422c4f1d2c84fcbc7b9d5c55dc8a9891f80
@EXPLICIT
https://conda.anaconda.org/conda-forge/win-64/zlib-1.2.11-h3cc03e0_1006.tar.bz2#ee979c67fdace75c048d9e93792dd637
https://conda.anaconda.org/conda-forge/win-64/vs2008_runtime-9.0.30729.6161-0.tar.bz2#9531fa584348748d666b66055c771182
https://repo.anaconda.com/pkgs/main/win-64/vc-9-h2eaa2aa_6.conda#9facb65cb12facfde4677b7bbccb2f71
