# Generated by conda-lock.
# platform: osx-64
# input_hash: d01c1f5433f30bdbcd3bdad8d9b096774ab55f1210c094acdc61a35b32b28d67
@EXPLICIT
https://conda.anaconda.org/conda-forge/osx-64/libzlib-1.2.11-h9173be1_1013.tar.bz2#a3a6a53beaa92c5cfe52ee3a198e78cc
https://conda.anaconda.org/conda-forge/osx-64/zlib-1.2.11-h9173be1_1013.tar.bz2#cf985617d679990418c380099620b01a
