# Generated by conda-lock.
# platform: osx-64
# input_hash: e0f54abcb58c6e6ef01fc7e5d73782b272ac9377617c2b077e80501d96ec7a02
@EXPLICIT
https://conda.anaconda.org/conda-forge/osx-64/libzlib-1.2.11-h9173be1_1013.tar.bz2#a3a6a53beaa92c5cfe52ee3a198e78cc
https://conda.anaconda.org/conda-forge/osx-64/zlib-1.2.11-h9173be1_1013.tar.bz2#cf985617d679990418c380099620b01a
