# Generated by conda-lock.
# platform: linux-64
# input_hash: 727a4392ae22985799f09b45021502007841fcd71532480d9db95f1e56e09ec5
@EXPLICIT
https://conda.anaconda.org/conda-forge/linux-64/_libgcc_mutex-0.1-conda_forge.tar.bz2#d7c89558ba9fa0495403155b64376d81
https://conda.anaconda.org/conda-forge/linux-64/libgomp-11.2.0-h1d223b6_12.tar.bz2#763c5ec8116d984b4a33342236d7da36
https://conda.anaconda.org/conda-forge/linux-64/_openmp_mutex-4.5-1_gnu.tar.bz2#561e277319a41d4f24f5c05a9ef63c04
https://conda.anaconda.org/conda-forge/linux-64/libgcc-ng-11.2.0-h1d223b6_12.tar.bz2#d34efbb8d7d6312c816b4bb647b818b1
https://conda.anaconda.org/conda-forge/linux-64/libzlib-1.2.11-h36c2ea0_1013.tar.bz2#dcddf696ff5dfcab567100d691678e18
https://conda.anaconda.org/conda-forge/linux-64/zlib-1.2.11-h36c2ea0_1013.tar.bz2#cf7190238072a41e9579e4476a6a60b8
