# platform: osx-64
@EXPLICIT
https://conda.anaconda.org/conda-forge/osx-64/bzip2-1.0.8-h0b31af3_2.tar.bz2#334a550602fd614e0d3eed806c007e55
https://conda.anaconda.org/conda-forge/osx-64/ca-certificates-2019.11.28-hecc5488_0.tar.bz2#dd8f660dbb2b533bd8cb29cf06b1dbc5
https://conda.anaconda.org/conda-forge/osx-64/freexl-1.0.5-h1de35cc_1002.tar.bz2#855cedfa93b434c7bc21963cb08ea61b
https://conda.anaconda.org/conda-forge/osx-64/giflib-5.2.1-h0b31af3_2.tar.bz2#07c463a81d43cd600e22cdf2482e6ffc
https://conda.anaconda.org/conda-forge/osx-64/jpeg-9c-h1de35cc_1001.tar.bz2#bcc9abfebf1cc26568e1ec4502834512
https://conda.anaconda.org/conda-forge/osx-64/json-c-0.13.1-h1de35cc_1001.tar.bz2#1ddc628189501c3f4c403e75435e0d4a
https://conda.anaconda.org/conda-forge/osx-64/libcxx-9.0.1-1.tar.bz2#a46262320ce1924e07336169eba8a637
https://conda.anaconda.org/conda-forge/osx-64/libiconv-1.15-h01d97ff_1005.tar.bz2#ec331659b7d7ec6565a54bf1ca65ac82
https://conda.anaconda.org/conda-forge/osx-64/libsodium-1.0.17-h01d97ff_0.tar.bz2#3dd1aeaa242c631c14e4b3b144669fa7
https://conda.anaconda.org/conda-forge/osx-64/llvm-openmp-9.0.1-h28b9765_2.tar.bz2#12e8161a7e38a5491a32f50bdd9988d3
https://conda.anaconda.org/conda-forge/osx-64/pandoc-2.9.2-0.tar.bz2#f58a40f7cf4a6019aed2efd4b33b2cc1
https://conda.anaconda.org/conda-forge/osx-64/pixman-0.38.0-h01d97ff_1003.tar.bz2#db285954d969a73e3adc622d0db30605
https://conda.anaconda.org/conda-forge/noarch/poppler-data-0.4.9-1.tar.bz2#1fef1ac4c55eec7cde779d89c8d20cc6
https://conda.anaconda.org/conda-forge/osx-64/tbb-2018.0.5-h2d50403_0.tar.bz2#11cf962b6aa3dc48f24b59c0ea7d0bec
https://conda.anaconda.org/conda-forge/osx-64/tzcode-2019a-h01d97ff_1002.tar.bz2#7a77c9f61b4a6160c0b0675ff118237d
https://conda.anaconda.org/conda-forge/osx-64/xz-5.2.4-h1de35cc_1001.tar.bz2#dc8b7a1b9693da71d74823233757c527
https://conda.anaconda.org/conda-forge/osx-64/yaml-0.2.2-h0b31af3_1.tar.bz2#a9a95fb1c252fe5fc58f6cc551996a16
https://conda.anaconda.org/conda-forge/osx-64/zlib-1.2.11-h0b31af3_1006.tar.bz2#d329eb98038a6be5827714fe15d1631f
https://conda.anaconda.org/conda-forge/osx-64/blosc-1.17.1-h4a8c4bd_0.tar.bz2#652f5f05f3a495f3453e16fe9cba53b2
https://conda.anaconda.org/conda-forge/osx-64/expat-2.2.9-h4a8c4bd_2.tar.bz2#ffd27f0a461c040e36681bb913844c5a
https://conda.anaconda.org/conda-forge/osx-64/geos-3.8.0-h4a8c4bd_0.tar.bz2#11ec02a6b0f16bf268b6abc638634c8b
https://conda.anaconda.org/conda-forge/osx-64/hdf4-4.2.13-h84186c3_1003.tar.bz2#c853dc1f6491ab6a523c6127b959bd07
https://conda.anaconda.org/conda-forge/osx-64/icu-64.2-h6de7cb9_1.tar.bz2#98593e7221241d8e19fee197ac105b4d
https://conda.anaconda.org/conda-forge/osx-64/libffi-3.2.1-h6de7cb9_1006.tar.bz2#9dc7772122378cfde802903dbf5ff593
https://conda.anaconda.org/conda-forge/osx-64/libgfortran-4.0.0-2.tar.bz2#c22c451e64f8f5a6644b2f02febac8a6
https://conda.anaconda.org/conda-forge/osx-64/libllvm8-8.0.1-h770b8ee_0.tar.bz2#c75e5c63f194188ffac620c0493c2840
https://conda.anaconda.org/conda-forge/osx-64/libllvm9-9.0.1-ha1b3eb9_0.tar.bz2#29ccc6e99f323c4e2c019462c51aa4de
https://conda.anaconda.org/conda-forge/osx-64/libpng-1.6.37-h2573ce8_0.tar.bz2#4161c598ed4af85ba0d1cacacede43e0
https://conda.anaconda.org/conda-forge/osx-64/libspatialindex-1.9.3-h4a8c4bd_3.tar.bz2#db9b5ea207eb6478024d6f2ebf513dad
https://conda.anaconda.org/conda-forge/osx-64/lz4-c-1.8.3-h6de7cb9_1001.tar.bz2#bacc4bc848109b87398b5ae18e6c4e00
https://conda.anaconda.org/conda-forge/osx-64/ncurses-6.1-h0a44026_1002.tar.bz2#ae7e7c80e52fc72adc0113369a4ebc62
https://conda.anaconda.org/conda-forge/osx-64/nspr-4.20-h0a44026_1000.tar.bz2#c054572df940019744511a01e6045a1f
https://conda.anaconda.org/conda-forge/osx-64/openssl-1.1.1d-h0b31af3_0.tar.bz2#c89cbdd886b4b896612b9d0d3cee0ab0
https://conda.anaconda.org/conda-forge/osx-64/pcre-8.44-h4a8c4bd_0.tar.bz2#28b0557e6ef0eb62f3162ddf678ea493
https://conda.anaconda.org/conda-forge/osx-64/tk-8.6.10-hbbe82c9_0.tar.bz2#8e94f0c9d24201d33a7fb6868d821a1b
https://conda.anaconda.org/conda-forge/osx-64/zeromq-4.3.2-h6de7cb9_2.tar.bz2#d6e048ee87bbc8f03fd19e1c69319334
https://conda.anaconda.org/conda-forge/osx-64/boost-cpp-1.70.0-h75728bb_2.tar.bz2#8866632c2abb193dacf0dd9ddfd3f76b
https://conda.anaconda.org/conda-forge/osx-64/freetype-2.10.0-h24853df_1.tar.bz2#907861585f5e8e7ad232db3f9e885818
https://conda.anaconda.org/conda-forge/osx-64/gettext-0.19.8.1-h46ab8bc_1002.tar.bz2#c7517739152f7ba685351817f6ed9da8
https://conda.anaconda.org/conda-forge/osx-64/hdf5-1.10.5-nompi_h3e39495_1104.tar.bz2#5b83eacdb31fa5f8421a2510b0b46414
https://conda.anaconda.org/conda-forge/osx-64/libclang-9.0.1-default_hf57f61e_0.tar.bz2#776ba4ac62ed6f7769d5616ebc5965c9
https://conda.anaconda.org/conda-forge/osx-64/libedit-3.1.20170329-hcfe32e1_1001.tar.bz2#312a75f1e2115ee8467585e92f626c3e
https://conda.anaconda.org/conda-forge/osx-64/libopenblas-0.3.8-h3d69b6c_0.tar.bz2#215c36b0bc33430f2ddb1696c50ef69c
https://conda.anaconda.org/conda-forge/osx-64/libssh2-1.8.2-hcdc9a53_2.tar.bz2#6036ff9b89b61feda7fa7f1b01c703c3
https://conda.anaconda.org/conda-forge/osx-64/libxml2-2.9.10-h53d96d6_0.tar.bz2#18dab8184a9255bf6fcd55c69f94f3b1
https://conda.anaconda.org/conda-forge/osx-64/readline-8.0-hcfe32e1_0.tar.bz2#32f0844d490cd7f08e824ce78c57b094
https://conda.anaconda.org/conda-forge/osx-64/xerces-c-3.2.2-h8f8adb3_1004.tar.bz2#1d96c384bdb2c5b1b55d6fb7115e5d09
https://conda.anaconda.org/conda-forge/osx-64/zstd-1.4.4-he7fca8b_1.tar.bz2#c89ef805395ba69c4f25dd81c98b61cc
https://conda.anaconda.org/conda-forge/osx-64/fontconfig-2.13.1-h6b1039f_1001.tar.bz2#cd872761f6892c6bee82724856b304b2
https://conda.anaconda.org/conda-forge/osx-64/kealib-1.4.10-h6659575_1005.tar.bz2#5590edea2ea5b9c39516cc4549f0fb05
https://conda.anaconda.org/conda-forge/osx-64/krb5-1.16.4-h1752a42_0.tar.bz2#b1934e46d86143e6f8e71687b3fdf672
https://conda.anaconda.org/conda-forge/osx-64/libblas-3.8.0-15_openblas.tar.bz2#4e83ced78252d0a7b1d2cebd3f2181fa
https://conda.anaconda.org/conda-forge/osx-64/libkml-1.3.0-hed7d534_1010.tar.bz2#6ab62a59f479c339de039f2cc8fab2aa
https://conda.anaconda.org/conda-forge/osx-64/libtiff-4.1.0-ha78913b_3.tar.bz2#224de8f4c2e6e60fe0aafb3ed905e083
https://conda.anaconda.org/conda-forge/osx-64/sqlite-3.30.1-h93121df_0.tar.bz2#d459792d69c33c9b051121f9cc1e6da6
https://conda.anaconda.org/conda-forge/osx-64/libcblas-3.8.0-15_openblas.tar.bz2#754499df1ae863b6dcb40d4a2d2a16af
https://conda.anaconda.org/conda-forge/osx-64/libcurl-7.68.0-h709d2b2_0.tar.bz2#6ba0da63d344a9d2514333cb68f7ca06
https://conda.anaconda.org/conda-forge/osx-64/liblapack-3.8.0-15_openblas.tar.bz2#b3d971d4125039737ea03cdb8b7cfd7d
https://conda.anaconda.org/conda-forge/osx-64/libpq-12.2-h554dc5a_0.tar.bz2#dcf56ea27478ee4d542af12a9e6bee59
https://conda.anaconda.org/conda-forge/osx-64/libwebp-1.0.2-hd3bf737_5.tar.bz2#501397f9574c8db70249ec4f39c0d1cb
https://conda.anaconda.org/conda-forge/osx-64/nss-3.47-hc0980d9_0.tar.bz2#c4a8c66c0125d86fbde82cf965212917
https://conda.anaconda.org/conda-forge/osx-64/openjpeg-2.3.1-hcdae239_3.tar.bz2#26d248692ce738c419e2a1a43b0831d7
https://conda.anaconda.org/conda-forge/osx-64/proj-6.3.1-h773a61f_0.tar.bz2#5875a1ac00f2a4b6ef68a0cf1793b2f6
https://conda.anaconda.org/conda-forge/osx-64/python-3.8.1-hf2284b6_2.tar.bz2#76e6f912b78a3cc0b6132fc63951c59b
https://conda.anaconda.org/conda-forge/noarch/aioitertools-0.5.1-py_0.tar.bz2#3879da896eba3321e3919652d311625e
https://conda.anaconda.org/conda-forge/noarch/appdirs-1.4.3-py_1.tar.bz2#79ea201c0ff86b098d3e3e3fa45505cd
https://conda.anaconda.org/conda-forge/osx-64/appnope-0.1.0-py38_1000.tar.bz2#ecaee1af0aec65b07e5c19a8d24b063b
https://conda.anaconda.org/conda-forge/noarch/asciitree-0.3.3-py_2.tar.bz2#c0481c9de49f040272556e2cedf42816
https://conda.anaconda.org/conda-forge/noarch/async-timeout-3.0.1-py_1000.tar.bz2#8b11024b2762a07aaa07d2743231a41b
https://conda.anaconda.org/conda-forge/noarch/attrs-19.3.0-py_0.tar.bz2#5ddf9ee0eb95aac1d3881a8e3df5a1fa
https://conda.anaconda.org/conda-forge/noarch/backcall-0.1.0-py_0.tar.bz2#a6d55d275ba454de578438ae587d7d86
https://conda.anaconda.org/conda-forge/noarch/blinker-1.4-py_1.tar.bz2#fa509a09190583f869ae442bf4d17f5f
https://conda.anaconda.org/conda-forge/noarch/cachetools-3.1.1-py_0.tar.bz2#b603fad0a52df7bdf566826b6489bca8
https://conda.anaconda.org/conda-forge/osx-64/certifi-2019.11.28-py38_0.tar.bz2#56a1fda8d23f186f22aded79155e20e2
https://conda.anaconda.org/conda-forge/osx-64/cfitsio-3.470-h84d2f63_2.tar.bz2#afcfeaa2efcb68eaefdc80701f10c464
https://conda.anaconda.org/conda-forge/osx-64/chardet-3.0.4-py38_1003.tar.bz2#b39e830c478dcb2cac0cdfae15ed1461
https://conda.anaconda.org/conda-forge/noarch/click-7.0-py_0.tar.bz2#e8fb50fd9833010f105f989fa806deb3
https://conda.anaconda.org/conda-forge/noarch/cloudpickle-1.3.0-py_0.tar.bz2#cae03ecd9bfea53984927105d6339953
https://conda.anaconda.org/conda-forge/osx-64/curl-7.68.0-h8754def_0.tar.bz2#aa44a3b51afa73523b0e0bbb50b0407b
https://conda.anaconda.org/conda-forge/osx-64/cython-0.29.15-py38h4a8c4bd_0.tar.bz2#61fd8d873a61c1a564a94fb5f8ae929d
https://conda.anaconda.org/conda-forge/noarch/dask-core-2.11.0-py_0.tar.bz2#82708dd41ebc28575e1c417af0a8d763
https://conda.anaconda.org/conda-forge/noarch/decorator-4.4.1-py_0.tar.bz2#a969966cb646eee8f7918f52a839b389
https://conda.anaconda.org/conda-forge/noarch/defusedxml-0.6.0-py_0.tar.bz2#37e1033daee0e2edaa5ff42584c52b21
https://conda.anaconda.org/conda-forge/osx-64/docutils-0.15.2-py38_0.tar.bz2#c81280b1e1f2e3b977f3ccfc2673da40
https://conda.anaconda.org/conda-forge/noarch/earthsim-1.0.1-py_0.tar.bz2#7019fad5ae29abb6b92b2d414eb08d29
https://conda.anaconda.org/conda-forge/osx-64/entrypoints-0.3-py38_1000.tar.bz2#f7c61222a9deb4b2ac21c8916981885d
https://conda.anaconda.org/conda-forge/noarch/fsspec-0.6.2-py_0.tar.bz2#bd30647120192a00f1219e983d3cdaaa
https://conda.anaconda.org/conda-forge/osx-64/geotiff-1.5.1-h4bdff65_9.tar.bz2#2478e52fbcbc3e82f274ead3117e4949
https://conda.anaconda.org/conda-forge/osx-64/glib-2.58.3-py38h577aef8_1002.tar.bz2#e5bf9c5469046cb10ef13e6a3c95da18
https://conda.anaconda.org/conda-forge/noarch/heapdict-1.0.1-py_0.tar.bz2#77242bfb1e74a627fb06319b5a2d3b95
https://conda.anaconda.org/conda-forge/noarch/idna-2.9-py_1.tar.bz2#846ba802162eb14046e303053b42ad61
https://conda.anaconda.org/conda-forge/noarch/ipython_genutils-0.2.0-py_1.tar.bz2#5071c982548b3a20caf70462f04f5287
https://conda.anaconda.org/conda-forge/noarch/jmespath-0.9.4-py_0.tar.bz2#ed27ce57449040db1c8a43ad64b52350
https://conda.anaconda.org/conda-forge/osx-64/kiwisolver-1.1.0-py38ha1b3eb9_0.tar.bz2#a0e36c9a7a0dca819ed285d620db23a0
https://conda.anaconda.org/conda-forge/osx-64/libspatialite-4.3.0a-h48b015e_1035.tar.bz2#1b93f7f12f21cc0026915f379398c64c
https://conda.anaconda.org/conda-forge/osx-64/llvmlite-0.31.0-py38h05045ef_0.tar.bz2#aab2a6a9cff20b4b76aa81940d676e40
https://conda.anaconda.org/conda-forge/noarch/locket-0.2.0-py_2.tar.bz2#709e8671651c7ec3d1ad07800339ff1d
https://conda.anaconda.org/conda-forge/osx-64/lz4-3.0.2-py38he1520b0_0.tar.bz2#194124d81e2f3f34db3b98d7af584e8f
https://conda.anaconda.org/conda-forge/osx-64/markupsafe-1.1.1-py38h0b31af3_0.tar.bz2#6e197ac6ea226a6d67e426dded6ed39b
https://conda.anaconda.org/conda-forge/osx-64/mistune-0.8.4-py38h0b31af3_1000.tar.bz2#44a113bea3add2e8c65497a7dc5b54c1
https://conda.anaconda.org/conda-forge/noarch/monotonic-1.5-py_0.tar.bz2#0cc5fd0140497c3f1e2db2e7493b62b3
https://conda.anaconda.org/conda-forge/osx-64/msgpack-python-1.0.0-py38ha1b3eb9_0.tar.bz2#25cab7a541f6dd7a3295bc7b49ec8691
https://conda.anaconda.org/conda-forge/osx-64/multidict-4.7.5-py38h0b31af3_0.tar.bz2#21d2d7c39a779b683e93c390a29e551b
https://conda.anaconda.org/conda-forge/osx-64/numpy-1.18.1-py38hde6bac1_0.tar.bz2#d585ac968426e32e8cf491da1e52ed95
https://conda.anaconda.org/conda-forge/noarch/olefile-0.46-py_0.tar.bz2#8a6d3394763144710916ecf556c6287d
https://conda.anaconda.org/conda-forge/noarch/pandocfilters-1.4.2-py_1.tar.bz2#ba6f4a308f1ea22abe1d72e72544af76
https://conda.anaconda.org/conda-forge/noarch/param-1.9.3-py_0.tar.bz2#7258dbe25d6f41d330ffb898932dcac2
https://conda.anaconda.org/conda-forge/noarch/parso-0.6.1-py_0.tar.bz2#9644f185e397fac1d5afb1353a7783b7
https://conda.anaconda.org/conda-forge/osx-64/pickleshare-0.7.5-py38_1000.tar.bz2#7f064b78e24f6de18d1943c3f7087c5d
https://conda.anaconda.org/conda-forge/osx-64/postgresql-12.2-h16d8c28_0.tar.bz2#cea2fa69cb4243815e1645ed2140cb66
https://conda.anaconda.org/conda-forge/noarch/prometheus_client-0.7.1-py_0.tar.bz2#469be7d5090ceca761a23f3baa078f1f
https://conda.anaconda.org/conda-forge/osx-64/psutil-5.7.0-py38h0b31af3_0.tar.bz2#2fe94b01adc656d2fa43a3b961507019
https://conda.anaconda.org/conda-forge/noarch/ptyprocess-0.6.0-py_1001.tar.bz2#0c3a56f1ab48cfb002c69b48f9e1ddc6
https://conda.anaconda.org/conda-forge/noarch/pyasn1-0.4.8-py_0.tar.bz2#06d04c9f8f72ac77911db942eda24fb9
https://conda.anaconda.org/conda-forge/noarch/pycparser-2.19-py_2.tar.bz2#0b3f33afd46d7f27d58b2e6837d4b183
https://conda.anaconda.org/conda-forge/noarch/pyparsing-2.4.6-py_0.tar.bz2#3725431e0c73a7fc70807bd9b3a27367
https://conda.anaconda.org/conda-forge/osx-64/pyproj-2.5.0-py38h8af12c2_1.tar.bz2#25c258bab34779afa4b6ce8d5ce8d79f
https://conda.anaconda.org/conda-forge/noarch/pyshp-2.1.0-py_0.tar.bz2#d33726eb4b6cc2c348ea4c8ad5e1915b
https://conda.anaconda.org/conda-forge/osx-64/pysocks-1.7.1-py38_0.tar.bz2#7197ade31d3300f41ba3cd4e9eaccaa6
https://conda.anaconda.org/conda-forge/osx-64/python-blosc-1.8.3-py38h4f17bb1_0.tar.bz2#2af34e324ccb8ffaf0afb64e9055ed1d
https://conda.anaconda.org/conda-forge/noarch/pytz-2019.3-py_0.tar.bz2#50b90b25d004a9d0c90482bbd3fb71d9
https://conda.anaconda.org/conda-forge/osx-64/pyyaml-5.3-py38h0b31af3_0.tar.bz2#5309d099670eadd8bd395e77d1b52404
https://conda.anaconda.org/conda-forge/osx-64/pyzmq-19.0.0-py38h4bf09a9_0.tar.bz2#c4e1d3036d216d1d14f94ddf47cf513c
https://conda.anaconda.org/conda-forge/osx-64/qt-5.12.5-h514805e_3.tar.bz2#8c06142f187c16650ccf47fb4793369b
https://conda.anaconda.org/conda-forge/osx-64/rtree-0.9.4-py38h7b0cdae_0.tar.bz2#5ecfa5445d99eb6e369d62af24b0a86b
https://conda.anaconda.org/conda-forge/noarch/send2trash-1.5.0-py_0.tar.bz2#c3779037a635e1150f1c53c28b875949
https://conda.anaconda.org/conda-forge/osx-64/six-1.14.0-py38_0.tar.bz2#9823b23dfe7b6fb047a55622ce44d569
https://conda.anaconda.org/conda-forge/noarch/sortedcontainers-2.1.0-py_0.tar.bz2#06e4b049221dbb924fa6ce7a6befdf11
https://conda.anaconda.org/conda-forge/noarch/tblib-1.6.0-py_0.tar.bz2#0e1562c39e804e0d7df8650626379caa
https://conda.anaconda.org/conda-forge/noarch/testpath-0.4.4-py_0.tar.bz2#3b98fff4d5342bebde2ecaa314f796f9
https://conda.anaconda.org/conda-forge/noarch/toolz-0.10.0-py_0.tar.bz2#9b38c091d24a308daf386f1e82d9d3a9
https://conda.anaconda.org/conda-forge/osx-64/tornado-6.0.3-py38h0b31af3_4.tar.bz2#597dbfbf1c61a9fdc8207b30f0d6398a
https://conda.anaconda.org/conda-forge/noarch/tqdm-4.43.0-py_0.tar.bz2#e24db805bccd245b06df282c381b2693
https://conda.anaconda.org/conda-forge/noarch/wcwidth-0.1.8-py_0.tar.bz2#0ef44844f85b9eb1d5bff3687d4aa0a2
https://conda.anaconda.org/conda-forge/noarch/webencodings-0.5.1-py_1.tar.bz2#3563be4c5611a44210d9ba0c16113136
https://conda.anaconda.org/conda-forge/osx-64/wrapt-1.12.0-py38h0b31af3_0.tar.bz2#0a3ae665bbc33ffe927715890fb4a8dd
https://conda.anaconda.org/conda-forge/noarch/zipp-3.0.0-py_0.tar.bz2#a6b8fc3d1a4cd0152471f6057d26f155
https://conda.anaconda.org/conda-forge/osx-64/cairo-1.16.0-he1c11cd_1002.tar.bz2#7b7a53bc091b5fe7a661e4a12e6aa912
https://conda.anaconda.org/conda-forge/osx-64/cffi-1.13.2-py38h33e799b_0.tar.bz2#1349df43020ba719fb6213d2eeec4714
https://conda.anaconda.org/conda-forge/osx-64/cftime-1.0.4.2-py38h3b54f70_0.tar.bz2#749d9c9297e29d8dc63a964098b0581b
https://conda.anaconda.org/conda-forge/noarch/click-plugins-1.1.1-py_0.tar.bz2#4fd2c6b53934bd7d96d1f3fdaf99b79f
https://conda.anaconda.org/conda-forge/noarch/cligj-0.5.0-py_0.tar.bz2#a559037c0c463477b91a94a1b9fc5a6f
https://conda.anaconda.org/conda-forge/noarch/cycler-0.10.0-py_2.tar.bz2#f6d7c7e6d8f42cbbec7e07a8d879f91c
https://conda.anaconda.org/conda-forge/osx-64/cytoolz-0.10.1-py38h0b31af3_0.tar.bz2#4d5f6b60fbb490d640edf7f1cafc2b8c
https://conda.anaconda.org/conda-forge/osx-64/dbus-1.13.6-h2f22bb5_0.tar.bz2#661014c977c645fa125fa53ae30395dd
https://conda.anaconda.org/conda-forge/noarch/fasteners-0.14.1-py_3.tar.bz2#8af0bf3cfe806fb001d9923b4fe1594b
https://conda.anaconda.org/conda-forge/osx-64/h5py-2.10.0-nompi_py38h106b333_102.tar.bz2#82fd8aa9941855015079db6c68ef6b74
https://conda.anaconda.org/conda-forge/osx-64/importlib_metadata-1.5.0-py38_0.tar.bz2#4d11ce48c088616ee76d8112e17ce82e
https://conda.anaconda.org/conda-forge/osx-64/jedi-0.16.0-py38_0.tar.bz2#6b558a1f75145da3e1efab7b83d07738
https://conda.anaconda.org/conda-forge/osx-64/libdap4-3.20.4-habf5908_0.tar.bz2#dc7147c307e337ec61321394a62575e5
https://conda.anaconda.org/conda-forge/osx-64/libnetcdf-4.7.3-nompi_hda4e5f1_101.tar.bz2#3542026864a4493bdb53f08a6d4880a6
https://conda.anaconda.org/conda-forge/noarch/multipledispatch-0.6.0-py_0.tar.bz2#1073dc92c8f247d94ac14dd79ca0bbec
https://conda.anaconda.org/conda-forge/osx-64/numcodecs-0.6.4-py38h4a8c4bd_0.tar.bz2#c99177ae563b11a5b33c098b70551513
https://conda.anaconda.org/conda-forge/noarch/packaging-20.1-py_0.tar.bz2#b88d38a6e9c690857e2c24a50a5f4f13
https://conda.anaconda.org/conda-forge/noarch/partd-1.1.0-py_0.tar.bz2#4afbf2cdf4e6ad279080d3adb5cefaae
https://conda.anaconda.org/conda-forge/osx-64/pexpect-4.8.0-py38_0.tar.bz2#b9eb8048e19a5148a9b867a933ee1654
https://conda.anaconda.org/conda-forge/osx-64/pillow-7.0.0-py38h918e99a_0.tar.bz2#cf3da346a2ab314315fca670d9f0d522
https://conda.anaconda.org/conda-forge/noarch/pyasn1-modules-0.2.7-py_0.tar.bz2#ad1e886d09700b2304975335f714bd9c
https://conda.anaconda.org/conda-forge/noarch/pyct-core-0.4.6-py_0.tar.bz2#55ec526f95e0959de3f68bc6289a20da
https://conda.anaconda.org/conda-forge/osx-64/pykdtree-1.3.1-py38h3b54f70_1002.tar.bz2#f816a300fb02bb690c2b9d891e69862b
https://conda.anaconda.org/conda-forge/osx-64/pyrsistent-0.15.7-py38h0b31af3_0.tar.bz2#0bed45b4ed88167d5f98bf9a27823e65
https://conda.anaconda.org/conda-forge/noarch/python-dateutil-2.8.1-py_0.tar.bz2#0d0150ed9c2d25817f5324108d3f7571
https://conda.anaconda.org/conda-forge/noarch/pyviz_comms-0.7.3-py_0.tar.bz2#f044796ee9b789501dd303a643da0a58
https://conda.anaconda.org/conda-forge/osx-64/pywavelets-1.1.1-py38h3b54f70_0.tar.bz2#a4bdbf36a3130b0423c2a21e9e5c8ee2
https://conda.anaconda.org/conda-forge/noarch/rsa-4.0-py_0.tar.bz2#4a119ffe13e990f0f80dd5e5a66ffba4
https://conda.anaconda.org/conda-forge/osx-64/scipy-1.4.1-py38h82752d6_0.tar.bz2#c0c0c3fe633851f9e07c13d7e572667e
https://conda.anaconda.org/conda-forge/osx-64/setuptools-45.2.0-py38_0.tar.bz2#1a90810ec3cb6927c92d6e28ab5b68be
https://conda.anaconda.org/conda-forge/osx-64/shapely-1.7.0-py38h999ffa5_0.tar.bz2#57c6d57cea921a52765885066243b4b8
https://conda.anaconda.org/conda-forge/osx-64/terminado-0.8.3-py38_0.tar.bz2#e8eef5639fed358b9636e15adfa79055
https://conda.anaconda.org/conda-forge/osx-64/tiledb-1.7.0-hd5e958f_2.tar.bz2#fe65ea01aa9ce3b643d611de513a2dee
https://conda.anaconda.org/conda-forge/osx-64/traitlets-4.3.3-py38_0.tar.bz2#3e502507232fdcb39cc0d47f39bb4696
https://conda.anaconda.org/conda-forge/osx-64/yarl-1.3.0-py38h0b31af3_1000.tar.bz2#3dc406712765f7ba6a0b29e43dab1791
https://conda.anaconda.org/conda-forge/noarch/zict-1.0.0-py_0.tar.bz2#7180c502e24081e1f483ba116c3d4d4d
https://conda.anaconda.org/conda-forge/osx-64/aiohttp-3.6.2-py38h0b31af3_0.tar.bz2#9a4465a78925ae39adffc0c1fb31ad17
https://conda.anaconda.org/conda-forge/noarch/bleach-3.1.1-py_0.tar.bz2#ece3d8b3a9a9e7064649b76784b60e36
https://conda.anaconda.org/conda-forge/osx-64/cryptography-2.8-py38hafa8578_1.tar.bz2#45691de6c8ab5e0d04cb5f8e3bf10288
https://conda.anaconda.org/conda-forge/noarch/datashape-0.5.4-py_1.tar.bz2#50ddfce434ea596fc4497085f403a9d5
https://conda.anaconda.org/conda-forge/osx-64/distributed-2.11.0-py38_0.tar.bz2#cb0da3249423af9c26789f8ce4d1eccd
https://conda.anaconda.org/conda-forge/noarch/google-auth-1.11.2-py_0.tar.bz2#effd22d802777067669da1038657d380
https://conda.anaconda.org/conda-forge/noarch/h5netcdf-0.8.0-py_0.tar.bz2#fa71cf520756021769531c842b9d8fc9
https://conda.anaconda.org/conda-forge/noarch/imageio-2.8.0-py_0.tar.bz2#f63669fea5fd0f69e5081f88ab565855
https://conda.anaconda.org/conda-forge/noarch/jinja2-2.11.1-py_0.tar.bz2#852ec70745d890ed0bb9585e640c3615
https://conda.anaconda.org/conda-forge/osx-64/jsonschema-3.2.0-py38_0.tar.bz2#057f36b648dd797b6050adf4bd823072
https://conda.anaconda.org/conda-forge/osx-64/jupyter_core-4.6.3-py38_0.tar.bz2#bde8f211064ee29b09017a4c8f5f120a
https://conda.anaconda.org/conda-forge/noarch/markdown-3.2.1-py_0.tar.bz2#a70e8d9a9d80774f93973e98531f487c
https://conda.anaconda.org/conda-forge/osx-64/matplotlib-base-3.1.3-py38h11da6c2_0.tar.bz2#54724ea63a7e1c702d56718b105208f9
https://conda.anaconda.org/conda-forge/noarch/munch-2.5.0-py_0.tar.bz2#31d9e9be500e25ff0050bc9f57a6bcd7
https://conda.anaconda.org/conda-forge/osx-64/netcdf4-1.5.3-nompi_py38hcf2264a_102.tar.bz2#5d2ddf8a60b6a4c50bbb4dcc687287ef
https://conda.anaconda.org/conda-forge/noarch/networkx-2.4-py_0.tar.bz2#b6cbd05b353661e960eafdd082959b18
https://conda.anaconda.org/conda-forge/osx-64/numba-0.48.0-py38h4f17bb1_0.tar.bz2#00a54ad35425ccb613a47db4a559ee71
https://conda.anaconda.org/conda-forge/osx-64/pandas-1.0.1-py38h4f17bb1_0.tar.bz2#9c0f354567d92466fb6e0144b5b1b6dd
https://conda.anaconda.org/conda-forge/noarch/pint-0.11-py_0.tar.bz2#3c25f9fc8ba37670cd08fe0aecfec4c1
https://conda.anaconda.org/conda-forge/osx-64/poppler-0.67.0-h16886b5_8.tar.bz2#8ce4170a538612725cbdb88ab21d8274
https://conda.anaconda.org/conda-forge/noarch/pygments-2.5.2-py_0.tar.bz2#c48719b941c60b26add57de2b014ef96
https://conda.anaconda.org/conda-forge/osx-64/pyqt-5.12.3-py38he22c54c_1.tar.bz2#f2c61232a46cecd89687ace372ae1298
https://conda.anaconda.org/conda-forge/noarch/utide-0.2.5-py_0.tar.bz2#f1274d87fc42504b78e7b7e6b5ab5f92
https://conda.anaconda.org/conda-forge/noarch/wheel-0.34.2-py_1.tar.bz2#1a3f64dbee07e02a8f1de36b5b5e98ee
https://conda.anaconda.org/conda-forge/noarch/zarr-2.4.0-py_0.tar.bz2#57d5031b1a07f73f6a671fba6eccbd2a
https://conda.anaconda.org/conda-forge/osx-64/bokeh-1.4.0-py38_0.tar.bz2#8de333b0424550cd4f927de1132f639d
https://conda.anaconda.org/conda-forge/noarch/jupyter_client-6.0.0-py_0.tar.bz2#61c780fe73251c8b20f312ae9bd4d3a6
https://conda.anaconda.org/conda-forge/osx-64/libgdal-3.0.4-h616c345_1.tar.bz2#828707b959f4190059a37ba591df4cc4
https://conda.anaconda.org/conda-forge/noarch/nbformat-5.0.4-py_0.tar.bz2#3914c56543a61e104b13d2bb771bc21b
https://conda.anaconda.org/conda-forge/noarch/pip-20.0.2-py_2.tar.bz2#70e60f1bf7c83ede9f7b2551d006db8c
https://conda.anaconda.org/conda-forge/noarch/prompt_toolkit-2.0.10-py_0.tar.bz2#c8a3c45045f32e31c2f1273a8cc5dda2
https://conda.anaconda.org/conda-forge/noarch/pyjwt-1.7.1-py_0.tar.bz2#617ab4f8c5e481fdeabe55d7a1e14798
https://conda.anaconda.org/conda-forge/noarch/pyopenssl-19.1.0-py_1.tar.bz2#ef3d970a6de9bc902d233e59f746b7cd
https://conda.anaconda.org/conda-forge/osx-64/scikit-image-0.16.2-py38h4f17bb1_0.tar.bz2#166d5b8ab5d627be15c531e19785b87a
https://conda.anaconda.org/conda-forge/noarch/xarray-0.15.0-py_0.tar.bz2#7cf933eb60add7eb6f791798d4a6d017
https://conda.anaconda.org/conda-forge/noarch/dask-2.11.0-py_0.tar.bz2#74efbffb38bee5c962d6c915ef9ea395
https://conda.anaconda.org/conda-forge/osx-64/gdal-3.0.4-py38h97c3584_1.tar.bz2#58b23f918129258fbb2b5f5bc15e8cbd
https://conda.anaconda.org/conda-forge/osx-64/ipython-7.12.0-py38h5ca1d4c_0.tar.bz2#dada81961ac17007269e6cee9f809d8d
https://conda.anaconda.org/conda-forge/osx-64/nbconvert-5.6.1-py38_0.tar.bz2#4ad115f94505cf98a55a3ecd8d5e247f
https://conda.anaconda.org/conda-forge/noarch/oauthlib-3.0.1-py_0.tar.bz2#faaf2a8fd1cddecbf1818fcf0ed3a3b6
https://conda.anaconda.org/conda-forge/osx-64/urllib3-1.25.7-py38_0.tar.bz2#f13621590913b818cca86aad9b2980eb
https://conda.anaconda.org/conda-forge/noarch/botocore-1.15.9-py_0.tar.bz2#816587cd69d91becf3164b1c623d8544
https://conda.anaconda.org/conda-forge/osx-64/fiona-1.8.13-py38he71f6a4_0.tar.bz2#743e49940f070d74b2b420f4aefdaa03
https://conda.anaconda.org/conda-forge/osx-64/ipykernel-5.1.4-py38h5ca1d4c_0.tar.bz2#d4bd8d44309dc724eeb43e2df9d854c9
https://conda.anaconda.org/conda-forge/osx-64/requests-2.23.0-py38_0.tar.bz2#6abb7ad929837c9de965ab6ea52d340a
https://conda.anaconda.org/conda-forge/noarch/aiobotocore-0.12.0-py_0.tar.bz2#b3c9a6302d6ad039c31affaf27b163e6
https://conda.anaconda.org/conda-forge/noarch/erddapy-0.5.3-py_0.tar.bz2#117b9418648b5f016eef33ddf4273e7e
https://conda.anaconda.org/conda-forge/noarch/geopandas-0.7.0-py_1.tar.bz2#374aba5106e4a2ff83fc41cc6a8b5c3d
https://conda.anaconda.org/conda-forge/noarch/jupyter_console-6.0.0-py_0.tar.bz2#8066337cc01f9b1197ccb758a772df68
https://conda.anaconda.org/conda-forge/osx-64/notebook-6.0.3-py38_0.tar.bz2#5f149d16c7a8ebeac61a8943436a2c43
https://conda.anaconda.org/conda-forge/noarch/owslib-0.19.1-py_0.tar.bz2#1f74f312743c05395bd3ed4f2a5e5f90
https://conda.anaconda.org/conda-forge/noarch/pooch-1.0.0-py_0.tar.bz2#e415b8f0a515c2fb90004ad2cf245366
https://conda.anaconda.org/conda-forge/noarch/pyct-0.4.6-py_0.tar.bz2#42d91c89bc3993ec88681cffd3c0e326
https://conda.anaconda.org/conda-forge/noarch/pyepsg-0.4.0-py_0.tar.bz2#c3de0e5a1931c6732457300d2832f02f
https://conda.anaconda.org/conda-forge/noarch/qtconsole-4.6.0-py_0.tar.bz2#4e2089a3185bb3d448671dc969f89a83
https://conda.anaconda.org/conda-forge/noarch/requests-oauthlib-1.2.0-py_0.tar.bz2#27a14eeba7f541bed8de4bcdade9859f
https://conda.anaconda.org/conda-forge/osx-64/s3transfer-0.3.3-py38_0.tar.bz2#40c4c74962251854f755d2caf6a728b5
https://conda.anaconda.org/conda-forge/noarch/boto3-1.12.9-py_1.tar.bz2#17ee0eb1812aa30cfe80128866d67af7
https://conda.anaconda.org/conda-forge/osx-64/cartopy-0.17.0-py38h4ad5ea1_1011.tar.bz2#5b295dd2608d779e774f7cd97e642b11
https://conda.anaconda.org/conda-forge/noarch/colorcet-2.0.1-py_0.tar.bz2#aa65c1760b4ccc79d3be1fb3a7060de8
https://conda.anaconda.org/conda-forge/noarch/dask-cloudprovider-0.1.1-py_0.tar.bz2#7f246b0c071a9272945198828adba584
https://conda.anaconda.org/conda-forge/noarch/google-auth-oauthlib-0.4.1-py_2.tar.bz2#116611db5925f952312e4c1e799936e2
https://conda.anaconda.org/conda-forge/noarch/holoviews-1.12.7-py_0.tar.bz2#7bcbe7dabbfdd6d46cd0a2e115d48a48
https://conda.anaconda.org/conda-forge/noarch/panel-0.8.0-0.tar.bz2#c27c88a943433aa3c75382bfafc75342
https://conda.anaconda.org/conda-forge/osx-64/widgetsnbextension-3.5.1-py38_0.tar.bz2#9cb8138b2459adc248a50d2f3c3ce29e
https://conda.anaconda.org/conda-forge/noarch/datashader-0.10.0-py_0.tar.bz2#434368350692fa548747f35040924d19
https://conda.anaconda.org/conda-forge/noarch/gcsfs-0.6.0-py_0.tar.bz2#00d1de5479b9c5959c98e6717de7a620
https://conda.anaconda.org/conda-forge/noarch/geoviews-core-1.6.6-py_1.tar.bz2#dd62277d9bf29d69187d9b1be401c528
https://conda.anaconda.org/conda-forge/noarch/hvplot-0.5.2-py_0.tar.bz2#feda34e40d1a7cc81f9ccca223d8bf8a
https://conda.anaconda.org/conda-forge/noarch/ipywidgets-7.5.1-py_0.tar.bz2#24c482846bffc5c5beca4f6719fc6244
https://conda.anaconda.org/conda-forge/noarch/metpy-0.12.0-py_0.tar.bz2#c06a3120f4aae2e3989858f0ad8fed5d
https://conda.anaconda.org/conda-forge/noarch/s3fs-0.4.0-py_0.tar.bz2#5547b669e28ff606704e9ee04bb72885
https://conda.anaconda.org/conda-forge/noarch/jupyter-1.0.0-py_2.tar.bz2#46b26993ed7c689863313a03ee39e5e3
https://conda.anaconda.org/conda-forge/noarch/geoviews-1.6.6-py_1.tar.bz2#e0c915cd21099ddc4ddcff5089562145
