# platform: linux-64
@EXPLICIT
https://conda.anaconda.org/conda-forge/linux-64/_libgcc_mutex-0.1-conda_forge.tar.bz2#d7c89558ba9fa0495403155b64376d81
https://conda.anaconda.org/conda-forge/linux-64/ca-certificates-2019.11.28-hecc5488_0.tar.bz2#f38d329dae44f19be049d13345cae38e
https://conda.anaconda.org/conda-forge/linux-64/ld_impl_linux-64-2.33.1-h53a641e_8.tar.bz2#1ec2fba6adb4a40ea9a294233ae3f409
https://conda.anaconda.org/conda-forge/linux-64/libgfortran-ng-7.3.0-hdf63c60_5.tar.bz2#9f8335e79392c5a904acad0c6f066251
https://conda.anaconda.org/conda-forge/linux-64/libstdcxx-ng-9.2.0-hdf63c60_2.tar.bz2#ca372846bf35fc54a853f4175ae5c776
https://conda.anaconda.org/conda-forge/linux-64/llvm-openmp-9.0.1-hc9558a2_2.tar.bz2#f76fff8039bc175506d9cc6fb775f3e8
https://conda.anaconda.org/conda-forge/linux-64/pandoc-2.9.2-0.tar.bz2#ce8f719b236309030676b4a91f43d71c
https://conda.anaconda.org/conda-forge/noarch/poppler-data-0.4.9-1.tar.bz2#1fef1ac4c55eec7cde779d89c8d20cc6
https://conda.anaconda.org/conda-forge/linux-64/_openmp_mutex-4.5-1_llvm.tar.bz2#fa8d764c883a53d22ce622bea830c818
https://conda.anaconda.org/conda-forge/linux-64/tbb-2018.0.5-h2d50403_0.tar.bz2#be43b790055916fd6bca1991fe812577
https://conda.anaconda.org/conda-forge/linux-64/libgcc-ng-9.2.0-h24d8f2e_2.tar.bz2#51817a9a1e6064d0a065a93c2f4986f5
https://conda.anaconda.org/conda-forge/linux-64/blosc-1.17.1-he1b5a44_0.tar.bz2#807a23032aa6bf102d4c8d4f13e248c2
https://conda.anaconda.org/conda-forge/linux-64/bzip2-1.0.8-h516909a_2.tar.bz2#b3a914cd2f2ba2dc18121e0194143c85
https://conda.anaconda.org/conda-forge/linux-64/expat-2.2.9-he1b5a44_2.tar.bz2#285f5b5ca3209d492224935affd00aab
https://conda.anaconda.org/conda-forge/linux-64/freexl-1.0.5-h14c3975_1002.tar.bz2#95adf1f15709756d3c5b3f0330c0b0db
https://conda.anaconda.org/conda-forge/linux-64/geos-3.8.0-he1b5a44_0.tar.bz2#7b526ffd0b2550af61f5889a1397338f
https://conda.anaconda.org/conda-forge/linux-64/giflib-5.2.1-h516909a_2.tar.bz2#70d777f83639cc2c05334b59a6dc9159
https://conda.anaconda.org/conda-forge/linux-64/icu-64.2-he1b5a44_1.tar.bz2#8e881214a23508f1541eb7a3135d6fcb
https://conda.anaconda.org/conda-forge/linux-64/jpeg-9c-h14c3975_1001.tar.bz2#861fd0d02beba22de24ff9d27439b721
https://conda.anaconda.org/conda-forge/linux-64/json-c-0.13.1-h14c3975_1001.tar.bz2#4cd63406790988faad8b26bdbc83b5ae
https://conda.anaconda.org/conda-forge/linux-64/libffi-3.2.1-he1b5a44_1006.tar.bz2#6bbc30efeb8d46e089e2b20116a95733
https://conda.anaconda.org/conda-forge/linux-64/libiconv-1.15-h516909a_1005.tar.bz2#a0f4e2b99abb55e0b41230ea5ea1248d
https://conda.anaconda.org/conda-forge/linux-64/libllvm8-8.0.1-hc9558a2_0.tar.bz2#bc743fdbfe8135350aa6d7a6de385626
https://conda.anaconda.org/conda-forge/linux-64/libllvm9-9.0.1-hc9558a2_0.tar.bz2#4d54e01e7799a97b0ef7a36abbeb7e8f
https://conda.anaconda.org/conda-forge/linux-64/libopenblas-0.3.8-h5ec1e0e_0.tar.bz2#d4332ec651c2fb89fae5223193144c0a
https://conda.anaconda.org/conda-forge/linux-64/libsodium-1.0.17-h516909a_0.tar.bz2#a98437ebf6fbbc6e498c64636f3958cf
https://conda.anaconda.org/conda-forge/linux-64/libspatialindex-1.9.3-he1b5a44_3.tar.bz2#b711318d56579be188d641eae1b9ca8e
https://conda.anaconda.org/conda-forge/linux-64/libuuid-2.32.1-h14c3975_1000.tar.bz2#39c6326f6ee5297632c47db6520546fe
https://conda.anaconda.org/conda-forge/linux-64/libxkbcommon-0.10.0-he1b5a44_0.tar.bz2#78ccac2098edcd3673af2ceb3e95f932
https://conda.anaconda.org/conda-forge/linux-64/lz4-c-1.8.3-he1b5a44_1001.tar.bz2#20cf5873cde2b4f6b7334012669b3118
https://conda.anaconda.org/conda-forge/linux-64/ncurses-6.1-hf484d3e_1002.tar.bz2#17f2190cdcbc753893307b4c81aff478
https://conda.anaconda.org/conda-forge/linux-64/nspr-4.25-he1b5a44_0.tar.bz2#b829b76adc3165851528be9b7e1c6fcb
https://conda.anaconda.org/conda-forge/linux-64/openssl-1.1.1d-h516909a_0.tar.bz2#38765af5203eebccfcad8177672a7f2c
https://conda.anaconda.org/conda-forge/linux-64/pcre-8.44-he1b5a44_0.tar.bz2#e647d89cd5cdf62760cf283a001841ff
https://conda.anaconda.org/conda-forge/linux-64/pixman-0.38.0-h516909a_1003.tar.bz2#7c0b1414e5af196415f7808fbd704143
https://conda.anaconda.org/conda-forge/linux-64/pthread-stubs-0.4-h14c3975_1001.tar.bz2#e0b9987b65bba8016d21f5bdbe0a7923
https://conda.anaconda.org/conda-forge/linux-64/tzcode-2019a-h516909a_1002.tar.bz2#3e96a84d234f84ea6cb87867a97975b0
https://conda.anaconda.org/conda-forge/linux-64/xorg-kbproto-1.0.7-h14c3975_1002.tar.bz2#6dfe5dbe10d55266e4a5e89287eed578
https://conda.anaconda.org/conda-forge/linux-64/xorg-libice-1.0.10-h516909a_0.tar.bz2#4dfda1ccfd0cc90c4fe6786acece9a30
https://conda.anaconda.org/conda-forge/linux-64/xorg-libxau-1.0.9-h14c3975_0.tar.bz2#ffa7c2b7a2c7dc779ed9e38b10a93c3c
https://conda.anaconda.org/conda-forge/linux-64/xorg-libxdmcp-1.1.3-h516909a_0.tar.bz2#e95a160e60b2a327309a6d323a4d780e
https://conda.anaconda.org/conda-forge/linux-64/xorg-renderproto-0.11.1-h14c3975_1002.tar.bz2#fbcb7fa11dee1a5d3df4371cc55bb229
https://conda.anaconda.org/conda-forge/linux-64/xorg-xextproto-7.3.0-h14c3975_1002.tar.bz2#f08999859c405bad87c4bf9b6cdc7bbb
https://conda.anaconda.org/conda-forge/linux-64/xorg-xproto-7.0.31-h14c3975_1007.tar.bz2#a45d8cd411bdf8f08ced463f68986b62
https://conda.anaconda.org/conda-forge/linux-64/xz-5.2.4-h14c3975_1001.tar.bz2#a617e36d37a44931f273712a129afed4
https://conda.anaconda.org/conda-forge/linux-64/yaml-0.2.2-h516909a_1.tar.bz2#6517b4fb410bdcc00f4d03fff58ecd12
https://conda.anaconda.org/conda-forge/linux-64/zlib-1.2.11-h516909a_1006.tar.bz2#eb59ca0a6123517e35bae003be4b4bfe
https://conda.anaconda.org/conda-forge/linux-64/boost-cpp-1.70.0-h8e57a91_2.tar.bz2#06e5e4bda4b8b61c7fdc47cc7a2301b2
https://conda.anaconda.org/conda-forge/linux-64/gettext-0.19.8.1-hc5be6a0_1002.tar.bz2#8c2f1de42f9eec059418f3083f03cabc
https://conda.anaconda.org/conda-forge/linux-64/hdf4-4.2.13-hf30be14_1003.tar.bz2#7f3e92154c3397e085ae1c37eb4975c5
https://conda.anaconda.org/conda-forge/linux-64/hdf5-1.10.5-nompi_h3c11f04_1104.tar.bz2#4ab54adc3774e9da616905a0090affed
https://conda.anaconda.org/conda-forge/linux-64/libblas-3.8.0-15_openblas.tar.bz2#fa19f4448082b21eba9cd8b7d52f2e53
https://conda.anaconda.org/conda-forge/linux-64/libclang-9.0.1-default_hde54327_0.tar.bz2#11192c1ca126c46aeb8e0d05da3ea017
https://conda.anaconda.org/conda-forge/linux-64/libedit-3.1.20170329-hf8c457e_1001.tar.bz2#9a43e6232edf70e46ef2eeb1b8ba4799
https://conda.anaconda.org/conda-forge/linux-64/libpng-1.6.37-hed695b0_0.tar.bz2#53021a5e740824bfd62b8f4d9ebb4149
https://conda.anaconda.org/conda-forge/linux-64/libssh2-1.8.2-h22169c7_2.tar.bz2#19b43b39ac9b778e3e2a7e79029daa80
https://conda.anaconda.org/conda-forge/linux-64/libxcb-1.13-h14c3975_1002.tar.bz2#ca4eb860b5528d5c6de8d97021d9ef78
https://conda.anaconda.org/conda-forge/linux-64/libxml2-2.9.10-hee79883_0.tar.bz2#0217b0926808b1adf93247bba489d733
https://conda.anaconda.org/conda-forge/linux-64/readline-8.0-hf8c457e_0.tar.bz2#c0499d26d9e2fe8bbb06e4e1bae8a089
https://conda.anaconda.org/conda-forge/linux-64/tk-8.6.10-hed695b0_0.tar.bz2#9a3e126468fa7fb6a54caad41b5a2d45
https://conda.anaconda.org/conda-forge/linux-64/xerces-c-3.2.2-h8412b87_1004.tar.bz2#ffe3dc512c8eab9b4a5a8c3d64c0d69a
https://conda.anaconda.org/conda-forge/linux-64/xorg-libsm-1.2.3-h84519dc_1000.tar.bz2#56cc238b81624db9e3e36b2b6a482cc1
https://conda.anaconda.org/conda-forge/linux-64/zeromq-4.3.2-he1b5a44_2.tar.bz2#bc50a478e0d59f9a62ad164e7d768f63
https://conda.anaconda.org/conda-forge/linux-64/zstd-1.4.4-h3b9ef0a_1.tar.bz2#1aa20c67bf1c361084e4d62a426d6969
https://conda.anaconda.org/conda-forge/linux-64/freetype-2.10.0-he983fc9_1.tar.bz2#7bacdc3bcdd75d2e2df9c114c4fbaa74
https://conda.anaconda.org/conda-forge/linux-64/kealib-1.4.10-h58c409b_1005.tar.bz2#5f1ae4b027f339575fe7edff04c73185
https://conda.anaconda.org/conda-forge/linux-64/krb5-1.16.4-h2fd8d38_0.tar.bz2#eeb9f689fb2bf9a43d6639981951c95d
https://conda.anaconda.org/conda-forge/linux-64/libcblas-3.8.0-15_openblas.tar.bz2#eda0d1830047c22261149f9b0b67b6ca
https://conda.anaconda.org/conda-forge/linux-64/libkml-1.3.0-h4fcabce_1010.tar.bz2#0d3fcb73a34b859b1512beaa0973cbb5
https://conda.anaconda.org/conda-forge/linux-64/liblapack-3.8.0-15_openblas.tar.bz2#395e33791f2bc6360d7bd5e821c4cef5
https://conda.anaconda.org/conda-forge/linux-64/libtiff-4.1.0-hc3755c2_3.tar.bz2#bf174e3e658e4a5067db29773cd8c7a4
https://conda.anaconda.org/conda-forge/linux-64/sqlite-3.30.1-hcee41ef_0.tar.bz2#f336ebabe62ffcef174177be963313ce
https://conda.anaconda.org/conda-forge/linux-64/xorg-libx11-1.6.9-h516909a_0.tar.bz2#abce51425428b9f4199f3857c940ebd2
https://conda.anaconda.org/conda-forge/linux-64/fontconfig-2.13.1-h86ecdb6_1001.tar.bz2#51b20857a0d8b2434696f3515a1098d6
https://conda.anaconda.org/conda-forge/linux-64/libcurl-7.68.0-hda55be3_0.tar.bz2#a51a14dce761e5fab8e9211cfdab9f74
https://conda.anaconda.org/conda-forge/linux-64/libpq-12.2-hae5116b_0.tar.bz2#d2e795fe083929c3257c19aee1eee9be
https://conda.anaconda.org/conda-forge/linux-64/libwebp-1.0.2-h56121f0_5.tar.bz2#2544c4e158d8c2cde0e63c702028cfca
https://conda.anaconda.org/conda-forge/linux-64/nss-3.47-he751ad9_0.tar.bz2#ac4eb566e002c1042652cce108ad2287
https://conda.anaconda.org/conda-forge/linux-64/openjpeg-2.3.1-h981e76c_3.tar.bz2#4a4b5d04b3791ab848b47611def88c4f
https://conda.anaconda.org/conda-forge/linux-64/proj-6.3.1-hc80f0dc_0.tar.bz2#ff8dde73bba4037acbdd1b02d10e00dd
https://conda.anaconda.org/conda-forge/linux-64/python-3.8.1-h357f687_2.tar.bz2#e860ad02b3a59c645b68f422b3d49e84
https://conda.anaconda.org/conda-forge/linux-64/xorg-libxext-1.3.4-h516909a_0.tar.bz2#aba40ec20012e0a2641ced275a0abdca
https://conda.anaconda.org/conda-forge/linux-64/xorg-libxrender-0.9.10-h516909a_1002.tar.bz2#bf3514891c6743ed808602fa9f4f1508
https://conda.anaconda.org/conda-forge/noarch/aioitertools-0.5.1-py_0.tar.bz2#3879da896eba3321e3919652d311625e
https://conda.anaconda.org/conda-forge/noarch/appdirs-1.4.3-py_1.tar.bz2#79ea201c0ff86b098d3e3e3fa45505cd
https://conda.anaconda.org/conda-forge/noarch/asciitree-0.3.3-py_2.tar.bz2#c0481c9de49f040272556e2cedf42816
https://conda.anaconda.org/conda-forge/noarch/async-timeout-3.0.1-py_1000.tar.bz2#8b11024b2762a07aaa07d2743231a41b
https://conda.anaconda.org/conda-forge/noarch/attrs-19.3.0-py_0.tar.bz2#5ddf9ee0eb95aac1d3881a8e3df5a1fa
https://conda.anaconda.org/conda-forge/noarch/backcall-0.1.0-py_0.tar.bz2#a6d55d275ba454de578438ae587d7d86
https://conda.anaconda.org/conda-forge/noarch/blinker-1.4-py_1.tar.bz2#fa509a09190583f869ae442bf4d17f5f
https://conda.anaconda.org/conda-forge/noarch/cachetools-3.1.1-py_0.tar.bz2#b603fad0a52df7bdf566826b6489bca8
https://conda.anaconda.org/conda-forge/linux-64/certifi-2019.11.28-py38_0.tar.bz2#cd0c0174c40dea900431b3a95c482304
https://conda.anaconda.org/conda-forge/linux-64/cfitsio-3.470-hb60a0a2_2.tar.bz2#573a70e5dde7885a2a110546d569f6cd
https://conda.anaconda.org/conda-forge/linux-64/chardet-3.0.4-py38_1003.tar.bz2#57918cff34ed35ee489759b8acdde6ea
https://conda.anaconda.org/conda-forge/noarch/click-7.0-py_0.tar.bz2#e8fb50fd9833010f105f989fa806deb3
https://conda.anaconda.org/conda-forge/noarch/cloudpickle-1.3.0-py_0.tar.bz2#cae03ecd9bfea53984927105d6339953
https://conda.anaconda.org/conda-forge/linux-64/curl-7.68.0-hf8cf82a_0.tar.bz2#966380ffbd349045294dfb3d4a6d8363
https://conda.anaconda.org/conda-forge/linux-64/cython-0.29.15-py38he1b5a44_0.tar.bz2#f1caf5d2a9559ae580b4540effc41a58
https://conda.anaconda.org/conda-forge/noarch/dask-core-2.11.0-py_0.tar.bz2#82708dd41ebc28575e1c417af0a8d763
https://conda.anaconda.org/conda-forge/noarch/decorator-4.4.1-py_0.tar.bz2#a969966cb646eee8f7918f52a839b389
https://conda.anaconda.org/conda-forge/noarch/defusedxml-0.6.0-py_0.tar.bz2#37e1033daee0e2edaa5ff42584c52b21
https://conda.anaconda.org/conda-forge/linux-64/docutils-0.15.2-py38_0.tar.bz2#e711cf496b045eb9a8519473b735b35e
https://conda.anaconda.org/conda-forge/noarch/earthsim-1.0.1-py_0.tar.bz2#7019fad5ae29abb6b92b2d414eb08d29
https://conda.anaconda.org/conda-forge/linux-64/entrypoints-0.3-py38_1000.tar.bz2#cb0ce78e58deded80c6074fc9f2125b3
https://conda.anaconda.org/conda-forge/noarch/fsspec-0.6.2-py_0.tar.bz2#bd30647120192a00f1219e983d3cdaaa
https://conda.anaconda.org/conda-forge/linux-64/geotiff-1.5.1-hcbe54f9_9.tar.bz2#a0ba9ed668f3feafb843baa8a016ae3f
https://conda.anaconda.org/conda-forge/linux-64/glib-2.58.3-py38h6f030ca_1002.tar.bz2#d2dda21f41d0d5613890d1ea51530307
https://conda.anaconda.org/conda-forge/noarch/heapdict-1.0.1-py_0.tar.bz2#77242bfb1e74a627fb06319b5a2d3b95
https://conda.anaconda.org/conda-forge/noarch/idna-2.9-py_1.tar.bz2#846ba802162eb14046e303053b42ad61
https://conda.anaconda.org/conda-forge/noarch/ipython_genutils-0.2.0-py_1.tar.bz2#5071c982548b3a20caf70462f04f5287
https://conda.anaconda.org/conda-forge/noarch/jmespath-0.9.4-py_0.tar.bz2#ed27ce57449040db1c8a43ad64b52350
https://conda.anaconda.org/conda-forge/linux-64/kiwisolver-1.1.0-py38hc9558a2_0.tar.bz2#04a10b040d03973c64b3979cc0dc590c
https://conda.anaconda.org/conda-forge/linux-64/libspatialite-4.3.0a-hd318ce7_1035.tar.bz2#84f8e4564841799814b02df2f4071693
https://conda.anaconda.org/conda-forge/linux-64/llvmlite-0.31.0-py38h8b12597_0.tar.bz2#94282360b4ab27bc85d75837c9a03a52
https://conda.anaconda.org/conda-forge/noarch/locket-0.2.0-py_2.tar.bz2#709e8671651c7ec3d1ad07800339ff1d
https://conda.anaconda.org/conda-forge/linux-64/lz4-3.0.2-py38hd79334b_0.tar.bz2#1d4450778049bcb19475ac1dab44b631
https://conda.anaconda.org/conda-forge/linux-64/markupsafe-1.1.1-py38h516909a_0.tar.bz2#7b726e0d48bc8e06b9d4c72538dfb839
https://conda.anaconda.org/conda-forge/linux-64/mistune-0.8.4-py38h516909a_1000.tar.bz2#40012408df7f78998865946a1b98598f
https://conda.anaconda.org/conda-forge/noarch/monotonic-1.5-py_0.tar.bz2#0cc5fd0140497c3f1e2db2e7493b62b3
https://conda.anaconda.org/conda-forge/linux-64/msgpack-python-1.0.0-py38hc9558a2_0.tar.bz2#c4ab56d45273a63e534b479ab2f31222
https://conda.anaconda.org/conda-forge/linux-64/multidict-4.7.5-py38h516909a_0.tar.bz2#3b392ac67f110521db353261401e753d
https://conda.anaconda.org/conda-forge/linux-64/numpy-1.18.1-py38h95a1406_0.tar.bz2#1963a4a654353e9f2b087a461ef41555
https://conda.anaconda.org/conda-forge/noarch/olefile-0.46-py_0.tar.bz2#8a6d3394763144710916ecf556c6287d
https://conda.anaconda.org/conda-forge/noarch/pandocfilters-1.4.2-py_1.tar.bz2#ba6f4a308f1ea22abe1d72e72544af76
https://conda.anaconda.org/conda-forge/noarch/param-1.9.3-py_0.tar.bz2#7258dbe25d6f41d330ffb898932dcac2
https://conda.anaconda.org/conda-forge/noarch/parso-0.6.1-py_0.tar.bz2#9644f185e397fac1d5afb1353a7783b7
https://conda.anaconda.org/conda-forge/linux-64/pickleshare-0.7.5-py38_1000.tar.bz2#5d9d2c9b5b212dd881426c4b6ac0085c
https://conda.anaconda.org/conda-forge/linux-64/postgresql-12.2-hf1211e9_0.tar.bz2#c9d1d71fea0a8edc91c75ec0df1cd062
https://conda.anaconda.org/conda-forge/noarch/prometheus_client-0.7.1-py_0.tar.bz2#469be7d5090ceca761a23f3baa078f1f
https://conda.anaconda.org/conda-forge/linux-64/psutil-5.7.0-py38h516909a_0.tar.bz2#b5383f565ec60df07ba3414a6934001c
https://conda.anaconda.org/conda-forge/noarch/ptyprocess-0.6.0-py_1001.tar.bz2#0c3a56f1ab48cfb002c69b48f9e1ddc6
https://conda.anaconda.org/conda-forge/noarch/pyasn1-0.4.8-py_0.tar.bz2#06d04c9f8f72ac77911db942eda24fb9
https://conda.anaconda.org/conda-forge/noarch/pycparser-2.19-py_2.tar.bz2#0b3f33afd46d7f27d58b2e6837d4b183
https://conda.anaconda.org/conda-forge/noarch/pyparsing-2.4.6-py_0.tar.bz2#3725431e0c73a7fc70807bd9b3a27367
https://conda.anaconda.org/conda-forge/linux-64/pyproj-2.5.0-py38he3cd046_1.tar.bz2#6ab80cc81f2bbfc47f1fda56cb0e7fad
https://conda.anaconda.org/conda-forge/noarch/pyshp-2.1.0-py_0.tar.bz2#d33726eb4b6cc2c348ea4c8ad5e1915b
https://conda.anaconda.org/conda-forge/linux-64/pysocks-1.7.1-py38_0.tar.bz2#e866823638c7e99de9593dd8cf12e1ed
https://conda.anaconda.org/conda-forge/linux-64/python-blosc-1.8.3-py38hb3f55d8_0.tar.bz2#1b7041868d49a959299703f3c61df1cf
https://conda.anaconda.org/conda-forge/noarch/pytz-2019.3-py_0.tar.bz2#50b90b25d004a9d0c90482bbd3fb71d9
https://conda.anaconda.org/conda-forge/linux-64/pyyaml-5.3-py38h516909a_0.tar.bz2#93d9ed2f1092d5c35009c00324e25efd
https://conda.anaconda.org/conda-forge/linux-64/pyzmq-19.0.0-py38h1768529_0.tar.bz2#3181001e47abfe5994cf24937e87e6ec
https://conda.anaconda.org/conda-forge/linux-64/rtree-0.9.4-py38h7b0cdae_0.tar.bz2#0e4cad8a648898bd589515b8f9c39bbf
https://conda.anaconda.org/conda-forge/noarch/send2trash-1.5.0-py_0.tar.bz2#c3779037a635e1150f1c53c28b875949
https://conda.anaconda.org/conda-forge/linux-64/six-1.14.0-py38_0.tar.bz2#f740a1db2d74d50e7fe9cec63f74c5ee
https://conda.anaconda.org/conda-forge/noarch/sortedcontainers-2.1.0-py_0.tar.bz2#06e4b049221dbb924fa6ce7a6befdf11
https://conda.anaconda.org/conda-forge/noarch/tblib-1.6.0-py_0.tar.bz2#0e1562c39e804e0d7df8650626379caa
https://conda.anaconda.org/conda-forge/noarch/testpath-0.4.4-py_0.tar.bz2#3b98fff4d5342bebde2ecaa314f796f9
https://conda.anaconda.org/conda-forge/noarch/toolz-0.10.0-py_0.tar.bz2#9b38c091d24a308daf386f1e82d9d3a9
https://conda.anaconda.org/conda-forge/linux-64/tornado-6.0.3-py38h516909a_4.tar.bz2#b30329fea9688d145548efb9afe92a82
https://conda.anaconda.org/conda-forge/noarch/tqdm-4.43.0-py_0.tar.bz2#e24db805bccd245b06df282c381b2693
https://conda.anaconda.org/conda-forge/noarch/wcwidth-0.1.8-py_0.tar.bz2#0ef44844f85b9eb1d5bff3687d4aa0a2
https://conda.anaconda.org/conda-forge/noarch/webencodings-0.5.1-py_1.tar.bz2#3563be4c5611a44210d9ba0c16113136
https://conda.anaconda.org/conda-forge/linux-64/wrapt-1.12.0-py38h516909a_0.tar.bz2#b80153319a604aa2a001ceaaa602d359
https://conda.anaconda.org/conda-forge/noarch/zipp-3.0.0-py_0.tar.bz2#a6b8fc3d1a4cd0152471f6057d26f155
https://conda.anaconda.org/conda-forge/linux-64/cairo-1.16.0-hfb77d84_1002.tar.bz2#089de63ff3e33afadc7fe0386d496b0d
https://conda.anaconda.org/conda-forge/linux-64/cffi-1.13.2-py38h8022711_0.tar.bz2#848c770d70045f79e5ff6a79e81b7bfc
https://conda.anaconda.org/conda-forge/linux-64/cftime-1.0.4.2-py38hc1659b7_0.tar.bz2#be7f4591113bdb8c946d0a2bc3205584
https://conda.anaconda.org/conda-forge/noarch/click-plugins-1.1.1-py_0.tar.bz2#4fd2c6b53934bd7d96d1f3fdaf99b79f
https://conda.anaconda.org/conda-forge/noarch/cligj-0.5.0-py_0.tar.bz2#a559037c0c463477b91a94a1b9fc5a6f
https://conda.anaconda.org/conda-forge/noarch/cycler-0.10.0-py_2.tar.bz2#f6d7c7e6d8f42cbbec7e07a8d879f91c
https://conda.anaconda.org/conda-forge/linux-64/cytoolz-0.10.1-py38h516909a_0.tar.bz2#6a63f6a08c044cf41533815898507929
https://conda.anaconda.org/conda-forge/linux-64/dbus-1.13.6-he372182_0.tar.bz2#7f3c5ad4cf2fde0144840cc3b8e42283
https://conda.anaconda.org/conda-forge/noarch/fasteners-0.14.1-py_3.tar.bz2#8af0bf3cfe806fb001d9923b4fe1594b
https://conda.anaconda.org/conda-forge/linux-64/gstreamer-1.14.5-h36ae1b5_2.tar.bz2#00084ab2657be5bf0ba0757ccde797ef
https://conda.anaconda.org/conda-forge/linux-64/h5py-2.10.0-nompi_py38h513d04c_102.tar.bz2#3a7ee7bcd339e2264d00d240141fdef6
https://conda.anaconda.org/conda-forge/linux-64/importlib_metadata-1.5.0-py38_0.tar.bz2#4c6ad33fce4a1ad5292ef91bfd2eb23c
https://conda.anaconda.org/conda-forge/linux-64/jedi-0.16.0-py38_0.tar.bz2#834eb1eb31d4bc2a3e545248be2132e9
https://conda.anaconda.org/conda-forge/linux-64/libdap4-3.20.4-hd3bb157_0.tar.bz2#470b98f5baf353e3f96f537b2f07afd7
https://conda.anaconda.org/conda-forge/linux-64/libnetcdf-4.7.3-nompi_h9f9fd6a_101.tar.bz2#d141f382b87a3e4e1cdd0105f733910a
https://conda.anaconda.org/conda-forge/noarch/multipledispatch-0.6.0-py_0.tar.bz2#1073dc92c8f247d94ac14dd79ca0bbec
https://conda.anaconda.org/conda-forge/linux-64/numcodecs-0.6.4-py38he1b5a44_0.tar.bz2#4873a5169bb684b4e120e7bcb287488e
https://conda.anaconda.org/conda-forge/noarch/packaging-20.1-py_0.tar.bz2#b88d38a6e9c690857e2c24a50a5f4f13
https://conda.anaconda.org/conda-forge/noarch/partd-1.1.0-py_0.tar.bz2#4afbf2cdf4e6ad279080d3adb5cefaae
https://conda.anaconda.org/conda-forge/linux-64/pexpect-4.8.0-py38_0.tar.bz2#38b0195ef838bca5753e542e7e39cdb9
https://conda.anaconda.org/conda-forge/linux-64/pillow-7.0.0-py38hefe7db6_0.tar.bz2#2c6510e965ef59465177b70a6c4a9d5a
https://conda.anaconda.org/conda-forge/noarch/pyasn1-modules-0.2.7-py_0.tar.bz2#ad1e886d09700b2304975335f714bd9c
https://conda.anaconda.org/conda-forge/noarch/pyct-core-0.4.6-py_0.tar.bz2#55ec526f95e0959de3f68bc6289a20da
https://conda.anaconda.org/conda-forge/linux-64/pykdtree-1.3.1-py38hc1659b7_1002.tar.bz2#f0c5274d44109c0b1eceeda6a8644638
https://conda.anaconda.org/conda-forge/linux-64/pyrsistent-0.15.7-py38h516909a_0.tar.bz2#9c8b5b0570b7eb33d83a064f361c071c
https://conda.anaconda.org/conda-forge/noarch/python-dateutil-2.8.1-py_0.tar.bz2#0d0150ed9c2d25817f5324108d3f7571
https://conda.anaconda.org/conda-forge/noarch/pyviz_comms-0.7.3-py_0.tar.bz2#f044796ee9b789501dd303a643da0a58
https://conda.anaconda.org/conda-forge/linux-64/pywavelets-1.1.1-py38hc1659b7_0.tar.bz2#9927d017db8d24c61b0785e9d400ff64
https://conda.anaconda.org/conda-forge/noarch/rsa-4.0-py_0.tar.bz2#4a119ffe13e990f0f80dd5e5a66ffba4
https://conda.anaconda.org/conda-forge/linux-64/scipy-1.4.1-py38h921218d_0.tar.bz2#527d30d88127ccb6eea1cfc6c9441e1b
https://conda.anaconda.org/conda-forge/linux-64/setuptools-45.2.0-py38_0.tar.bz2#cd7cdad974f9fbb1ddc0c1520c77aebd
https://conda.anaconda.org/conda-forge/linux-64/shapely-1.7.0-py38h5d51c17_0.tar.bz2#6e6d10677f9e5632e7b9c39fc974b52d
https://conda.anaconda.org/conda-forge/linux-64/terminado-0.8.3-py38_0.tar.bz2#8a8e9716ad8dadd24f6ea1cbf21615d8
https://conda.anaconda.org/conda-forge/linux-64/tiledb-1.7.0-hcde45ca_2.tar.bz2#b36dacd76232ea9d06b6a6723f35f3ad
https://conda.anaconda.org/conda-forge/linux-64/traitlets-4.3.3-py38_0.tar.bz2#7f9b09323091b060ce4c499bb3d74f47
https://conda.anaconda.org/conda-forge/linux-64/yarl-1.3.0-py38h516909a_1000.tar.bz2#f36f35802c8a83e0b11dfb3226390cc0
https://conda.anaconda.org/conda-forge/noarch/zict-1.0.0-py_0.tar.bz2#7180c502e24081e1f483ba116c3d4d4d
https://conda.anaconda.org/conda-forge/linux-64/aiohttp-3.6.2-py38h516909a_0.tar.bz2#84399782cfee811e944baf0b870c30ae
https://conda.anaconda.org/conda-forge/noarch/bleach-3.1.1-py_0.tar.bz2#ece3d8b3a9a9e7064649b76784b60e36
https://conda.anaconda.org/conda-forge/linux-64/cryptography-2.8-py38h72c5cf5_1.tar.bz2#78828beb16aa1aec67dad0d917f245b6
https://conda.anaconda.org/conda-forge/noarch/datashape-0.5.4-py_1.tar.bz2#50ddfce434ea596fc4497085f403a9d5
https://conda.anaconda.org/conda-forge/linux-64/distributed-2.11.0-py38_0.tar.bz2#20d52ad415e03653b566c7b4c2e811b8
https://conda.anaconda.org/conda-forge/noarch/google-auth-1.11.2-py_0.tar.bz2#effd22d802777067669da1038657d380
https://conda.anaconda.org/conda-forge/linux-64/gst-plugins-base-1.14.5-h0935bb2_2.tar.bz2#eb125ee86480e00a4a1ed45a577c3311
https://conda.anaconda.org/conda-forge/noarch/h5netcdf-0.8.0-py_0.tar.bz2#fa71cf520756021769531c842b9d8fc9
https://conda.anaconda.org/conda-forge/noarch/imageio-2.8.0-py_0.tar.bz2#f63669fea5fd0f69e5081f88ab565855
https://conda.anaconda.org/conda-forge/noarch/jinja2-2.11.1-py_0.tar.bz2#852ec70745d890ed0bb9585e640c3615
https://conda.anaconda.org/conda-forge/linux-64/jsonschema-3.2.0-py38_0.tar.bz2#354e6fd11009c310a68a5c1b009d33a9
https://conda.anaconda.org/conda-forge/linux-64/jupyter_core-4.6.3-py38_0.tar.bz2#119841453e230d62ca1d223917e3ba80
https://conda.anaconda.org/conda-forge/noarch/markdown-3.2.1-py_0.tar.bz2#a70e8d9a9d80774f93973e98531f487c
https://conda.anaconda.org/conda-forge/linux-64/matplotlib-base-3.1.3-py38h250f245_0.tar.bz2#eb182969d8ed019d4de6939f393270d2
https://conda.anaconda.org/conda-forge/noarch/munch-2.5.0-py_0.tar.bz2#31d9e9be500e25ff0050bc9f57a6bcd7
https://conda.anaconda.org/conda-forge/linux-64/netcdf4-1.5.3-nompi_py38hd35fb8e_102.tar.bz2#8c725d7ba315a5db37f774278a086822
https://conda.anaconda.org/conda-forge/noarch/networkx-2.4-py_0.tar.bz2#b6cbd05b353661e960eafdd082959b18
https://conda.anaconda.org/conda-forge/linux-64/numba-0.48.0-py38hb3f55d8_0.tar.bz2#580c5132d9f575462db40daf20201ff1
https://conda.anaconda.org/conda-forge/linux-64/pandas-1.0.1-py38hb3f55d8_0.tar.bz2#63de4a9c333c0bfa8d5d837b51b362d7
https://conda.anaconda.org/conda-forge/noarch/pint-0.11-py_0.tar.bz2#3c25f9fc8ba37670cd08fe0aecfec4c1
https://conda.anaconda.org/conda-forge/linux-64/poppler-0.67.0-h14e79db_8.tar.bz2#e20e05cc2efde07972b62414d02de883
https://conda.anaconda.org/conda-forge/noarch/pygments-2.5.2-py_0.tar.bz2#c48719b941c60b26add57de2b014ef96
https://conda.anaconda.org/conda-forge/noarch/utide-0.2.5-py_0.tar.bz2#f1274d87fc42504b78e7b7e6b5ab5f92
https://conda.anaconda.org/conda-forge/noarch/zarr-2.4.0-py_0.tar.bz2#57d5031b1a07f73f6a671fba6eccbd2a
https://conda.anaconda.org/conda-forge/linux-64/bokeh-1.4.0-py38_0.tar.bz2#400fc8d1183aabc4900599cf67c2d4f7
https://conda.anaconda.org/conda-forge/noarch/jupyter_client-6.0.0-py_0.tar.bz2#61c780fe73251c8b20f312ae9bd4d3a6
https://conda.anaconda.org/conda-forge/linux-64/libgdal-3.0.4-h022d3c0_1.tar.bz2#2350e68736609fd73b155d418eb13e3d
https://conda.anaconda.org/conda-forge/noarch/nbformat-5.0.4-py_0.tar.bz2#3914c56543a61e104b13d2bb771bc21b
https://conda.anaconda.org/conda-forge/noarch/prompt_toolkit-2.0.10-py_0.tar.bz2#c8a3c45045f32e31c2f1273a8cc5dda2
https://conda.anaconda.org/conda-forge/noarch/pyjwt-1.7.1-py_0.tar.bz2#617ab4f8c5e481fdeabe55d7a1e14798
https://conda.anaconda.org/conda-forge/noarch/pyopenssl-19.1.0-py_1.tar.bz2#ef3d970a6de9bc902d233e59f746b7cd
https://conda.anaconda.org/conda-forge/linux-64/qt-5.12.5-hd8c4c69_1.tar.bz2#0e105d4afe0c3c81c4fbd9937ec4f359
https://conda.anaconda.org/conda-forge/linux-64/scikit-image-0.16.2-py38hb3f55d8_0.tar.bz2#468b398fefac8884cd6e6513af66549b
https://conda.anaconda.org/conda-forge/noarch/xarray-0.15.0-py_0.tar.bz2#7cf933eb60add7eb6f791798d4a6d017
https://conda.anaconda.org/conda-forge/noarch/dask-2.11.0-py_0.tar.bz2#74efbffb38bee5c962d6c915ef9ea395
https://conda.anaconda.org/conda-forge/linux-64/gdal-3.0.4-py38hbb6b9fb_1.tar.bz2#6e7d42c3f4b4307e3374480d4dd0bb78
https://conda.anaconda.org/conda-forge/linux-64/ipython-7.12.0-py38h5ca1d4c_0.tar.bz2#a6b76251453bdde90b7dc33faa050bfc
https://conda.anaconda.org/conda-forge/linux-64/nbconvert-5.6.1-py38_0.tar.bz2#498a8493755a1906ff2e621521145091
https://conda.anaconda.org/conda-forge/noarch/oauthlib-3.0.1-py_0.tar.bz2#faaf2a8fd1cddecbf1818fcf0ed3a3b6
https://conda.anaconda.org/conda-forge/linux-64/pyqt-5.12.3-py38hcca6a23_1.tar.bz2#f098565f884099e5bc811e1398792878
https://conda.anaconda.org/conda-forge/linux-64/urllib3-1.25.7-py38_0.tar.bz2#3984baa29b0724a26cbe8b28d0f55064
https://conda.anaconda.org/conda-forge/noarch/botocore-1.15.9-py_0.tar.bz2#816587cd69d91becf3164b1c623d8544
https://conda.anaconda.org/conda-forge/linux-64/fiona-1.8.13-py38h900e953_0.tar.bz2#f26f1efbbae75c8df0dea0c249dc5d61
https://conda.anaconda.org/conda-forge/linux-64/ipykernel-5.1.4-py38h5ca1d4c_0.tar.bz2#ad9ed271011e661010a7345ef6acd424
https://conda.anaconda.org/conda-forge/linux-64/requests-2.23.0-py38_0.tar.bz2#6cbd9169df6b3f8f5070c5bd25bddb3d
https://conda.anaconda.org/conda-forge/noarch/aiobotocore-0.12.0-py_0.tar.bz2#b3c9a6302d6ad039c31affaf27b163e6
https://conda.anaconda.org/conda-forge/noarch/erddapy-0.5.3-py_0.tar.bz2#117b9418648b5f016eef33ddf4273e7e
https://conda.anaconda.org/conda-forge/noarch/geopandas-0.7.0-py_1.tar.bz2#374aba5106e4a2ff83fc41cc6a8b5c3d
https://conda.anaconda.org/conda-forge/noarch/jupyter_console-6.0.0-py_0.tar.bz2#8066337cc01f9b1197ccb758a772df68
https://conda.anaconda.org/conda-forge/linux-64/notebook-6.0.3-py38_0.tar.bz2#1d7413e2488300db9d1a48b02df7a884
https://conda.anaconda.org/conda-forge/noarch/owslib-0.19.1-py_0.tar.bz2#1f74f312743c05395bd3ed4f2a5e5f90
https://conda.anaconda.org/conda-forge/noarch/pooch-1.0.0-py_0.tar.bz2#e415b8f0a515c2fb90004ad2cf245366
https://conda.anaconda.org/conda-forge/noarch/pyct-0.4.6-py_0.tar.bz2#42d91c89bc3993ec88681cffd3c0e326
https://conda.anaconda.org/conda-forge/noarch/pyepsg-0.4.0-py_0.tar.bz2#c3de0e5a1931c6732457300d2832f02f
https://conda.anaconda.org/conda-forge/noarch/qtconsole-4.6.0-py_0.tar.bz2#4e2089a3185bb3d448671dc969f89a83
https://conda.anaconda.org/conda-forge/noarch/requests-oauthlib-1.2.0-py_0.tar.bz2#27a14eeba7f541bed8de4bcdade9859f
https://conda.anaconda.org/conda-forge/linux-64/s3transfer-0.3.3-py38_0.tar.bz2#583ce2a480a5208c52cc4149da57e078
https://conda.anaconda.org/conda-forge/noarch/boto3-1.12.9-py_1.tar.bz2#17ee0eb1812aa30cfe80128866d67af7
https://conda.anaconda.org/conda-forge/linux-64/cartopy-0.17.0-py38h39d8c00_1011.tar.bz2#b303041d5bedb3f7cd1d40bbe2f9161d
https://conda.anaconda.org/conda-forge/noarch/colorcet-2.0.1-py_0.tar.bz2#aa65c1760b4ccc79d3be1fb3a7060de8
https://conda.anaconda.org/conda-forge/noarch/dask-cloudprovider-0.1.1-py_0.tar.bz2#7f246b0c071a9272945198828adba584
https://conda.anaconda.org/conda-forge/noarch/google-auth-oauthlib-0.4.1-py_2.tar.bz2#116611db5925f952312e4c1e799936e2
https://conda.anaconda.org/conda-forge/noarch/holoviews-1.12.7-py_0.tar.bz2#7bcbe7dabbfdd6d46cd0a2e115d48a48
https://conda.anaconda.org/conda-forge/noarch/panel-0.8.0-0.tar.bz2#c27c88a943433aa3c75382bfafc75342
https://conda.anaconda.org/conda-forge/linux-64/widgetsnbextension-3.5.1-py38_0.tar.bz2#295f6dee750ca44fc842c69975586028
https://conda.anaconda.org/conda-forge/noarch/datashader-0.10.0-py_0.tar.bz2#434368350692fa548747f35040924d19
https://conda.anaconda.org/conda-forge/noarch/gcsfs-0.6.0-py_0.tar.bz2#00d1de5479b9c5959c98e6717de7a620
https://conda.anaconda.org/conda-forge/noarch/geoviews-core-1.6.6-py_1.tar.bz2#dd62277d9bf29d69187d9b1be401c528
https://conda.anaconda.org/conda-forge/noarch/hvplot-0.5.2-py_0.tar.bz2#feda34e40d1a7cc81f9ccca223d8bf8a
https://conda.anaconda.org/conda-forge/noarch/ipywidgets-7.5.1-py_0.tar.bz2#24c482846bffc5c5beca4f6719fc6244
https://conda.anaconda.org/conda-forge/noarch/metpy-0.12.0-py_0.tar.bz2#c06a3120f4aae2e3989858f0ad8fed5d
https://conda.anaconda.org/conda-forge/noarch/s3fs-0.4.0-py_0.tar.bz2#5547b669e28ff606704e9ee04bb72885
https://conda.anaconda.org/conda-forge/noarch/jupyter-1.0.0-py_2.tar.bz2#46b26993ed7c689863313a03ee39e5e3
https://conda.anaconda.org/conda-forge/noarch/geoviews-1.6.6-py_1.tar.bz2#e0c915cd21099ddc4ddcff5089562145
