# This lock file was generated by conda-lock (https://github.com/conda-incubator/conda-lock). DO NOT EDIT!
#
# A "lock file" contains a concrete list of package versions (with checksums) to be installed. Unlike
# e.g. `conda env create`, the resulting environment will not change as new package versions become
# available, unless you explicitly update the lock file.
#
# Install this environment as "YOURENV" with:
#     conda-lock install -n YOURENV --file conda-lock.yml
# To update a single package to the latest version compatible with the version constraints in the source:
#     conda-lock lock --lockfile conda-lock.yml --update PACKAGE
# To re-solve the entire environment, e.g. after changing a version constraint in the source file:
#     conda-lock -f environment.yml --lockfile conda-lock.yml
metadata:
  channels:
  - url: conda-forge
    used_env_vars: []
  content_hash:
    linux-64: 411951828c7bb91acc7a80ead2c4f2ad335c68117e2a6cce4545c067ef95d4f3
    osx-64: 5f6aed86a49e8f1dd573b7ef4f7b5b21ce608ab0075e99259f03ae24c2700655
    win-64: 462422cb759d2d385adbe39ea0e25193cc9cbf4f8958655dd5794a30c26892ec
  platforms:
  - linux-64
  - osx-64
  - win-64
  sources:
  - environment.yml
package:
- category: main
  dependencies: {}
  hash:
    md5: d7c89558ba9fa0495403155b64376d81
    sha256: fe51de6107f9edc7aa4f786a70f4a883943bc9d39b3bb7307c04c41410990726
  manager: conda
  name: _libgcc_mutex
  optional: false
  platform: linux-64
  url: https://conda.anaconda.org/conda-forge/linux-64/_libgcc_mutex-0.1-conda_forge.tar.bz2
  version: '0.1'
- category: main
  dependencies: {}
  hash:
    md5: 575611b8a84f45960e87722eeb51fa26
    sha256: d13c8774129e0d8d1427f5758fba53cfa915b6a12cd4dbd2bfe612d9eab0506d
  manager: conda
  name: ca-certificates
  optional: false
  platform: linux-64
  url: https://conda.anaconda.org/conda-forge/linux-64/ca-certificates-2021.10.8-ha878542_0.tar.bz2
  version: 2021.10.8
- category: main
  dependencies: {}
  hash:
    md5: bd4f2e711b39af170e7ff15163fe87ee
    sha256: ad7985a9ff622880cf87c42db1ffe2dfb040d8175c1bb352fc8f3705c7e0962f
  manager: conda
  name: ld_impl_linux-64
  optional: false
  platform: linux-64
  url: https://conda.anaconda.org/conda-forge/linux-64/ld_impl_linux-64-2.36.1-hea4e1c9_2.tar.bz2
  version: 2.36.1
- category: main
  dependencies: {}
  hash:
    md5: f547bf125ab234cec9c89491b262fc2f
    sha256: bb311dc19992527acc866ea020ef983ccf1e79860fcf9c42a6550aa602c0f2ab
  manager: conda
  name: libgfortran5
  optional: false
  platform: linux-64
  url: https://conda.anaconda.org/conda-forge/linux-64/libgfortran5-11.2.0-h5c6108e_12.tar.bz2
  version: 11.2.0
- category: main
  dependencies: {}
  hash:
    md5: 7ff3b832ba5e6918c0d026976359d065
    sha256: fb520959d60e8123fb6129de5f5c7c40808fd79daebf3865d7f6ae486dea9d8d
  manager: conda
  name: libstdcxx-ng
  optional: false
  platform: linux-64
  url: https://conda.anaconda.org/conda-forge/linux-64/libstdcxx-ng-11.2.0-he4da1e4_12.tar.bz2
  version: 11.2.0
- category: main
  dependencies: {}
  hash:
    md5: 8ec10f10b8dd27682e8df201466e7416
    sha256: 3df729b9fa66f2e1e566c70baa6799b15c9d0e5d3890b9bd084e02299af25002
  manager: conda
  name: mkl-include
  optional: false
  platform: linux-64
  url: https://conda.anaconda.org/conda-forge/linux-64/mkl-include-2022.0.1-h8d4b97c_803.tar.bz2
  version: 2022.0.1
- category: main
  dependencies: {}
  hash:
    md5: a751ec502589ebdc2eceb183ff602569
    sha256: df50dce9c5d44daf1233ec4be7b1b6c4674a4d715ff55fe43ad27c272765da82
  manager: conda
  name: tzdata
  optional: false
  platform: linux-64
  url: https://conda.anaconda.org/conda-forge/noarch/tzdata-2021e-he74cb21_0.tar.bz2
  version: 2021e
- category: main
  dependencies:
    libgfortran5: 11.2.0 h5c6108e_12
  hash:
    md5: 33c165be455015cc74e8d857182f3f58
    sha256: ac5662a3ca5a43b1e8ab2ee4575e4d8e3d9b58cd555e67cd0d82c443e1a6092b
  manager: conda
  name: libgfortran-ng
  optional: false
  platform: linux-64
  url: https://conda.anaconda.org/conda-forge/linux-64/libgfortran-ng-11.2.0-h69a702a_12.tar.bz2
  version: 11.2.0
- category: main
  dependencies:
    _libgcc_mutex: 0.1 conda_forge
    llvm-openmp: '>=9.0.1'
  hash:
    md5: fa8d764c883a53d22ce622bea830c818
    sha256: 336db438c84eca10d0765ab81bd0bce677dbc0ab03c136ecf27ed05028397660
  manager: conda
  name: _openmp_mutex
  optional: false
  platform: linux-64
  url: https://conda.anaconda.org/conda-forge/linux-64/_openmp_mutex-4.5-1_llvm.tar.bz2
  version: '4.5'
- category: main
  dependencies:
    _libgcc_mutex: 0.1 conda_forge
    _openmp_mutex: '>=4.5'
  hash:
    md5: d34efbb8d7d6312c816b4bb647b818b1
    sha256: 5dd2d022d44deb765c758812384ff050b2e9e8662800aebc038a7de5f42234fd
  manager: conda
  name: libgcc-ng
  optional: false
  platform: linux-64
  url: https://conda.anaconda.org/conda-forge/linux-64/libgcc-ng-11.2.0-h1d223b6_12.tar.bz2
  version: 11.2.0
- category: main
  dependencies:
    libgcc-ng: '>=9.3.0'
  hash:
    md5: a1fd65c7ccbf10880423d82bca54eb54
    sha256: cb521319804640ff2ad6a9f118d972ed76d86bea44e5626c09a13d38f562e1fa
  manager: conda
  name: bzip2
  optional: false
  platform: linux-64
  url: https://conda.anaconda.org/conda-forge/linux-64/bzip2-1.0.8-h7f98852_4.tar.bz2
  version: 1.0.8
- category: main
  dependencies:
    libgcc-ng: '>=9.4.0'
  hash:
    md5: d645c6d2ac96843a2bfaccd2d62b3ac3
    sha256: ab6e9856c21709b7b517e940ae7028ae0737546122f83c2aa5d692860c3b149e
  manager: conda
  name: libffi
  optional: false
  platform: linux-64
  url: https://conda.anaconda.org/conda-forge/linux-64/libffi-3.4.2-h7f98852_5.tar.bz2
  version: 3.4.2
- category: main
  dependencies:
    libgcc-ng: '>=9.4.0'
  hash:
    md5: 39b1328babf85c7c3a61636d9cd50206
    sha256: 32f4fb94d99946b0dabfbbfd442b25852baf909637f2eed1ffe3baea15d02aad
  manager: conda
  name: libnsl
  optional: false
  platform: linux-64
  url: https://conda.anaconda.org/conda-forge/linux-64/libnsl-2.0.0-h7f98852_0.tar.bz2
  version: 2.0.0
- category: main
  dependencies:
    libgcc-ng: '>=9.4.0'
    libgfortran-ng: ''
    libgfortran5: '>=9.4.0'
  hash:
    md5: 41532e4448c0cce086d6570f95e4e12e
    sha256: 6d67f0f7bda1503af83659ca45d8c8ba34d94091fa4cd5b1ecd85332c14db3cc
  manager: conda
  name: libopenblas
  optional: false
  platform: linux-64
  url: https://conda.anaconda.org/conda-forge/linux-64/libopenblas-0.3.18-pthreads_h8fe5266_0.tar.bz2
  version: 0.3.18
- category: main
  dependencies:
    libgcc-ng: '>=9.3.0'
  hash:
    md5: 772d69f030955d9646d3d0eaf21d859d
    sha256: 54f118845498353c936826f8da79b5377d23032bcac8c4a02de2019e26c3f6b3
  manager: conda
  name: libuuid
  optional: false
  platform: linux-64
  url: https://conda.anaconda.org/conda-forge/linux-64/libuuid-2.32.1-h7f98852_1000.tar.bz2
  version: 2.32.1
- category: main
  dependencies:
    libgcc-ng: '>=7.5.0'
  hash:
    md5: dcddf696ff5dfcab567100d691678e18
    sha256: 8292882ea5cfbe2e6b708432dfab0668f2acddb96ab7618163001acbd13678e4
  manager: conda
  name: libzlib
  optional: false
  platform: linux-64
  url: https://conda.anaconda.org/conda-forge/linux-64/libzlib-1.2.11-h36c2ea0_1013.tar.bz2
  version: 1.2.11
- category: main
  dependencies:
    libgcc-ng: '>=9.4.0'
  hash:
    md5: fb31bcb7af058244479ca635d20f0f4a
    sha256: bcb38449634bfe58e821c28d6814795b5bbad73514f0c7a9af7a710bbffc8243
  manager: conda
  name: ncurses
  optional: false
  platform: linux-64
  url: https://conda.anaconda.org/conda-forge/linux-64/ncurses-6.3-h9c3ff4c_0.tar.bz2
  version: '6.3'
- category: main
  dependencies:
    ca-certificates: ''
    libgcc-ng: '>=9.4.0'
  hash:
    md5: 3f9cc59705e5ee0c4ec99bd58fe94b94
    sha256: 2adf6dd85c85de9307b207934d880f87228828926ba4c117ab643902d3dab202
  manager: conda
  name: openssl
  optional: false
  platform: linux-64
  url: https://conda.anaconda.org/conda-forge/linux-64/openssl-3.0.0-h7f98852_2.tar.bz2
  version: 3.0.0
- category: main
  dependencies:
    libgcc-ng: '>=9.4.0'
    libstdcxx-ng: '>=9.4.0'
  hash:
    md5: 177212960e0beb4323deaee9d17afd2a
    sha256: def32fd3b546e980924c3f2660a9d71f35bc9a189ea15bab98e1bef90f96ddad
  manager: conda
  name: tbb
  optional: false
  platform: linux-64
  url: https://conda.anaconda.org/conda-forge/linux-64/tbb-2021.5.0-h4bd325d_0.tar.bz2
  version: 2021.5.0
- category: main
  dependencies:
    libgcc-ng: '>=7.5.0'
  hash:
    md5: 33f601066901f3e1a85af3522a8113f9
    sha256: 1e2823cb2a526bc3a7031ad5dbfb992891f9ff9740d1c17cb6dbb8ebdfd33b27
  manager: conda
  name: xz
  optional: false
  platform: linux-64
  url: https://conda.anaconda.org/conda-forge/linux-64/xz-5.2.5-h516909a_1.tar.bz2
  version: 5.2.5
- category: main
  dependencies:
    libzlib: '>=1.2.11,<1.3.0a0'
  hash:
    md5: e2bb00b02225b9f29a110a82d2c39daa
    sha256: dcfefb9cedba1c03242d94416f7288b5b9548e9aa9a3399fdb01bfa9c1f0c369
  manager: conda
  name: llvm-openmp
  optional: false
  platform: linux-64
  url: https://conda.anaconda.org/conda-forge/linux-64/llvm-openmp-13.0.1-hf817b99_0.tar.bz2
  version: 13.0.1
- category: main
  dependencies:
    libgcc-ng: '>=9.4.0'
    libgfortran-ng: ''
    libgfortran5: '>=9.4.0'
    libopenblas: 0.3.18 pthreads_h8fe5266_0
  hash:
    md5: a3a79eea3e4565fc89c556a9042c801f
    sha256: 5dfd157d7ce0bc6610240718645e9de420776454906e3b0d221eb67903fc7ab5
  manager: conda
  name: openblas
  optional: false
  platform: linux-64
  url: https://conda.anaconda.org/conda-forge/linux-64/openblas-0.3.18-pthreads_h4748800_0.tar.bz2
  version: 0.3.18
- category: main
  dependencies:
    libgcc-ng: '>=9.3.0'
    ncurses: '>=6.2,<7.0.0a0'
  hash:
    md5: 5788de3c8d7a7d64ac56c784c4ef48e6
    sha256: 30464670b3c81ac739e8df6b2c3c57b56d1e1408572540dec63bf4b8713163e4
  manager: conda
  name: readline
  optional: false
  platform: linux-64
  url: https://conda.anaconda.org/conda-forge/linux-64/readline-8.1-h46c0cb4_0.tar.bz2
  version: '8.1'
- category: main
  dependencies:
    libgcc-ng: '>=9.4.0'
    libzlib: '>=1.2.11,<1.3.0a0'
  hash:
    md5: 5b8c42eb62e9fc961af70bdd6a26e168
    sha256: 032fd769aad9d4cad40ba261ab222675acb7ec951a8832455fce18ef33fa8df0
  manager: conda
  name: tk
  optional: false
  platform: linux-64
  url: https://conda.anaconda.org/conda-forge/linux-64/tk-8.6.12-h27826a3_0.tar.bz2
  version: 8.6.12
- category: main
  dependencies:
    libgcc-ng: '>=7.5.0'
    libzlib: 1.2.11 h36c2ea0_1013
  hash:
    md5: cf7190238072a41e9579e4476a6a60b8
    sha256: cec48db35a7def0011bfdaa2b91e5e05d2a0ad788b8871a213eb8cacfeb7418a
  manager: conda
  name: zlib
  optional: false
  platform: linux-64
  url: https://conda.anaconda.org/conda-forge/linux-64/zlib-1.2.11-h36c2ea0_1013.tar.bz2
  version: 1.2.11
- category: main
  dependencies:
    _openmp_mutex: '>=4.5'
    llvm-openmp: '>=12.0.1'
    tbb: 2021.*
  hash:
    md5: 11eb515b8a4a00ce88f3bfadbdf93fb3
    sha256: 28a3daac0896c3848049bf2336323934b93da0090ad808543186a3b0d398a99d
  manager: conda
  name: mkl
  optional: false
  platform: linux-64
  url: https://conda.anaconda.org/conda-forge/linux-64/mkl-2022.0.1-h8d4b97c_803.tar.bz2
  version: 2022.0.1
- category: main
  dependencies:
    libgcc-ng: '>=9.4.0'
    libzlib: '>=1.2.11,<1.3.0a0'
    ncurses: '>=6.2,<7.0.0a0'
    readline: '>=8.1,<9.0a0'
    zlib: '>=1.2.11,<1.3.0a0'
  hash:
    md5: eb66fc098824d25518a79e83d12a81d6
    sha256: 747d385a3e2cf1246bcfb89fea3701dc1aab7947f2a86e6f7ba7a967431fec85
  manager: conda
  name: sqlite
  optional: false
  platform: linux-64
  url: https://conda.anaconda.org/conda-forge/linux-64/sqlite-3.37.0-h9cd32fc_0.tar.bz2
  version: 3.37.0
- category: main
  dependencies:
    mkl: '>=2022.0.1,<2023.0a0'
  hash:
    md5: 587c272e4d76d981a0ecfacd949eebf5
    sha256: b00addd5f89849dd4f4d7d9016ad13dc82a02efa22e3735b9dd055750928aa31
  manager: conda
  name: libblas
  optional: false
  platform: linux-64
  url: https://conda.anaconda.org/conda-forge/linux-64/libblas-3.9.0-13_linux64_mkl.tar.bz2
  version: 3.9.0
- category: main
  dependencies:
    mkl: 2022.0.1 h8d4b97c_803
    mkl-include: 2022.0.1 h8d4b97c_803
  hash:
    md5: 7482474161fad566d2e0ad239ec7d397
    sha256: b5ad232c415346dede0d1f970a4df9a9f8bed208f5a171cffcf04b24fdf13610
  manager: conda
  name: mkl-devel
  optional: false
  platform: linux-64
  url: https://conda.anaconda.org/conda-forge/linux-64/mkl-devel-2022.0.1-ha770c72_804.tar.bz2
  version: 2022.0.1
- category: main
  dependencies:
    bzip2: '>=1.0.8,<2.0a0'
    ld_impl_linux-64: '>=2.36.1'
    libffi: '>=3.4.2,<3.5.0a0'
    libgcc-ng: '>=9.4.0'
    libnsl: '>=2.0.0,<2.1.0a0'
    libuuid: '>=2.32.1,<3.0a0'
    libzlib: '>=1.2.11,<1.3.0a0'
    ncurses: '>=6.3,<7.0a0'
    openssl: '>=3.0.0,<4.0a0'
    pip: ''
    readline: '>=8.1,<9.0a0'
    sqlite: '>=3.37.0,<4.0a0'
    tk: '>=8.6.11,<8.7.0a0'
    tzdata: ''
    xz: '>=5.2.5,<5.3.0a0'
  hash:
    md5: 4619c2392872f2182ef2bd9179893026
    sha256: c1d06dfc83496037a5afd45b63d28d4ddd816f4dc9ab90fbbf9c93d5820fd653
  manager: conda
  name: python
  optional: false
  platform: linux-64
  url: https://conda.anaconda.org/conda-forge/linux-64/python-3.10.2-hc74c709_3_cpython.tar.bz2
  version: 3.10.2
- category: main
  dependencies:
    libblas: 3.9.0 13_linux64_mkl
  hash:
    md5: 478019937506116d1ea9b89ec33baf4c
    sha256: cb5b4fbe85090e19f48ed6649de1db24ee651d66f567b6ec26359b171ef5ef11
  manager: conda
  name: libcblas
  optional: false
  platform: linux-64
  url: https://conda.anaconda.org/conda-forge/linux-64/libcblas-3.9.0-13_linux64_mkl.tar.bz2
  version: 3.9.0
- category: main
  dependencies:
    libblas: 3.9.0 13_linux64_mkl
  hash:
    md5: 9b70cc0764a5b6d27467d4269899352d
    sha256: 2c58535621a66b7a7bd89d441315a3d7ab41fa83e9a7b09bd726d4f0d918bb08
  manager: conda
  name: liblapack
  optional: false
  platform: linux-64
  url: https://conda.anaconda.org/conda-forge/linux-64/liblapack-3.9.0-13_linux64_mkl.tar.bz2
  version: 3.9.0
- category: main
  dependencies:
    python: 3.10.*
  hash:
    md5: 9e7160cd0d865e98f6803f1fe15c8b61
    sha256: e7e52aaec7cba6e17e45d731f9d38ede007aea0d72aee66670ab71016f5783ed
  manager: conda
  name: python_abi
  optional: false
  platform: linux-64
  url: https://conda.anaconda.org/conda-forge/linux-64/python_abi-3.10-2_cp310.tar.bz2
  version: '3.10'
- category: main
  dependencies:
    python: '!=3.0,!=3.1,!=3.2,!=3.3,!=3.4'
  hash:
    md5: 1ca02aaf78d9c70d9a81a3bed5752022
    sha256: aede66e6370f3b936164a703e48362f9080d7162234058fb2ee63cc84d528afc
  manager: conda
  name: wheel
  optional: false
  platform: linux-64
  url: https://conda.anaconda.org/conda-forge/noarch/wheel-0.37.1-pyhd8ed1ab_0.tar.bz2
  version: 0.37.1
- category: main
  dependencies:
    libblas: 3.9.0 13_linux64_mkl
    libcblas: 3.9.0 13_linux64_mkl
    liblapack: 3.9.0 13_linux64_mkl
  hash:
    md5: 4d4a1ec29ba33ed2b7ebab8435f8fde9
    sha256: fe49a33964d01fed9c956835f7ea27c6fde6d46a0b4616b4aa844d085211c359
  manager: conda
  name: liblapacke
  optional: false
  platform: linux-64
  url: https://conda.anaconda.org/conda-forge/linux-64/liblapacke-3.9.0-13_linux64_mkl.tar.bz2
  version: 3.9.0
- category: main
  dependencies:
    libblas: '>=3.8.0,<4.0a0'
    libcblas: '>=3.8.0,<4.0a0'
    libgcc-ng: '>=9.4.0'
    liblapack: '>=3.8.0,<4.0a0'
    libstdcxx-ng: '>=9.4.0'
    python: '>=3.10,<3.11.0a0'
    python_abi: 3.10.* *_cp310
  hash:
    md5: 0045ac0249229a12df7f6aa7588513d0
    sha256: 60a64e88ba7c68dd87ddf63d74a9ab5f6ed53a678e600e25a072065926d72882
  manager: conda
  name: numpy
  optional: false
  platform: linux-64
  url: https://conda.anaconda.org/conda-forge/linux-64/numpy-1.22.2-py310h454958d_0.tar.bz2
  version: 1.22.2
- category: main
  dependencies:
    python: '>=3.10,<3.11.0a0'
    python_abi: 3.10.* *_cp310
  hash:
    md5: 09625337da8fa8676b2ddbba6920f4a3
    sha256: a1da57c89b227e68b6e0b006a90eb90349900714b0177d1c97194c7f76a772e8
  manager: conda
  name: setuptools
  optional: false
  platform: linux-64
  url: https://conda.anaconda.org/conda-forge/linux-64/setuptools-60.9.3-py310hff52083_0.tar.bz2
  version: 60.9.3
- category: main
  dependencies:
    libblas: 3.9.0 13_linux64_mkl
    libcblas: 3.9.0 13_linux64_mkl
    liblapack: 3.9.0 13_linux64_mkl
    liblapacke: 3.9.0 13_linux64_mkl
    mkl: '>=2022.0.1,<2023.0a0'
    mkl-devel: 2022.0.*
  hash:
    md5: 769defbf119c1a7501761e85d372ff09
    sha256: 3e320daa73b73eb087cc857828e9d6f39c134ba08ee279ead557bd2215c4131b
  manager: conda
  name: blas-devel
  optional: false
  platform: linux-64
  url: https://conda.anaconda.org/conda-forge/linux-64/blas-devel-3.9.0-13_linux64_mkl.tar.bz2
  version: 3.9.0
- category: main
  dependencies:
    python: '>=3.7'
    setuptools: ''
    wheel: ''
  hash:
    md5: 45dedae69a0ea21cb8566d04b2ca5536
    sha256: 051b82ff7183969e7d8928c8f9adcb40a6a6baf6f7dc39c5a5824b71ce477b43
  manager: conda
  name: pip
  optional: false
  platform: linux-64
  url: https://conda.anaconda.org/conda-forge/noarch/pip-22.0.3-pyhd8ed1ab_0.tar.bz2
  version: 22.0.3
- category: main
  dependencies:
    _openmp_mutex: '>=4.5'
    blas-devel: 3.9.0 13_linux64_mkl
    libblas: 3.9.0 13_linux64_mkl
    libcblas: 3.9.0 13_linux64_mkl
    libgcc-ng: '>=9.4.0'
    libgfortran-ng: ''
    libgfortran5: '>=9.4.0'
    liblapack: 3.9.0 13_linux64_mkl
    liblapacke: 3.9.0 13_linux64_mkl
    llvm-openmp: '>=12.0.1'
  hash:
    md5: 8d65eab66f3c8a2531d5bde6690e4647
    sha256: 9b2ae4ad18f431ed19ba2c4fa94c79a92b2d360e0489c1a4a0d2d2fe3e1e9c85
  manager: conda
  name: blas
  optional: false
  platform: linux-64
  url: https://conda.anaconda.org/conda-forge/linux-64/blas-2.113-mkl.tar.bz2
  version: '2.113'
- category: main
  dependencies: {}
  hash:
    md5: 37edc4e6304ca87316e160f5ca0bd1b5
    sha256: 60ba4c64f5d0afca0d283c7addba577d3e2efc0db86002808dadb0498661b2f2
  manager: conda
  name: bzip2
  optional: false
  platform: osx-64
  url: https://conda.anaconda.org/conda-forge/osx-64/bzip2-1.0.8-h0d85af4_4.tar.bz2
  version: 1.0.8
- category: main
  dependencies: {}
  hash:
    md5: bb82d0243db9882b509702ecb69e38f0
    sha256: ff652243cd03ec6ef3b3d6ea058f9ebfe38dbef8ade82b1ee47009e5e8f4ae62
  manager: conda
  name: ca-certificates
  optional: false
  platform: osx-64
  url: https://conda.anaconda.org/conda-forge/osx-64/ca-certificates-2021.10.8-h033912b_0.tar.bz2
  version: 2021.10.8
- category: main
  dependencies: {}
  hash:
    md5: 444dfb8ed0bf2a8864f73eb6436b29e0
    sha256: a5d781ed2480d50c274af256d6e7ccfc9a64b65375959be946110ec7e46efd7e
  manager: conda
  name: libcxx
  optional: false
  platform: osx-64
  url: https://conda.anaconda.org/conda-forge/osx-64/libcxx-12.0.1-habf9029_1.tar.bz2
  version: 12.0.1
- category: main
  dependencies: {}
  hash:
    md5: ccb34fb14960ad8b125962d3d79b31a9
    sha256: 7a2d27a936ceee6942ea4d397f9c7d136f12549d86f7617e8b6bad51e01a941f
  manager: conda
  name: libffi
  optional: false
  platform: osx-64
  url: https://conda.anaconda.org/conda-forge/osx-64/libffi-3.4.2-h0d85af4_5.tar.bz2
  version: 3.4.2
- category: main
  dependencies: {}
  hash:
    md5: a3a6a53beaa92c5cfe52ee3a198e78cc
    sha256: 2421046db13b5f161a4330ff4f0e536999bce1ea3b8db5eb0d78e045146707ca
  manager: conda
  name: libzlib
  optional: false
  platform: osx-64
  url: https://conda.anaconda.org/conda-forge/osx-64/libzlib-1.2.11-h9173be1_1013.tar.bz2
  version: 1.2.11
- category: main
  dependencies: {}
  hash:
    md5: a77ba143ee4935b635cda9909136222d
    sha256: c1d150caed3966045df75e70596dc6c6b8a2f6dd736c4c2d2eef645a35873946
  manager: conda
  name: llvm-openmp
  optional: false
  platform: osx-64
  url: https://conda.anaconda.org/conda-forge/osx-64/llvm-openmp-13.0.1-hda6cdc1_0.tar.bz2
  version: 13.0.1
- category: main
  dependencies: {}
  hash:
    md5: fbead6cb1217042b0d05717f61f2369d
    sha256: 3f9b7e521805398495e980d5a8a0ed85d5aa636395499bdda9f21c4f0cdf32f0
  manager: conda
  name: mkl-include
  optional: false
  platform: osx-64
  url: https://conda.anaconda.org/conda-forge/osx-64/mkl-include-2022.0.0-hf224eb6_782.tar.bz2
  version: 2022.0.0
- category: main
  dependencies: {}
  hash:
    md5: 2b8a6df0c28a466781832cbd036a73b7
    sha256: 5cac3124aaaf6f15f86b914bf593b357a62f61cb529ef1840c0947937605001a
  manager: conda
  name: ncurses
  optional: false
  platform: osx-64
  url: https://conda.anaconda.org/conda-forge/osx-64/ncurses-6.3-he49afe7_0.tar.bz2
  version: '6.3'
- category: main
  dependencies: {}
  hash:
    md5: a751ec502589ebdc2eceb183ff602569
    sha256: df50dce9c5d44daf1233ec4be7b1b6c4674a4d715ff55fe43ad27c272765da82
  manager: conda
  name: tzdata
  optional: false
  platform: osx-64
  url: https://conda.anaconda.org/conda-forge/noarch/tzdata-2021e-he74cb21_0.tar.bz2
  version: 2021e
- category: main
  dependencies: {}
  hash:
    md5: 41116deb499e9bc58048c297d6403ce6
    sha256: df1db3f4abb8c7166ae045934040aa5b254521ac4251a5f95eb33adce776d950
  manager: conda
  name: xz
  optional: false
  platform: osx-64
  url: https://conda.anaconda.org/conda-forge/osx-64/xz-5.2.5-haf1e3a3_1.tar.bz2
  version: 5.2.5
- category: main
  dependencies:
    llvm-openmp: '>=8.0.0'
  hash:
    md5: a6956ceb628b14594613cefee5127a7a
    sha256: 5abf434e0089183ad4d36af1d442a246a31123257f505b21dfa07b3475cb5c09
  manager: conda
  name: libgfortran5
  optional: false
  platform: osx-64
  url: https://conda.anaconda.org/conda-forge/osx-64/libgfortran5-9.3.0-h6c81a4c_23.tar.bz2
  version: 9.3.0
- category: main
  dependencies:
    ca-certificates: ''
  hash:
    md5: 459fe1a1b09864f0fbacadc9abf8c73e
    sha256: 45c0d0ef87854dc606a9dd6eb9c9cb25341de03a0a95982b044947105c80ab10
  manager: conda
  name: openssl
  optional: false
  platform: osx-64
  url: https://conda.anaconda.org/conda-forge/osx-64/openssl-3.0.0-h0d85af4_2.tar.bz2
  version: 3.0.0
- category: main
  dependencies:
    ncurses: '>=6.2,<7.0.0a0'
  hash:
    md5: 2832e9b6a7caa7cb192fcda6cfcd8871
    sha256: 03e79b905e70ef1e83a4f23fc07dae03592b80e7528f3624d7a1627d31c4daf6
  manager: conda
  name: readline
  optional: false
  platform: osx-64
  url: https://conda.anaconda.org/conda-forge/osx-64/readline-8.1-h05e3726_0.tar.bz2
  version: '8.1'
- category: main
  dependencies:
    libcxx: '>=11.1.0'
  hash:
    md5: bee824901d92a242d12f7d192c297063
    sha256: 2b2a4116b7effff101c0aff84424b01beaa793dd216275278fcd44b807d0fa2b
  manager: conda
  name: tbb
  optional: false
  platform: osx-64
  url: https://conda.anaconda.org/conda-forge/osx-64/tbb-2021.5.0-h940c156_0.tar.bz2
  version: 2021.5.0
- category: main
  dependencies:
    libzlib: '>=1.2.11,<1.3.0a0'
  hash:
    md5: 8e9480d9c47061db2ed1b4ecce519a7f
    sha256: 331aa1137a264fd9cc905f04f09a161c801fe504b93da08b4e6697bd7c9ae6a6
  manager: conda
  name: tk
  optional: false
  platform: osx-64
  url: https://conda.anaconda.org/conda-forge/osx-64/tk-8.6.12-h5dbffcc_0.tar.bz2
  version: 8.6.12
- category: main
  dependencies:
    libzlib: 1.2.11 h9173be1_1013
  hash:
    md5: cf985617d679990418c380099620b01a
    sha256: 9102c5f89c78c56b0bb0766a074f509d67362cf97aa66d706d4e95e9061bb03c
  manager: conda
  name: zlib
  optional: false
  platform: osx-64
  url: https://conda.anaconda.org/conda-forge/osx-64/zlib-1.2.11-h9173be1_1013.tar.bz2
  version: 1.2.11
- category: main
  dependencies:
    libgfortran5: ''
  hash:
    md5: 60f48cef2d50674e0428c5579b6c3f66
    sha256: bea6b12682bace803e55533856033d7cc628e43b5e7f5d04bd251618a426e145
  manager: conda
  name: libgfortran
  optional: false
  platform: osx-64
  url: https://conda.anaconda.org/conda-forge/osx-64/libgfortran-5.0.0-9_3_0_h6c81a4c_23.tar.bz2
  version: 5.0.0
- category: main
  dependencies:
    llvm-openmp: '>=11.1.0'
    tbb: 2021.*
  hash:
    md5: c66ac5ac447afe4c64b832b72ec6eb88
    sha256: fc92e8379b111560044eb865c0df10b736b5d2c5310b3a8f0bac1d94a81286a5
  manager: conda
  name: mkl
  optional: false
  platform: osx-64
  url: https://conda.anaconda.org/conda-forge/osx-64/mkl-2022.0.0-h89fa619_782.tar.bz2
  version: 2022.0.0
- category: main
  dependencies:
    libzlib: '>=1.2.11,<1.3.0a0'
    ncurses: '>=6.2,<7.0.0a0'
    readline: '>=8.1,<9.0a0'
    zlib: '>=1.2.11,<1.3.0a0'
  hash:
    md5: 68f13bbe00ac288ffc1c1b868bc4da23
    sha256: 80ee9434db28668a6853950e3e7f77d72842373b13cc5a695b35c26689de3fde
  manager: conda
  name: sqlite
  optional: false
  platform: osx-64
  url: https://conda.anaconda.org/conda-forge/osx-64/sqlite-3.37.0-h23a322b_0.tar.bz2
  version: 3.37.0
- category: main
  dependencies:
    mkl: '>=2022.0.0,<2023.0a0'
  hash:
    md5: 8bb58f59a004fb69500ceb3eceeff75d
    sha256: fbd39f08f091711becd0df4dc288a35bdeafee8e90e4ee41fe8bf6e7bfeb0281
  manager: conda
  name: libblas
  optional: false
  platform: osx-64
  url: https://conda.anaconda.org/conda-forge/osx-64/libblas-3.9.0-13_osx64_mkl.tar.bz2
  version: 3.9.0
- category: main
  dependencies:
    libgfortran: 5.*
    libgfortran5: '>=9.3.0'
    llvm-openmp: '>=11.1.0'
  hash:
    md5: a0636ed965924977a848fd0d0258cf17
    sha256: 8107351eec7cde490a1da18cac4a46c6d6f5c90f13dac4843de9a2f1f007dbf2
  manager: conda
  name: libopenblas
  optional: false
  platform: osx-64
  url: https://conda.anaconda.org/conda-forge/osx-64/libopenblas-0.3.18-openmp_h3351f45_0.tar.bz2
  version: 0.3.18
- category: main
  dependencies:
    mkl: 2022.0.0 h89fa619_782
    mkl-include: 2022.0.0 hf224eb6_782
  hash:
    md5: d2ef72a35e1ac30e817ead1fe5720f03
    sha256: 6ebdb16c7c530d12c02b2aeab4cb8f32b0c673e81c1c762189f39bbe61245b3a
  manager: conda
  name: mkl-devel
  optional: false
  platform: osx-64
  url: https://conda.anaconda.org/conda-forge/osx-64/mkl-devel-2022.0.0-h694c41f_783.tar.bz2
  version: 2022.0.0
- category: main
  dependencies:
    bzip2: '>=1.0.8,<2.0a0'
    libffi: '>=3.4.2,<3.5.0a0'
    libzlib: '>=1.2.11,<1.3.0a0'
    ncurses: '>=6.3,<7.0a0'
    openssl: '>=3.0.0,<4.0a0'
    pip: ''
    readline: '>=8.1,<9.0a0'
    sqlite: '>=3.37.0,<4.0a0'
    tk: '>=8.6.11,<8.7.0a0'
    tzdata: ''
    xz: '>=5.2.5,<5.3.0a0'
  hash:
    md5: baff2de5aa1ad9cb7eb95ca3279331bd
    sha256: 93b3acfef16b0a8b4f6ed4b216f5809b27120aab9fc803aa1db7a88659dc8a33
  manager: conda
  name: python
  optional: false
  platform: osx-64
  url: https://conda.anaconda.org/conda-forge/osx-64/python-3.10.2-hea1dfa3_3_cpython.tar.bz2
  version: 3.10.2
- category: main
  dependencies:
    libblas: 3.9.0 13_osx64_mkl
  hash:
    md5: 789047926099969701982d6ce7ffa2b0
    sha256: 38d3235ada0efa0b6fb5fd198744edda57c7080f99a66ee532cc061547ea172f
  manager: conda
  name: libcblas
  optional: false
  platform: osx-64
  url: https://conda.anaconda.org/conda-forge/osx-64/libcblas-3.9.0-13_osx64_mkl.tar.bz2
  version: 3.9.0
- category: main
  dependencies:
    libblas: 3.9.0 13_osx64_mkl
  hash:
    md5: 5aabc941a6304d05acb811c09da9ee21
    sha256: 0e9bbc56ccb2b71a78126572c17f562ea874248f97a217b97998bf5f8074ccb2
  manager: conda
  name: liblapack
  optional: false
  platform: osx-64
  url: https://conda.anaconda.org/conda-forge/osx-64/liblapack-3.9.0-13_osx64_mkl.tar.bz2
  version: 3.9.0
- category: main
  dependencies:
    libgfortran: 5.*
    libgfortran5: '>=9.3.0'
    libopenblas: 0.3.18 openmp_h3351f45_0
    llvm-openmp: '>=11.1.0'
  hash:
    md5: f0aabc33cb8f811952e338045bc3ea0f
    sha256: 5bb76395c0aa209572d57cf8843819f79b9d1224505a04e91ff9119c96bb71e1
  manager: conda
  name: openblas
  optional: false
  platform: osx-64
  url: https://conda.anaconda.org/conda-forge/osx-64/openblas-0.3.18-openmp_h12da7db_0.tar.bz2
  version: 0.3.18
- category: main
  dependencies:
    python: 3.10.*
  hash:
    md5: 502ca4a8b43b424316f380d864832877
    sha256: c79e3da64d6f79377d58d6313463001c7520a23141466816ccb07aed8700afc2
  manager: conda
  name: python_abi
  optional: false
  platform: osx-64
  url: https://conda.anaconda.org/conda-forge/osx-64/python_abi-3.10-2_cp310.tar.bz2
  version: '3.10'
- category: main
  dependencies:
    python: '!=3.0,!=3.1,!=3.2,!=3.3,!=3.4'
  hash:
    md5: 1ca02aaf78d9c70d9a81a3bed5752022
    sha256: aede66e6370f3b936164a703e48362f9080d7162234058fb2ee63cc84d528afc
  manager: conda
  name: wheel
  optional: false
  platform: osx-64
  url: https://conda.anaconda.org/conda-forge/noarch/wheel-0.37.1-pyhd8ed1ab_0.tar.bz2
  version: 0.37.1
- category: main
  dependencies:
    libblas: 3.9.0 13_osx64_mkl
    libcblas: 3.9.0 13_osx64_mkl
    liblapack: 3.9.0 13_osx64_mkl
  hash:
    md5: c5f0478ccdd45bf8ce6e631ceea1287c
    sha256: 4d6b0e9a274387025099e9cdcb068279317bb4055d51efb17f335aade4e4bcb9
  manager: conda
  name: liblapacke
  optional: false
  platform: osx-64
  url: https://conda.anaconda.org/conda-forge/osx-64/liblapacke-3.9.0-13_osx64_mkl.tar.bz2
  version: 3.9.0
- category: main
  dependencies:
    libblas: '>=3.8.0,<4.0a0'
    libcblas: '>=3.8.0,<4.0a0'
    libcxx: '>=11.1.0'
    liblapack: '>=3.8.0,<4.0a0'
    python: '>=3.10,<3.11.0a0'
    python_abi: 3.10.* *_cp310
  hash:
    md5: 7b5bf6e9a297d142e4649c7de4c94f1e
    sha256: 5c09fe6a5821ad24b6677294041bd53f233eee1ed96fbb918df4deec73f0a241
  manager: conda
  name: numpy
  optional: false
  platform: osx-64
  url: https://conda.anaconda.org/conda-forge/osx-64/numpy-1.22.2-py310hfbbbacf_0.tar.bz2
  version: 1.22.2
- category: main
  dependencies:
    python: '>=3.10,<3.11.0a0'
    python_abi: 3.10.* *_cp310
  hash:
    md5: ee4182092a27ab5d12ca4c07a5a72c2f
    sha256: f401264b39c1011faf84a464a61b13c3ce3ca1a9c9c47e50081897e5cc230e04
  manager: conda
  name: setuptools
  optional: false
  platform: osx-64
  url: https://conda.anaconda.org/conda-forge/osx-64/setuptools-60.9.3-py310h2ec42d9_0.tar.bz2
  version: 60.9.3
- category: main
  dependencies:
    libblas: 3.9.0 13_osx64_mkl
    libcblas: 3.9.0 13_osx64_mkl
    liblapack: 3.9.0 13_osx64_mkl
    liblapacke: 3.9.0 13_osx64_mkl
    mkl: '>=2022.0.0,<2023.0a0'
    mkl-devel: 2022.0.*
  hash:
    md5: bafc4fd548223df7069d75a6ec566975
    sha256: a2cd07d732ca30e09c3e47692bec42ccad2dea4569450882a450658731e395eb
  manager: conda
  name: blas-devel
  optional: false
  platform: osx-64
  url: https://conda.anaconda.org/conda-forge/osx-64/blas-devel-3.9.0-13_osx64_mkl.tar.bz2
  version: 3.9.0
- category: main
  dependencies:
    python: '>=3.7'
    setuptools: ''
    wheel: ''
  hash:
    md5: 45dedae69a0ea21cb8566d04b2ca5536
    sha256: 051b82ff7183969e7d8928c8f9adcb40a6a6baf6f7dc39c5a5824b71ce477b43
  manager: conda
  name: pip
  optional: false
  platform: osx-64
  url: https://conda.anaconda.org/conda-forge/noarch/pip-22.0.3-pyhd8ed1ab_0.tar.bz2
  version: 22.0.3
- category: main
  dependencies:
    blas-devel: 3.9.0 13_osx64_mkl
    libblas: 3.9.0 13_osx64_mkl
    libcblas: 3.9.0 13_osx64_mkl
    libgfortran: 5.*
    libgfortran5: '>=9.3.0'
    liblapack: 3.9.0 13_osx64_mkl
    liblapacke: 3.9.0 13_osx64_mkl
  hash:
    md5: 57aa01e192a7176b91b18e2e0bcbab11
    sha256: 82fd744acafe9dfe4869a2d76f5b147751fb4fd5431aad9a540f7c8eb904f514
  manager: conda
  name: blas
  optional: false
  platform: osx-64
  url: https://conda.anaconda.org/conda-forge/osx-64/blas-2.113-mkl.tar.bz2
  version: '2.113'
- category: main
  dependencies: {}
  hash:
    md5: 2ddd48c9b52f7f65361b9645b2c5d370
    sha256: 5885d65c1861fe0575982fd431f9e7dd4ab54f574844e7ac1072c5da8a42a1fc
  manager: conda
  name: ca-certificates
  optional: false
  platform: win-64
  url: https://conda.anaconda.org/conda-forge/win-64/ca-certificates-2021.10.8-h5b45459_0.tar.bz2
  version: 2021.10.8
- category: main
  dependencies: {}
  hash:
    md5: 9617f0042f5eea1155970e6861f3ab6b
    sha256: 7efba7f9675dd1b771d3ca9dc8f5fbacad9cc2a77adad1879cfd1c83d143ad9f
  manager: conda
  name: intel-openmp
  optional: false
  platform: win-64
  url: https://conda.anaconda.org/conda-forge/win-64/intel-openmp-2022.0.0-h57928b3_3663.tar.bz2
  version: 2022.0.0
- category: main
  dependencies: {}
  hash:
    md5: 7e7184f5402aed0e2bf84d0e2cb215d1
    sha256: 5cd6c7a969c9471a72492c0afeaa4b62015789a0996888436a31593dc80feda1
  manager: conda
  name: mkl-include
  optional: false
  platform: win-64
  url: https://conda.anaconda.org/conda-forge/win-64/mkl-include-2022.0.0-h0e2418a_796.tar.bz2
  version: 2022.0.0
- category: main
  dependencies: {}
  hash:
    md5: b0309b72560df66f71a9d5e34a5efdfa
    sha256: 99358d58d778abee4dca82ad29fb58058571f19b0f86138363c260049d4ac7f1
  manager: conda
  name: msys2-conda-epoch
  optional: false
  platform: win-64
  url: https://conda.anaconda.org/conda-forge/win-64/msys2-conda-epoch-20160418-1.tar.bz2
  version: '20160418'
- category: main
  dependencies: {}
  hash:
    md5: a751ec502589ebdc2eceb183ff602569
    sha256: df50dce9c5d44daf1233ec4be7b1b6c4674a4d715ff55fe43ad27c272765da82
  manager: conda
  name: tzdata
  optional: false
  platform: win-64
  url: https://conda.anaconda.org/conda-forge/noarch/tzdata-2021e-he74cb21_0.tar.bz2
  version: 2021e
- category: main
  dependencies: {}
  hash:
    md5: 6d666b6ea8251231ff508062d1e41f9c
    sha256: e5a8634df6ee84745dfe27f40ace7b6e45646a4b7bc7dbeb1efe1bb6128e44b9
  manager: conda
  name: ucrt
  optional: false
  platform: win-64
  url: https://conda.anaconda.org/conda-forge/win-64/ucrt-10.0.20348.0-h57928b3_0.tar.bz2
  version: 10.0.20348.0
- category: main
  dependencies:
    msys2-conda-epoch: '>=20160418'
  hash:
    md5: 53a1c73e1e3d185516d7e3af177596d9
    sha256: 7e3cd95f554660de45f8323fca359e904e8d203efaf07a4d311e46d611481ed1
  manager: conda
  name: m2w64-gmp
  optional: false
  platform: win-64
  url: https://conda.anaconda.org/conda-forge/win-64/m2w64-gmp-6.1.0-2.tar.bz2
  version: 6.1.0
- category: main
  dependencies:
    msys2-conda-epoch: '>=20160418'
  hash:
    md5: 774130a326dee16f1ceb05cc687ee4f0
    sha256: f63a09b2cae7defae0480f1740015d6235f1861afa6fe2e2d3e10bd0d1314ee0
  manager: conda
  name: m2w64-libwinpthread-git
  optional: false
  platform: win-64
  url: https://conda.anaconda.org/conda-forge/win-64/m2w64-libwinpthread-git-5.0.0.4634.697f757-2.tar.bz2
  version: 5.0.0.4634.697f757
- category: main
  dependencies:
    ucrt: '>=10.0.20348.0'
  hash:
    md5: 33d07ebe91062743eabc9e53a60d18e1
    sha256: f2efbbe3465a34b195edd218d5572c998d94c5964d4e495c3d7f95c8bb5fcaac
  manager: conda
  name: vs2015_runtime
  optional: false
  platform: win-64
  url: https://conda.anaconda.org/conda-forge/win-64/vs2015_runtime-14.29.30037-h902a5da_6.tar.bz2
  version: 14.29.30037
- category: main
  dependencies:
    m2w64-gmp: ''
    m2w64-libwinpthread-git: ''
    msys2-conda-epoch: '>=20160418'
  hash:
    md5: 4289d80fb4d272f1f3b56cfe87ac90bd
    sha256: 58afdfe859ed2e9a9b1cc06bc408720cb2c3a6a132e59d4805b090d7574f4ee0
  manager: conda
  name: m2w64-gcc-libs-core
  optional: false
  platform: win-64
  url: https://conda.anaconda.org/conda-forge/win-64/m2w64-gcc-libs-core-5.3.0-7.tar.bz2
  version: 5.3.0
- category: main
  dependencies:
    vs2015_runtime: '>=14.28.29325'
  hash:
    md5: c2aecbc9b00ba6f352e27d3d61fd31fb
    sha256: c6e7d2b9ceafe2cc302fb8fce1dfcc46b49c5333757424a34294bffdfb5569be
  manager: conda
  name: vc
  optional: false
  platform: win-64
  url: https://conda.anaconda.org/conda-forge/win-64/vc-14.2-hb210afc_6.tar.bz2
  version: '14.2'
- category: main
  dependencies:
    vc: '>=14.1,<15.0a0'
    vs2015_runtime: '>=14.16.27012'
  hash:
    md5: 7c03c66026944073040cb19a4f3ec3c9
    sha256: 5389dad4e73e4865bb485f460fc60b120bae74404003d457ecb1a62eb7abf0c1
  manager: conda
  name: bzip2
  optional: false
  platform: win-64
  url: https://conda.anaconda.org/conda-forge/win-64/bzip2-1.0.8-h8ffe710_4.tar.bz2
  version: 1.0.8
- category: main
  dependencies:
    vc: '>=14.1,<15.0a0'
    vs2015_runtime: '>=14.16.27012'
  hash:
    md5: 2c96d1b6915b408893f9472569dee135
    sha256: 1951ab740f80660e9bc07d2ed3aefb874d78c107264fd810f24a1a6211d4b1a5
  manager: conda
  name: libffi
  optional: false
  platform: win-64
  url: https://conda.anaconda.org/conda-forge/win-64/libffi-3.4.2-h8ffe710_5.tar.bz2
  version: 3.4.2
- category: main
  dependencies:
    vc: '>=14.1,<15.0a0'
    vs2015_runtime: '>=14.16.27012'
  hash:
    md5: b28dd2488b4e5f892c67071acc1d0a8c
    sha256: 5b7e002932c0138d78d251caae0c571d13f857ff90e7ce21d58d67073381250e
  manager: conda
  name: libzlib
  optional: false
  platform: win-64
  url: https://conda.anaconda.org/conda-forge/win-64/libzlib-1.2.11-h8ffe710_1013.tar.bz2
  version: 1.2.11
- category: main
  dependencies:
    m2w64-gcc-libs-core: ''
    msys2-conda-epoch: '>=20160418'
  hash:
    md5: 066552ac6b907ec6d72c0ddab29050dc
    sha256: 9de95a7996d5366ae0808eef2acbc63f9b11b874aa42375f55379e6715845dc6
  manager: conda
  name: m2w64-gcc-libgfortran
  optional: false
  platform: win-64
  url: https://conda.anaconda.org/conda-forge/win-64/m2w64-gcc-libgfortran-5.3.0-6.tar.bz2
  version: 5.3.0
- category: main
  dependencies:
    ca-certificates: ''
    vc: '>=14.1,<15.0a0'
    vs2015_runtime: '>=14.16.27012'
  hash:
    md5: cd0ec2b30e9d2bf834dca8dafc60b524
    sha256: dc51f3a9a0c3aacc8c9a011e6eb2a35c322bacbf4c629ed7afd65a35e8e2c5f4
  manager: conda
  name: openssl
  optional: false
  platform: win-64
  url: https://conda.anaconda.org/conda-forge/win-64/openssl-3.0.0-h8ffe710_2.tar.bz2
  version: 3.0.0
- category: main
  dependencies:
    vc: '>=14.1,<15.0a0'
    vs2015_runtime: '>=14.16.27012'
  hash:
    md5: cc2d704449f994c1aa422a5a1cd8a64e
    sha256: bdb31c911d194a2d62a090316c3e67c92858eb81acb8a853e70e76c585708aff
  manager: conda
  name: sqlite
  optional: false
  platform: win-64
  url: https://conda.anaconda.org/conda-forge/win-64/sqlite-3.37.0-h8ffe710_0.tar.bz2
  version: 3.37.0
- category: main
  dependencies:
    vc: '>=14.1,<15.0a0'
    vs2015_runtime: '>=14.16.27012'
  hash:
    md5: 81892af9e08d8bf7a98e9713189d6885
    sha256: 0bb3b0ad8adf41798707e3c612d7dcdb2d65d6c6682cd5e722f61a825bd6bf4c
  manager: conda
  name: tbb
  optional: false
  platform: win-64
  url: https://conda.anaconda.org/conda-forge/win-64/tbb-2021.5.0-h2d74725_0.tar.bz2
  version: 2021.5.0
- category: main
  dependencies:
    vc: '>=14.1,<15'
    vs2015_runtime: '>=14.16.27033'
  hash:
    md5: c69a5047cc9291ae40afd4a1ad6f0c0f
    sha256: 087795090a99a1d397ef1ed80b4a01fabfb0122efb141562c168e3c0a76edba6
  manager: conda
  name: tk
  optional: false
  platform: win-64
  url: https://conda.anaconda.org/conda-forge/win-64/tk-8.6.12-h8ffe710_0.tar.bz2
  version: 8.6.12
- category: main
  dependencies:
    vc: '>=14.1,<15.0a0'
    vs2015_runtime: '>=14.16.27012'
  hash:
    md5: eabcbfedd14d7c18a514afca09ea0ebb
    sha256: 6a1dbc89071137b73ca7dcb709521cb51d3a5c795668f24942c1113c29f64737
  manager: conda
  name: xz
  optional: false
  platform: win-64
  url: https://conda.anaconda.org/conda-forge/win-64/xz-5.2.5-h62dcd97_1.tar.bz2
  version: 5.2.5
- category: main
  dependencies:
    m2w64-gcc-libgfortran: ''
    m2w64-gcc-libs-core: ''
    m2w64-gmp: ''
    m2w64-libwinpthread-git: ''
    msys2-conda-epoch: '>=20160418'
  hash:
    md5: fe759119b8b3bfa720b8762c6fdc35de
    sha256: 3bd1ab02b7c89a5b153a17be03b36d833f1517ff2a6a77ead7c4a808b88196aa
  manager: conda
  name: m2w64-gcc-libs
  optional: false
  platform: win-64
  url: https://conda.anaconda.org/conda-forge/win-64/m2w64-gcc-libs-5.3.0-7.tar.bz2
  version: 5.3.0
- category: main
  dependencies:
    intel-openmp: ''
    tbb: 2021.*
  hash:
    md5: 54baa34953c02445bfd6f566c45decbb
    sha256: 041c0788837488bfd2293e387eebcaab599425d6a1bcfd9a320db1d9ba4aa7a2
  manager: conda
  name: mkl
  optional: false
  platform: win-64
  url: https://conda.anaconda.org/conda-forge/win-64/mkl-2022.0.0-h0e2418a_796.tar.bz2
  version: 2022.0.0
- category: main
  dependencies:
    bzip2: '>=1.0.8,<2.0a0'
    libffi: '>=3.4.2,<3.5.0a0'
    libzlib: '>=1.2.11,<1.3.0a0'
    openssl: '>=3.0.0,<4.0a0'
    pip: ''
    sqlite: '>=3.37.0,<4.0a0'
    tk: '>=8.6.11,<8.7.0a0'
    tzdata: ''
    vc: '>=14.1,<15'
    vs2015_runtime: '>=14.16.27033'
    xz: '>=5.2.5,<5.3.0a0'
  hash:
    md5: 143a47ece3fe48d733e4e9b3d65036a9
    sha256: c5f20e582c6ec27445d284a2f3f86a59b1eae6ec02483fa7c918195df13401bf
  manager: conda
  name: python
  optional: false
  platform: win-64
  url: https://conda.anaconda.org/conda-forge/win-64/python-3.10.2-hcf16a7b_3_cpython.tar.bz2
  version: 3.10.2
- category: main
  dependencies:
    mkl: 2022.0.0 h0e2418a_796
  hash:
    md5: 5addc4aa3bae7e89ce6eb8720650b257
    sha256: fbcd87e8a137c80f1fdc4e6a95284c5c09c325b959b3e77370fdea3322d9b5ff
  manager: conda
  name: libblas
  optional: false
  platform: win-64
  url: https://conda.anaconda.org/conda-forge/win-64/libblas-3.9.0-13_win64_mkl.tar.bz2
  version: 3.9.0
- category: main
  dependencies:
    mkl: 2022.0.0 h0e2418a_796
    mkl-include: 2022.0.0 h0e2418a_796
  hash:
    md5: 88bea1a9a80bea1270e7017994142816
    sha256: e1647580cdda4781f03d2844320745cfa30c2734214439e47f6a830c45a1418d
  manager: conda
  name: mkl-devel
  optional: false
  platform: win-64
  url: https://conda.anaconda.org/conda-forge/win-64/mkl-devel-2022.0.0-h57928b3_797.tar.bz2
  version: 2022.0.0
- category: main
  dependencies:
    python: 3.10.*
  hash:
    md5: aaa900b98edb2e67106b461ff365ba57
    sha256: 0871297da6dc3379aeddcb55787faf61aa44103b247b52aac381da3a1c794e45
  manager: conda
  name: python_abi
  optional: false
  platform: win-64
  url: https://conda.anaconda.org/conda-forge/win-64/python_abi-3.10-2_cp310.tar.bz2
  version: '3.10'
- category: main
  dependencies:
    python: '!=3.0,!=3.1,!=3.2,!=3.3,!=3.4'
  hash:
    md5: 1ca02aaf78d9c70d9a81a3bed5752022
    sha256: aede66e6370f3b936164a703e48362f9080d7162234058fb2ee63cc84d528afc
  manager: conda
  name: wheel
  optional: false
  platform: win-64
  url: https://conda.anaconda.org/conda-forge/noarch/wheel-0.37.1-pyhd8ed1ab_0.tar.bz2
  version: 0.37.1
- category: main
  dependencies:
    libblas: 3.9.0 13_win64_mkl
  hash:
    md5: 0facf207b485dc20c4ef5f8b92c7c949
    sha256: d0cdc69f7975cbce3a95930515203a966ec4b0e5ba42b270135c37f4f5750c61
  manager: conda
  name: libcblas
  optional: false
  platform: win-64
  url: https://conda.anaconda.org/conda-forge/win-64/libcblas-3.9.0-13_win64_mkl.tar.bz2
  version: 3.9.0
- category: main
  dependencies:
    libblas: 3.9.0 13_win64_mkl
  hash:
    md5: 4a777de294375e4d78ad53e5581a9ede
    sha256: ddfa4c4f26082ae26fde65ab828cf284023758965478237b7a3469261e9d2664
  manager: conda
  name: liblapack
  optional: false
  platform: win-64
  url: https://conda.anaconda.org/conda-forge/win-64/liblapack-3.9.0-13_win64_mkl.tar.bz2
  version: 3.9.0
- category: main
  dependencies:
    python: '>=3.10,<3.11.0a0'
    python_abi: 3.10.* *_cp310
  hash:
    md5: 356c2849d98ebbb1a7f301d14ca2b8ae
    sha256: 14fbb9513af276a90242b94d87c2686a2ac430ce499b180668ca1f3b34af96e0
  manager: conda
  name: setuptools
  optional: false
  platform: win-64
  url: https://conda.anaconda.org/conda-forge/win-64/setuptools-60.9.3-py310h5588dad_0.tar.bz2
  version: 60.9.3
- category: main
  dependencies:
    libblas: 3.9.0 13_win64_mkl
    libcblas: 3.9.0 13_win64_mkl
    liblapack: 3.9.0 13_win64_mkl
  hash:
    md5: 0219fa3a0e3ec499af261a03a02cadff
    sha256: fed2778e37073b394a122a761bcf2455144631ab09454887e7f929d7bb08559e
  manager: conda
  name: liblapacke
  optional: false
  platform: win-64
  url: https://conda.anaconda.org/conda-forge/win-64/liblapacke-3.9.0-13_win64_mkl.tar.bz2
  version: 3.9.0
- category: main
  dependencies:
    libblas: '>=3.8.0,<4.0a0'
    libcblas: '>=3.8.0,<4.0a0'
    liblapack: '>=3.8.0,<4.0a0'
    python: '>=3.10,<3.11.0a0'
    python_abi: 3.10.* *_cp310
    vc: '>=14.1,<15'
    vs2015_runtime: '>=14.16.27033'
  hash:
    md5: a59065c55cab7fd8f65a380f49da597f
    sha256: d42903971362f9f4be116ab3c270fea182677e375b04ec47be96320701337cc9
  manager: conda
  name: numpy
  optional: false
  platform: win-64
  url: https://conda.anaconda.org/conda-forge/win-64/numpy-1.22.2-py310hcae7c84_0.tar.bz2
  version: 1.22.2
- category: main
  dependencies:
    python: '>=3.7'
    setuptools: ''
    wheel: ''
  hash:
    md5: 45dedae69a0ea21cb8566d04b2ca5536
    sha256: 051b82ff7183969e7d8928c8f9adcb40a6a6baf6f7dc39c5a5824b71ce477b43
  manager: conda
  name: pip
  optional: false
  platform: win-64
  url: https://conda.anaconda.org/conda-forge/noarch/pip-22.0.3-pyhd8ed1ab_0.tar.bz2
  version: 22.0.3
- category: main
  dependencies:
    libblas: 3.9.0 13_win64_mkl
    libcblas: 3.9.0 13_win64_mkl
    liblapack: 3.9.0 13_win64_mkl
    liblapacke: 3.9.0 13_win64_mkl
    mkl: '>=2022.0.0,<2023.0a0'
    mkl-devel: 2022.0.*
  hash:
    md5: 4f4e68bd5bacdce497ecf5762b4321db
    sha256: ab26014c747257f6f5b7e2e4a1b1c9ab147b6c8dde908fa43e5af97bc6c1429c
  manager: conda
  name: blas-devel
  optional: false
  platform: win-64
  url: https://conda.anaconda.org/conda-forge/win-64/blas-devel-3.9.0-13_win64_mkl.tar.bz2
  version: 3.9.0
- category: main
  dependencies:
    blas-devel: 3.9.0 13_win64_mkl
    libblas: 3.9.0 13_win64_mkl
    libcblas: 3.9.0 13_win64_mkl
    liblapack: 3.9.0 13_win64_mkl
    liblapacke: 3.9.0 13_win64_mkl
    m2w64-gcc-libs: ''
  hash:
    md5: 70636707d3175bdb1be4514156a409a5
    sha256: 2eaf34bcb3271acfcb4793a31fc6e0fec126f7b60823678afaf2823a7a67d6a5
  manager: conda
  name: blas
  optional: false
  platform: win-64
  url: https://conda.anaconda.org/conda-forge/win-64/blas-2.113-mkl.tar.bz2
  version: '2.113'
version: 1
