# Generated by conda-lock.
# platform: linux-64
# input_hash: 29b8b1cb1bd7300f4132449376002afdf68b6bcac16a87bc322f06b9ba7d697c
@EXPLICIT
https://conda.anaconda.org/conda-forge/linux-64/_libgcc_mutex-0.1-conda_forge.tar.bz2#d7c89558ba9fa0495403155b64376d81
https://conda.anaconda.org/conda-forge/linux-64/ca-certificates-2021.5.30-ha878542_0.tar.bz2#6a777890e94194dc94a29a76d2a7e721
https://conda.anaconda.org/conda-forge/linux-64/ld_impl_linux-64-2.36.1-hea4e1c9_2.tar.bz2#bd4f2e711b39af170e7ff15163fe87ee
https://conda.anaconda.org/conda-forge/linux-64/libgfortran5-11.2.0-h5c6108e_8.tar.bz2#1672a7e59c23aac19cb01260e873a4b0
https://conda.anaconda.org/conda-forge/linux-64/libstdcxx-ng-11.2.0-he4da1e4_8.tar.bz2#cee237cb6cd08c65c2f74ada9524b768
https://conda.anaconda.org/conda-forge/noarch/tzdata-2021a-he74cb21_1.tar.bz2#cc5690eb258c3706f754306f191da8d8
https://conda.anaconda.org/conda-forge/linux-64/libgfortran-ng-11.2.0-h69a702a_8.tar.bz2#d246e04ac94318cfe8ad8879a41e908e
https://conda.anaconda.org/conda-forge/linux-64/libgomp-11.2.0-h1d223b6_8.tar.bz2#9c5ec5d954d2009c6b267ed25346ef87
https://conda.anaconda.org/conda-forge/linux-64/_openmp_mutex-4.5-1_gnu.tar.bz2#561e277319a41d4f24f5c05a9ef63c04
https://conda.anaconda.org/conda-forge/linux-64/libgcc-ng-11.2.0-h1d223b6_8.tar.bz2#2de68a054a079032d30dcd54ebf2ecb9
https://conda.anaconda.org/conda-forge/linux-64/jbig-2.1-h7f98852_2003.tar.bz2#1aa0cee79792fa97b7ff4545110b60bf
https://conda.anaconda.org/conda-forge/linux-64/jpeg-9d-h36c2ea0_0.tar.bz2#ea02ce6037dbe81803ae6123e5ba1568
https://conda.anaconda.org/conda-forge/linux-64/lerc-2.2.1-h9c3ff4c_0.tar.bz2#ea833dcaeb9e7ac4fac521f1a7abec82
https://conda.anaconda.org/conda-forge/linux-64/libdeflate-1.7-h7f98852_5.tar.bz2#10e242842cd30c59c12d79371dc0f583
https://conda.anaconda.org/conda-forge/linux-64/libffi-3.3-h58526e2_2.tar.bz2#665369991d8dd290ac5ee92fce3e6bf5
https://conda.anaconda.org/conda-forge/linux-64/libntlm-1.4-h7f98852_1002.tar.bz2#e728e874159b042d92b90238a3cb0dc2
https://conda.anaconda.org/conda-forge/linux-64/libopenblas-0.3.17-pthreads_h8fe5266_1.tar.bz2#7f96c04618e952e0f9d94d5e07545a71
https://conda.anaconda.org/conda-forge/linux-64/libwebp-base-1.2.1-h7f98852_0.tar.bz2#90607c4c0247f04ec98b48997de71c1a
https://conda.anaconda.org/conda-forge/linux-64/lz4-c-1.9.3-h9c3ff4c_1.tar.bz2#fbe97e8fa6f275d7c76a09e795adc3e6
https://conda.anaconda.org/conda-forge/linux-64/ncurses-6.2-h58526e2_4.tar.bz2#509f2a21c4a09214cd737a480dfd80c9
https://conda.anaconda.org/conda-forge/linux-64/openssl-1.1.1l-h7f98852_0.tar.bz2#de7b38a1542dbe6f41653a8ae71adc53
https://conda.anaconda.org/conda-forge/linux-64/xz-5.2.5-h516909a_1.tar.bz2#33f601066901f3e1a85af3522a8113f9
https://conda.anaconda.org/conda-forge/linux-64/zlib-1.2.11-h516909a_1010.tar.bz2#339cc5584e6d26bc73a875ba900028c3
https://conda.anaconda.org/conda-forge/linux-64/gettext-0.19.8.1-h0b5b191_1005.tar.bz2#ff6f69b593a9e74c0e6b61908ac513fa
https://conda.anaconda.org/conda-forge/linux-64/libblas-3.9.0-11_linux64_openblas.tar.bz2#b8a498e2cac5746b808d5961cb584a13
https://conda.anaconda.org/conda-forge/linux-64/libedit-3.1.20191231-he28a2e2_2.tar.bz2#4d331e44109e3f0e19b4cb8f9b82f3e1
https://conda.anaconda.org/conda-forge/linux-64/libpng-1.6.37-h21135ba_2.tar.bz2#b6acf807307d033d4b7e758b4f44b036
https://conda.anaconda.org/conda-forge/linux-64/readline-8.1-h46c0cb4_0.tar.bz2#5788de3c8d7a7d64ac56c784c4ef48e6
https://conda.anaconda.org/conda-forge/linux-64/tk-8.6.11-h27826a3_1.tar.bz2#84e76fb280e735fec1efd2d21fd9cb27
https://conda.anaconda.org/conda-forge/linux-64/zstd-1.5.0-ha95c52a_0.tar.bz2#b56f94865e2de36abf054e7bfa499034
https://conda.anaconda.org/conda-forge/linux-64/freetype-2.10.4-h0708190_1.tar.bz2#4a06f2ac2e5bfae7b6b245171c3f07aa
https://conda.anaconda.org/conda-forge/linux-64/krb5-1.19.2-hcc1bbae_1.tar.bz2#4f3b8eb139590847af8326f140a4dcea
https://conda.anaconda.org/conda-forge/linux-64/libcblas-3.9.0-11_linux64_openblas.tar.bz2#59bf439337c9ec59297f701e4ee97e09
https://conda.anaconda.org/conda-forge/linux-64/libgpg-error-1.42-h9c3ff4c_0.tar.bz2#1f76914c99b4275c2f6b677e1cc2b8a5
https://conda.anaconda.org/conda-forge/linux-64/liblapack-3.9.0-11_linux64_openblas.tar.bz2#00d3680586af1f0689398b080e273cbb
https://conda.anaconda.org/conda-forge/linux-64/libtiff-4.3.0-hf544144_1.tar.bz2#a65a4158716bd7d95bfa69bcfd83081c
https://conda.anaconda.org/conda-forge/linux-64/sqlite-3.36.0-h9cd32fc_2.tar.bz2#3588c2c6cb9f9bcc65b544ab1c715d60
https://conda.anaconda.org/conda-forge/linux-64/cyrus-sasl-2.1.27-h230043b_3.tar.bz2#293d808d47c7ba0f3fd4ad4a815ee27d
https://conda.anaconda.org/conda-forge/linux-64/lcms2-2.12-hddcbb42_0.tar.bz2#797117394a4aa588de6d741b06fad80f
https://conda.anaconda.org/conda-forge/linux-64/libgcrypt-1.9.3-h7f98852_1.tar.bz2#244650385462998e76597aa87010ade7
https://conda.anaconda.org/conda-forge/linux-64/openjpeg-2.4.0-hb52868f_1.tar.bz2#b7ad78ad2e9ee155f59e6428406ee824
https://conda.anaconda.org/conda-forge/linux-64/python-3.9.0-hffdb5ce_5_cpython.tar.bz2#d26d64e4cf67cbfab3caf9176c9255de
https://conda.anaconda.org/conda-forge/noarch/attrs-21.2.0-pyhd8ed1ab_0.tar.bz2#d2e1c7f388ac403df7079b411c37cc50
https://conda.anaconda.org/conda-forge/noarch/backoff-1.11.1-pyhd8ed1ab_0.tar.bz2#a66ed29a35bea3b34d8f1cf87bd748b2
https://conda.anaconda.org/conda-forge/noarch/charset-normalizer-2.0.0-pyhd8ed1ab_0.tar.bz2#4a57e24d5b759893615c05926b7b5fb9
https://conda.anaconda.org/conda-forge/noarch/idna-3.1-pyhd3deb0d_0.tar.bz2#9c9aea4b8391264477df484f798562d0
https://conda.anaconda.org/conda-forge/noarch/iniconfig-1.1.1-pyh9f0ad1d_0.tar.bz2#39161f81cc5e5ca45b8226fbb06c6905
https://conda.anaconda.org/conda-forge/linux-64/libgsasl-1.10.0-h5b4c23d_0.tar.bz2#e51f10c96ef8a793b7fe26638154975b
https://conda.anaconda.org/conda-forge/noarch/more-itertools-8.10.0-pyhd8ed1ab_0.tar.bz2#24a4379cfc9ba76a7ad238e5c32a6c68
https://conda.anaconda.org/conda-forge/noarch/olefile-0.46-pyh9f0ad1d_1.tar.bz2#0b2e68acc8c78c8cc392b90983481f58
https://conda.anaconda.org/conda-forge/noarch/py-1.10.0-pyhd3deb0d_0.tar.bz2#88ca1328ecc79a070214aa24911bace8
https://conda.anaconda.org/conda-forge/noarch/pycparser-2.20-pyh9f0ad1d_2.tar.bz2#aa798d50ffd182a0f6f31478c7f434f6
https://conda.anaconda.org/conda-forge/noarch/pyparsing-2.4.7-pyh9f0ad1d_0.tar.bz2#626c4f20d5bf06dcec9cf2eaa31725c7
https://conda.anaconda.org/conda-forge/linux-64/python_abi-3.9-2_cp39.tar.bz2#39adde4247484de2bb4000122fdcf665
https://conda.anaconda.org/conda-forge/noarch/pytz-2021.1-pyhd8ed1ab_0.tar.bz2#3af2e9424d5eb0063824a3f9b850d411
https://conda.anaconda.org/conda-forge/noarch/six-1.16.0-pyh6c4a22f_0.tar.bz2#e5f25f8dbc060e9a8d912e432202afc2
https://conda.anaconda.org/conda-forge/noarch/soupsieve-2.0.1-py_1.tar.bz2#aa1db70848c19bace567ba39a157f508
https://conda.anaconda.org/conda-forge/noarch/toml-0.10.2-pyhd8ed1ab_0.tar.bz2#f832c45a477c78bebd107098db465095
https://conda.anaconda.org/conda-forge/noarch/types-pytz-2021.1.2-pyhd8ed1ab_0.tar.bz2#ccb20c4700059cb6fc97d84503ed0ec0
https://conda.anaconda.org/conda-forge/noarch/types-requests-2.25.9-pyhd8ed1ab_0.tar.bz2#1f9156d1e5923188d73faae03231c28a
https://conda.anaconda.org/conda-forge/noarch/typing_extensions-3.10.0.2-pyha770c72_0.tar.bz2#85dfd487a244bbe2cf7019ce8a39b5bc
https://conda.anaconda.org/conda-forge/noarch/wheel-0.37.0-pyhd8ed1ab_1.tar.bz2#3aa2c3e25dd361b453d010388b9cdff1
https://conda.anaconda.org/conda-forge/noarch/zipp-3.5.0-pyhd8ed1ab_0.tar.bz2#f9dd05a5ed6b81c91f097e3739107a74
https://conda.anaconda.org/conda-forge/noarch/beautifulsoup4-4.10.0-pyha770c72_0.tar.bz2#c29e0b4a2ff546cedbe6dc2921948a1d
https://conda.anaconda.org/conda-forge/linux-64/certifi-2021.5.30-py39hf3d152e_0.tar.bz2#7bbfaa3b8363bf8505d7f65e4e2e8a90
https://conda.anaconda.org/conda-forge/linux-64/cffi-1.14.6-py39he32792d_0.tar.bz2#826d864bbf3d58d730a49557d9c29b80
https://conda.anaconda.org/conda-forge/linux-64/chardet-4.0.0-py39hf3d152e_1.tar.bz2#d0da429a3428ffcacaad25595b96a648
https://conda.anaconda.org/conda-forge/linux-64/coverage-5.5-py39h3811e60_0.tar.bz2#bcdadca13080d0210f405d82e66452a3
https://conda.anaconda.org/conda-forge/noarch/cycler-0.10.0-py_2.tar.bz2#f6d7c7e6d8f42cbbec7e07a8d879f91c
https://conda.anaconda.org/conda-forge/linux-64/importlib-metadata-4.8.1-py39hf3d152e_0.tar.bz2#3223ee559a24f841abc9826de097a7f9
https://conda.anaconda.org/conda-forge/linux-64/kiwisolver-1.3.2-py39h1a9c180_0.tar.bz2#7e33fd9028b22d14f299e610aa96779d
https://conda.anaconda.org/conda-forge/linux-64/librdkafka-1.6.1-hc49e61c_1.tar.bz2#5a35c6721f2c2156e4277cb03b1d62b7
https://conda.anaconda.org/conda-forge/linux-64/mypy_extensions-0.4.3-py39hf3d152e_3.tar.bz2#fcab473c122479c0a4b1a14f716b7f1d
https://conda.anaconda.org/conda-forge/linux-64/numpy-1.21.2-py39hdbf815f_0.tar.bz2#f65104b4a1006c61037e6a7a6aa0b72f
https://conda.anaconda.org/conda-forge/noarch/packaging-21.0-pyhd8ed1ab_0.tar.bz2#45cfb8e482b5cce8f07c87e0e19a592c
https://conda.anaconda.org/conda-forge/linux-64/pillow-8.3.2-py39ha612740_0.tar.bz2#e1e676b09fe9e9ad5e88335eca545443
https://conda.anaconda.org/conda-forge/linux-64/pluggy-1.0.0-py39hf3d152e_1.tar.bz2#14d9841784e4810d7e031cfe5bd49983
https://conda.anaconda.org/conda-forge/linux-64/psutil-5.8.0-py39h3811e60_1.tar.bz2#29cb4c7769cc2a6e86cc13615e9b4a15
https://conda.anaconda.org/conda-forge/linux-64/pysocks-1.7.1-py39hf3d152e_3.tar.bz2#f7e7fdc66f2362bebc407f1ab7d10f63
https://conda.anaconda.org/conda-forge/noarch/python-dateutil-2.8.2-pyhd8ed1ab_0.tar.bz2#dd999d1cc9f79e67dbb855c8924c7984
https://conda.anaconda.org/conda-forge/linux-64/setuptools-58.0.4-py39hf3d152e_2.tar.bz2#a21e57cb2aed6171a0bb8523f140772a
https://conda.anaconda.org/conda-forge/linux-64/tornado-6.1-py39h3811e60_1.tar.bz2#763597c8b91b69789ab0f6002439c32b
https://conda.anaconda.org/conda-forge/linux-64/brotlipy-0.7.0-py39h3811e60_1001.tar.bz2#35ad78e61aec955783acfd00f3c6bcde
https://conda.anaconda.org/conda-forge/linux-64/cryptography-3.4.7-py39hbca0aa6_0.tar.bz2#04e97f7d5c60f75a36b1e4bdf3652ebd
https://conda.anaconda.org/conda-forge/linux-64/extinction-0.4.6-py39hce5d2b2_0.tar.bz2#295f5366ac52919105b7113288220fee
https://conda.anaconda.org/conda-forge/linux-64/iminuit-2.8.3-py39he80948d_1.tar.bz2#dbda33295c8dc4c1f0743a08dc154229
https://conda.anaconda.org/conda-forge/linux-64/matplotlib-base-3.4.3-py39h2fa2bec_1.tar.bz2#17559929ff13c2a2be1618c1d657191b
https://conda.anaconda.org/conda-forge/linux-64/mypy-0.910-py39h3811e60_0.tar.bz2#1deb2b34f0d4111cd507b4f44c1a6b76
https://conda.anaconda.org/conda-forge/linux-64/pandas-1.3.3-py39hde0f152_0.tar.bz2#2803e6624133c71cd0126c592f0f1a90
https://conda.anaconda.org/conda-forge/noarch/pip-21.2.4-pyhd8ed1ab_0.tar.bz2#4104ada314dd5639ea36cc12bce0a2cd
https://conda.anaconda.org/conda-forge/linux-64/pyerfa-2.0.0-py39hce5d2b2_0.tar.bz2#15c60b3e57280a12395cff79cece68e7
https://conda.anaconda.org/conda-forge/linux-64/pytest-6.2.5-py39hf3d152e_0.tar.bz2#9a9bf0e5289cb252f8ff7bea74b704f6
https://conda.anaconda.org/conda-forge/linux-64/python-confluent-kafka-1.5.0-py39h3811e60_1.tar.bz2#a49835395a2e0bf69a526b35b2f35225
https://conda.anaconda.org/conda-forge/linux-64/scipy-1.7.1-py39hee8e79c_0.tar.bz2#ad828d8a09ce2e3820b3fce0a3ac85ed
https://conda.anaconda.org/conda-forge/linux-64/astropy-4.3.1-py39hce5d2b2_1.tar.bz2#51a64869f411a6f9680a1307c77afdc1
https://conda.anaconda.org/conda-forge/noarch/pyopenssl-20.0.1-pyhd8ed1ab_0.tar.bz2#92371c25994d0f5d28a01c1fb75ebf86
https://conda.anaconda.org/conda-forge/noarch/pytest-cov-2.12.1-pyhd8ed1ab_0.tar.bz2#806b9d494058d0ec2dfd76607d1c33f4
https://conda.anaconda.org/conda-forge/noarch/pytest-mock-3.6.1-pyhd8ed1ab_0.tar.bz2#95d022e1556adb78274d59bdf0939608
https://conda.anaconda.org/conda-forge/linux-64/sncosmo-2.5.0-py39hce5d2b2_0.tar.bz2#125f8dcc0d5c44622be760eddc9ccda0
https://conda.anaconda.org/conda-forge/noarch/urllib3-1.26.7-pyhd8ed1ab_0.tar.bz2#be75bab4820a56f77ba1a3fc9139c36a
https://conda.anaconda.org/conda-forge/noarch/requests-2.26.0-pyhd8ed1ab_0.tar.bz2#0ed2ccbde6db9dd5789068eb7194463f
# pip multidict @ https://files.pythonhosted.org/packages/20/ac/ed5b78f2fb5420882cff10fddccd9c2d1edda2ac155ada2fe21dc15d48d3/multidict-5.1.0-cp39-cp39-manylinux2014_x86_64.whl \
# pip      --hash=sha256:ecc771ab628ea281517e24fd2c52e8f31c41e66652d07599ad8818abaad38cda
# pip async-timeout @ https://files.pythonhosted.org/packages/e1/1e/5a4441be21b0726c4464f3f23c8b19628372f606755a9d2e46c187e65ec4/async_timeout-3.0.1-py3-none-any.whl \
# pip      --hash=sha256:4291ca197d287d274d0b6cb5d6f8f8f82d434ed288f962539ff18cc9012f9ea3
# pip yarl @ https://files.pythonhosted.org/packages/34/49/16107b7f6dc647d356ffe9c8a17cbe61267447d1893a05f1edeaf50034fa/yarl-1.6.3-cp39-cp39-manylinux2014_x86_64.whl \
# pip      --hash=sha256:73494d5b71099ae8cb8754f1df131c11d433b387efab7b51849e7e1e851f07a4
# pip aiohttp @ https://files.pythonhosted.org/packages/34/40/2b3295eb6f66209d1b2ad6ef34ebdf1cb1675c62f8697a8fe7c4f11d2838/aiohttp-3.7.4.post0-cp39-cp39-manylinux2014_x86_64.whl \
# pip      --hash=sha256:17c073de315745a1510393a96e680d20af8e67e324f70b42accbd4cb3315c9fb
# pip argcomplete @ https://files.pythonhosted.org/packages/b7/9e/9dc74d330c07866d72f62d553fe8bdbe32786ff247a14e68b5659963e6bd/argcomplete-1.12.3-py2.py3-none-any.whl \
# pip      --hash=sha256:291f0beca7fd49ce285d2f10e4c1c77e9460cf823eef2de54df0c0fec88b0d81
# pip pycryptodome @ https://files.pythonhosted.org/packages/f8/8e/14a8238190bcf1bab3d58432cd795c859edbc2f5abd8460f80438046a799/pycryptodome-3.10.4.tar.gz \
# pip      --hash=sha256:40083b0d7f277452c7f2dd4841801f058cc12a74c219ee4110d65774c6a58bef
# pip pydantic @ https://files.pythonhosted.org/packages/d8/a3/b03397aca3de5aa7e1353c2bd2c9753c7a7ce5e001b3a5b2da98c6bdde13/pydantic-1.8.2-cp39-cp39-manylinux2014_x86_64.whl \
# pip      --hash=sha256:54cd5121383f4a461ff7644c7ca20c0419d58052db70d8791eacbbe31528916b
# pip pymongo @ https://files.pythonhosted.org/packages/67/8a/3fa2090762a48a5f3544d188db456b93e23a16d177cf18434de9a246f216/pymongo-3.12.0-cp39-cp39-manylinux_2_17_x86_64.manylinux2014_x86_64.whl \
# pip      --hash=sha256:19d4bd0fc29aa405bb1781456c9cfff9fceabb68543741eb17234952dbc2bbb0
# pip pyyaml @ https://files.pythonhosted.org/packages/a0/a4/d63f2d7597e1a4b55aa3b4d6c5b029991d3b824b5bd331af8d4ab1ed687d/PyYAML-5.4.1.tar.gz \
# pip      --hash=sha256:607774cbba28732bfa802b54baa7484215f530991055bb562efbed5b2f20a45e
# pip xmltodict @ https://files.pythonhosted.org/packages/28/fd/30d5c1d3ac29ce229f6bdc40bbc20b28f716e8b363140c26eff19122d8a5/xmltodict-0.12.0-py2.py3-none-any.whl \
# pip      --hash=sha256:8bbcb45cc982f48b2ca8fe7e7827c5d792f217ecf1792626f808bf41c3b86051
# pip ampel-interface @ https://files.pythonhosted.org/packages/97/72/18a41fef38676a6fd9566087c5b88106a93fc542e12cff61873a898d30e3/ampel_interface-0.8.0a11-py3-none-any.whl \
# pip      --hash=sha256:8ff40fcca895fb4b9204d6bd31538f2a0ba48d0cc54fdd417ec81d9a6eca0e31
# pip jeepney @ https://files.pythonhosted.org/packages/14/b8/bb3e34d71472140f9bfdf5d77cd063e2cc964b72b1bb0b70fe3c1e7db932/jeepney-0.7.1-py3-none-any.whl \
# pip      --hash=sha256:1b5a0ea5c0e7b166b2f5895b91a08c14de8915afda4407fb5022a195224958ac
# pip prometheus-client @ https://files.pythonhosted.org/packages/09/da/4e8471ff825769581593b5b84769d32f58e5373b59fccaf355d3529ad530/prometheus_client-0.11.0-py2.py3-none-any.whl \
# pip      --hash=sha256:b014bc76815eb1399da8ce5fc84b7717a3e63652b0c0f8804092c9363acab1b2
# pip schedule @ https://files.pythonhosted.org/packages/eb/3b/040bd180eaef427dd160562ee66adc9f4f67088185c272edcdb899c609c7/schedule-1.1.0-py2.py3-none-any.whl \
# pip      --hash=sha256:617adce8b4bf38c360b781297d59918fbebfb2878f1671d189f4f4af5d0567a4
# pip sjcl @ https://files.pythonhosted.org/packages/16/70/68ec8c51690e450f878a22adea5e10c5e554cf6fa952de2240f1f5a4d484/sjcl-0.2.1.tar.gz \
# pip      --hash=sha256:3761ba01f9f049eaa2f67516054b7bfb2e27fe8bc7c9c630da7168fba58f0c57
# pip slackclient @ https://files.pythonhosted.org/packages/ed/27/de9ce989d0964518152e1a164b08971c77a173b051a153e50220f1a963d9/slackclient-2.9.3-py2.py3-none-any.whl \
# pip      --hash=sha256:2d68d668c02f4038299897e5c4723ab85dd40a3548354924b24f333a435856f8
# pip ujson @ https://files.pythonhosted.org/packages/6e/36/0d6b6e23fa65af8829f871edceb4791d671c3e584ce013ceee42df988933/ujson-4.2.0-cp39-cp39-manylinux_2_17_x86_64.manylinux2014_x86_64.whl \
# pip      --hash=sha256:6182898d7031d083017f9be47c6d57f9c2155d9f4391b77ed6c020cab8e5a471
# pip webencodings @ https://files.pythonhosted.org/packages/f4/24/2a3e3df732393fed8b3ebf2ec078f05546de641fe1b667ee316ec1dcf3b7/webencodings-0.5.1-py2.py3-none-any.whl \
# pip      --hash=sha256:a0af1213f3c2226497a97e2b3aa01a7e4bee4f403f95be16fc9acd2947514a78
# pip xxhash @ https://files.pythonhosted.org/packages/d6/1d/c06f2eeb658d6f6c2b463334c0e7c3feb761d5d9b207de6017945b2e4744/xxhash-2.0.2.tar.gz \
# pip      --hash=sha256:b7bead8cf6210eadf9cecf356e17af794f57c0939a3d420a00d87ea652f87b49
# pip yq @ https://files.pythonhosted.org/packages/97/0a/b5a11f52ac794fbf800e05b6268283e6aea412a3faa5ae95e67eb29ea5e0/yq-2.12.2-py2.py3-none-any.whl \
# pip      --hash=sha256:9fdf4487a6dbf985ca1d357ec93f926d982813e8e896e8892bae95162b6defe3
# pip ampel-core @ https://files.pythonhosted.org/packages/46/a8/027312991eb7146740c5f93825bc44f97b43d6c63366d506768a6a07d47e/ampel_core-0.8.0a10-py3-none-any.whl \
# pip      --hash=sha256:d5dce6ddfabf00c57155c09c1a966cef5ae9daa6a947beb2a3e564f1837ea5cd
# pip mimeparse @ https://files.pythonhosted.org/packages/38/0c/7b02c30765658744acc51876781c580234cb1110296b231a3a524722f9c7/mimeparse-0.1.3.tar.gz \
# pip      --hash=sha256:534ff6feefe1cd03984f444e6415aacc79c0a85f3b868ec41a2fd5003004c31e
# pip pywin32-ctypes @ https://files.pythonhosted.org/packages/9e/4b/3ab2720f1fa4b4bc924ef1932b842edf10007e4547ea8157b0b9fc78599a/pywin32_ctypes-0.2.0-py2.py3-none-any.whl \
# pip      --hash=sha256:9dc2d991b3479cc2df15930958b674a48a227d5361d413827a4cfd0b5876fc98
# pip secretstorage @ https://files.pythonhosted.org/packages/d9/1e/29cd69fdac7391aa51510dfd42aa70b4e6a826c8cd019ee2a8ab9ec0777f/SecretStorage-3.3.1-py3-none-any.whl \
# pip      --hash=sha256:422d82c36172d88d6a0ed5afdec956514b189ddbfb72fefab0c8a1cee4eaf71f
# pip tinycss2 @ https://files.pythonhosted.org/packages/65/f7/63bf697a7c7257d304269b49f1be3dfe429856889e93963d6f5790d77d82/tinycss2-1.1.0-py3-none-any.whl \
# pip      --hash=sha256:0353b5234bcaee7b1ac7ca3dea7e02cd338a9f8dcbb8f2dcd32a5795ec1e5f9a
# pip ampel-photometry @ https://files.pythonhosted.org/packages/13/73/7bd2bd3db835246c3fbba50ec80d170af88883534403a11d6d43bb97bb3f/ampel_photometry-0.8.0a1-py3-none-any.whl \
# pip      --hash=sha256:8a89a2a4ced28f10b06f50f365c9e37370e73981157e526691e8716043d9df95
# pip cairocffi @ https://files.pythonhosted.org/packages/84/ca/0bffed5116d21251469df200448667e90acaa5131edea869b44a3fbc73d0/cairocffi-1.2.0.tar.gz \
# pip      --hash=sha256:9a979b500c64c8179fec286f337e8fe644eca2f2cd05860ce0b62d25f22ea140
# pip cssselect2 @ https://files.pythonhosted.org/packages/99/da/c86ec74495c69518720652f8aa8ab642d8af61a2098eede9db8b03d3c8b4/cssselect2-0.4.1-py3-none-any.whl \
# pip      --hash=sha256:2f4a9f20965367bae459e3bb42561f7927e0cfe5b7ea1692757cf67ef5d7dace
# pip defusedxml @ https://files.pythonhosted.org/packages/07/6c/aa3f2f849e01cb6a001cd8554a88d4c77c5c1a31c95bdf1cf9301e6d9ef4/defusedxml-0.7.1-py2.py3-none-any.whl \
# pip      --hash=sha256:a352e7e428770286cc899e2542b6cdaedb2b4953ff269a210103ec58f6198a61
# pip html5lib @ https://files.pythonhosted.org/packages/6c/dd/a834df6482147d48e225a49515aabc28974ad5a4ca3215c18a882565b028/html5lib-1.1-py2.py3-none-any.whl \
# pip      --hash=sha256:0d78f8fde1c230e99fe37986a60526d7049ed4bf8a9fadbad5f00e22e58e041d
# pip keyring @ https://files.pythonhosted.org/packages/58/b7/cc5a5321a6119e23ee85745ba204a67d646835e8882ba36eece32ee2b4e1/keyring-23.2.1-py3-none-any.whl \
# pip      --hash=sha256:bd2145a237ed70c8ce72978b497619ddfcae640b6dcf494402d5143e37755c6e
# pip lxml @ https://files.pythonhosted.org/packages/19/d9/a69c6aff5673554df48120565a14a50eaa41d29ae03b02faa0b023666318/lxml-4.6.3-cp39-cp39-manylinux2014_x86_64.whl \
# pip      --hash=sha256:6f12e1427285008fd32a6025e38e977d44d6382cf28e7201ed10d6c1698d2a9a
# pip pyvo @ https://files.pythonhosted.org/packages/cf/8d/cdef5613bb450495d6fbef2e0408062f2d11f078b045987718936498204b/pyvo-1.1-py3-none-any.whl \
# pip      --hash=sha256:a7a9b4f93b62d23e3d82837aa95877d8dd05e58b31078e08650fd4fa38972491
# pip ampel-alerts @ https://files.pythonhosted.org/packages/11/3d/6c6a4fdf9ebe74771094cb4ebc68213ab769c6d76b9d90df4637c229bc68/ampel_alerts-0.8.0a3-py3-none-any.whl \
# pip      --hash=sha256:0b676c7845276a135c6116a6bf40088677fe7d32f0fc226b0bb165df1e2299f0
# pip astroquery @ https://files.pythonhosted.org/packages/9b/4a/20f41828567290d2668dddc4819c3063ae18cff385deb5a88ffdd570e445/astroquery-0.4.3-py3-none-any.whl \
# pip      --hash=sha256:31fb96f6fa122384f12c3088cb9b62e2e2489d062f96de3cf3cf5939ffd9b99a
# pip cairosvg @ https://files.pythonhosted.org/packages/01/42/0e6584a0c564201ac3004dd41240bbbdb12c8343f414a559f9161b0859fb/CairoSVG-2.5.2-py3-none-any.whl \
# pip      --hash=sha256:98c276b7e4f0caf01e5c7176765c104ffa1aa1461d63b2053b04ab663cf7052b
# pip fastavro @ https://files.pythonhosted.org/packages/02/38/a6f70656f1366989a7a3afe63b7567f2ca63a90f2f255311050da6e2d59c/fastavro-1.4.5-cp39-cp39-manylinux_2_17_x86_64.manylinux2014_x86_64.whl \
# pip      --hash=sha256:fafe37983605ed74a5ca8063951f6d5984ad871e0ff895f14afa81a6d88c316e
# pip nest-asyncio @ https://files.pythonhosted.org/packages/52/e2/9b37da54e6e9094d2f558ae643d1954a0fa8215dfee4fa261f31c5439796/nest_asyncio-1.5.1-py3-none-any.whl \
# pip      --hash=sha256:76d6e972265063fe92a90b9cc4fb82616e07d586b346ed9d2c89a4187acea39c
# pip requests-toolbelt @ https://files.pythonhosted.org/packages/60/ef/7681134338fc097acef8d9b2f8abe0458e4d87559c689a8c306d0957ece5/requests_toolbelt-0.9.1-py2.py3-none-any.whl \
# pip      --hash=sha256:380606e1d10dc85c3bd47bf5a6095f815ec007be7a8b69c878507068df059e6f
# pip svgutils @ https://files.pythonhosted.org/packages/bd/c7/0b32030d2250dd6d2ce3d408fad678825a3c0711e6ee7b32235dff237e1d/svgutils-0.3.0-py2.py3-none-any.whl \
# pip      --hash=sha256:802d749b58a623ca11d62ff137494426db8569a36f2181a5b7dcffe37e77d6e5
# pip ampel-plots @ https://files.pythonhosted.org/packages/d5/31/d4fe8626715ad7403a18798e8685feea905ef9bb91613a1aefc88121d0a4/ampel_plots-0.8.0a0-py3-none-any.whl \
# pip      --hash=sha256:a95481756fac898bb5c9d529e4399555001c149bf21a3902d33ca9753b4dc9b4
# pip ampel-ztf @ https://files.pythonhosted.org/packages/55/f2/2bc9c6865701d08050cf86eb3b1ae6fee294324616c7acbd3c77ec2dea7b/ampel_ztf-0.8.0a5-py3-none-any.whl \
# pip      --hash=sha256:be8f39b05562a543033b9be662435c2fa8f5fa387b78c73b86e5deee6baeba97
# pip pymage @ https://github.com/MickaelRigault/pymage/archive/v1.0.tar.gz \
# pip      --hash=sha256:11e99c4ea06b76ca7fb5b42d1d35d64139a4fa6f7f163a2f0f9cc3ea0b3c55eb
